// !$*UTF8*$!
{
	archiveVersion = 1;
	classes = {
	};
	objectVersion = 56;
	objects = {

/* Begin PBXBuildFile section */
		29640C41FC2C49342A1B32E1 /* Pods_SkeletonViewDemo.framework in Frameworks */ = {isa = PBXBuildFile; fileRef = B6B90E09C2C63DDC4B25DA73 /* Pods_SkeletonViewDemo.framework */; };
		D76503BE2D2E22E50032613A /* AppDelegate.swift in Sources */ = {isa = PBXBuildFile; fileRef = D76503BD2D2E22E50032613A /* AppDelegate.swift */; };
		D76503C02D2E22E50032613A /* SceneDelegate.swift in Sources */ = {isa = PBXBuildFile; fileRef = D76503BF2D2E22E50032613A /* SceneDelegate.swift */; };
		D76503C22D2E22E50032613A /* ViewController.swift in Sources */ = {isa = PBXBuildFile; fileRef = D76503C12D2E22E50032613A /* ViewController.swift */; };
		D76503C52D2E22E50032613A /* Base in Resources */ = {isa = PBXBuildFile; fileRef = D76503C42D2E22E50032613A /* Base */; };
		D76503C72D2E22E60032613A /* Assets.xcassets in Resources */ = {isa = PBXBuildFile; fileRef = D76503C62D2E22E60032613A /* Assets.xcassets */; };
		D76503CA2D2E22E60032613A /* Base in Resources */ = {isa = PBXBuildFile; fileRef = D76503C92D2E22E60032613A /* Base */; };
		D76503D22D2E25F50032613A /* SKTableViewCell.swift in Sources */ = {isa = PBXBuildFile; fileRef = D76503D12D2E25F50032613A /* SKTableViewCell.swift */; };
		D76503D42D2E27610032613A /* DogViewModel.swift in Sources */ = {isa = PBXBuildFile; fileRef = D76503D32D2E27610032613A /* DogViewModel.swift */; };
		D76503D62D2E27650032613A /* DogModel.swift in Sources */ = {isa = PBXBuildFile; fileRef = D76503D52D2E27650032613A /* DogModel.swift */; };
/* End PBXBuildFile section */

/* Begin PBXFileReference section */
		0B6B77358BD6B3302D7B7985 /* Pods-SkeletonViewDemo.debug.xcconfig */ = {isa = PBXFileReference; includeInIndex = 1; lastKnownFileType = text.xcconfig; name = "Pods-SkeletonViewDemo.debug.xcconfig"; path = "Target Support Files/Pods-SkeletonViewDemo/Pods-SkeletonViewDemo.debug.xcconfig"; sourceTree = "<group>"; };
		25D02FF5AFBC1FE077881090 /* Pods-SkeletonViewDemo.release.xcconfig */ = {isa = PBXFileReference; includeInIndex = 1; lastKnownFileType = text.xcconfig; name = "Pods-SkeletonViewDemo.release.xcconfig"; path = "Target Support Files/Pods-SkeletonViewDemo/Pods-SkeletonViewDemo.release.xcconfig"; sourceTree = "<group>"; };
		B6B90E09C2C63DDC4B25DA73 /* Pods_SkeletonViewDemo.framework */ = {isa = PBXFileReference; explicitFileType = wrapper.framework; includeInIndex = 0; path = Pods_SkeletonViewDemo.framework; sourceTree = BUILT_PRODUCTS_DIR; };
		D76503BA2D2E22E50032613A /* SkeletonViewDemo.app */ = {isa = PBXFileReference; explicitFileType = wrapper.application; includeInIndex = 0; path = SkeletonViewDemo.app; sourceTree = BUILT_PRODUCTS_DIR; };
		D76503BD2D2E22E50032613A /* AppDelegate.swift */ = {isa = PBXFileReference; lastKnownFileType = sourcecode.swift; path = AppDelegate.swift; sourceTree = "<group>"; };
		D76503BF2D2E22E50032613A /* SceneDelegate.swift */ = {isa = PBXFileReference; lastKnownFileType = sourcecode.swift; path = SceneDelegate.swift; sourceTree = "<group>"; };
		D76503C12D2E22E50032613A /* ViewController.swift */ = {isa = PBXFileReference; lastKnownFileType = sourcecode.swift; path = ViewController.swift; sourceTree = "<group>"; };
		D76503C42D2E22E50032613A /* Base */ = {isa = PBXFileReference; lastKnownFileType = file.storyboard; name = Base; path = Base.lproj/Main.storyboard; sourceTree = "<group>"; };
		D76503C62D2E22E60032613A /* Assets.xcassets */ = {isa = PBXFileReference; lastKnownFileType = folder.assetcatalog; path = Assets.xcassets; sourceTree = "<group>"; };
		D76503C92D2E22E60032613A /* Base */ = {isa = PBXFileReference; lastKnownFileType = file.storyboard; name = Base; path = Base.lproj/LaunchScreen.storyboard; sourceTree = "<group>"; };
		D76503CB2D2E22E60032613A /* Info.plist */ = {isa = PBXFileReference; lastKnownFileType = text.plist.xml; path = Info.plist; sourceTree = "<group>"; };
		D76503D12D2E25F50032613A /* SKTableViewCell.swift */ = {isa = PBXFileReference; lastKnownFileType = sourcecode.swift; path = SKTableViewCell.swift; sourceTree = "<group>"; };
		D76503D32D2E27610032613A /* DogViewModel.swift */ = {isa = PBXFileReference; lastKnownFileType = sourcecode.swift; path = DogViewModel.swift; sourceTree = "<group>"; };
		D76503D52D2E27650032613A /* DogModel.swift */ = {isa = PBXFileReference; lastKnownFileType = sourcecode.swift; path = DogModel.swift; sourceTree = "<group>"; };
/* End PBXFileReference section */

/* Begin PBXFrameworksBuildPhase section */
		D76503B72D2E22E50032613A /* Frameworks */ = {
			isa = PBXFrameworksBuildPhase;
			buildActionMask = 2147483647;
			files = (
				29640C41FC2C49342A1B32E1 /* Pods_SkeletonViewDemo.framework in Frameworks */,
			);
			runOnlyForDeploymentPostprocessing = 0;
		};
/* End PBXFrameworksBuildPhase section */

/* Begin PBXGroup section */
		19C7BE7BD61CB7F3A4DCA146 /* Frameworks */ = {
			isa = PBXGroup;
			children = (
				B6B90E09C2C63DDC4B25DA73 /* Pods_SkeletonViewDemo.framework */,
			);
			name = Frameworks;
			sourceTree = "<group>";
		};
		B185271217E7D2B57F425967 /* Pods */ = {
			isa = PBXGroup;
			children = (
				0B6B77358BD6B3302D7B7985 /* Pods-SkeletonViewDemo.debug.xcconfig */,
				25D02FF5AFBC1FE077881090 /* Pods-SkeletonViewDemo.release.xcconfig */,
			);
			path = Pods;
			sourceTree = "<group>";
		};
		D76503B12D2E22E50032613A = {
			isa = PBXGroup;
			children = (
				D76503BC2D2E22E50032613A /* SkeletonViewDemo */,
				D76503BB2D2E22E50032613A /* Products */,
				B185271217E7D2B57F425967 /* Pods */,
				19C7BE7BD61CB7F3A4DCA146 /* Frameworks */,
			);
			sourceTree = "<group>";
		};
		D76503BB2D2E22E50032613A /* Products */ = {
			isa = PBXGroup;
			children = (
				D76503BA2D2E22E50032613A /* SkeletonViewDemo.app */,
			);
			name = Products;
			sourceTree = "<group>";
		};
		D76503BC2D2E22E50032613A /* SkeletonViewDemo */ = {
			isa = PBXGroup;
			children = (
				D76503BD2D2E22E50032613A /* AppDelegate.swift */,
				D76503BF2D2E22E50032613A /* SceneDelegate.swift */,
				D76503D32D2E27610032613A /* DogViewModel.swift */,
				D76503D52D2E27650032613A /* DogModel.swift */,
				D76503C12D2E22E50032613A /* ViewController.swift */,
				D76503D12D2E25F50032613A /* SKTableViewCell.swift */,
				D76503C32D2E22E50032613A /* Main.storyboard */,
				D76503C62D2E22E60032613A /* Assets.xcassets */,
				D76503C82D2E22E60032613A /* LaunchScreen.storyboard */,
				D76503CB2D2E22E60032613A /* Info.plist */,
			);
			path = SkeletonViewDemo;
			sourceTree = "<group>";
		};
/* End PBXGroup section */

/* Begin PBXNativeTarget section */
		D76503B92D2E22E50032613A /* SkeletonViewDemo */ = {
			isa = PBXNativeTarget;
			buildConfigurationList = D76503CE2D2E22E60032613A /* Build configuration list for PBXNativeTarget "SkeletonViewDemo" */;
			buildPhases = (
				ACBD849677FE45CF60646D69 /* [CP] Check Pods Manifest.lock */,
				D76503B62D2E22E50032613A /* Sources */,
				D76503B72D2E22E50032613A /* Frameworks */,
				D76503B82D2E22E50032613A /* Resources */,
				0CF8BF4BFD03499B1FD26109 /* [CP] Embed Pods Frameworks */,
			);
			buildRules = (
			);
			dependencies = (
			);
			name = SkeletonViewDemo;
			productName = SkeletonViewDemo;
			productReference = D76503BA2D2E22E50032613A /* SkeletonViewDemo.app */;
			productType = "com.apple.product-type.application";
		};
/* End PBXNativeTarget section */

/* Begin PBXProject section */
		D76503B22D2E22E50032613A /* Project object */ = {
			isa = PBXProject;
			attributes = {
				BuildIndependentTargetsInParallel = 1;
				LastSwiftUpdateCheck = 1540;
				LastUpgradeCheck = 1540;
				TargetAttributes = {
					D76503B92D2E22E50032613A = {
						CreatedOnToolsVersion = 15.4;
					};
				};
			};
			buildConfigurationList = D76503B52D2E22E50032613A /* Build configuration list for PBXProject "SkeletonViewDemo" */;
			compatibilityVersion = "Xcode 14.0";
			developmentRegion = en;
			hasScannedForEncodings = 0;
			knownRegions = (
				en,
				Base,
			);
			mainGroup = D76503B12D2E22E50032613A;
			productRefGroup = D76503BB2D2E22E50032613A /* Products */;
			projectDirPath = "";
			projectRoot = "";
			targets = (
				D76503B92D2E22E50032613A /* SkeletonViewDemo */,
			);
		};
/* End PBXProject section */

/* Begin PBXResourcesBuildPhase section */
		D76503B82D2E22E50032613A /* Resources */ = {
			isa = PBXResourcesBuildPhase;
			buildActionMask = 2147483647;
			files = (
				D76503C72D2E22E60032613A /* Assets.xcassets in Resources */,
				D76503CA2D2E22E60032613A /* Base in Resources */,
				D76503C52D2E22E50032613A /* Base in Resources */,
			);
			runOnlyForDeploymentPostprocessing = 0;
		};
/* End PBXResourcesBuildPhase section */

/* Begin PBXShellScriptBuildPhase section */
		0CF8BF4BFD03499B1FD26109 /* [CP] Embed Pods Frameworks */ = {
			isa = PBXShellScriptBuildPhase;
			buildActionMask = 2147483647;
			files = (
			);
			inputFileListPaths = (
				"${PODS_ROOT}/Target Support Files/Pods-SkeletonViewDemo/Pods-SkeletonViewDemo-frameworks-${CONFIGURATION}-input-files.xcfilelist",
			);
			name = "[CP] Embed Pods Frameworks";
			outputFileListPaths = (
				"${PODS_ROOT}/Target Support Files/Pods-SkeletonViewDemo/Pods-SkeletonViewDemo-frameworks-${CONFIGURATION}-output-files.xcfilelist",
			);
			runOnlyForDeploymentPostprocessing = 0;
			shellPath = /bin/sh;
			shellScript = "\"${PODS_ROOT}/Target Support Files/Pods-SkeletonViewDemo/Pods-SkeletonViewDemo-frameworks.sh\"\n";
			showEnvVarsInLog = 0;
		};
		ACBD849677FE45CF60646D69 /* [CP] Check Pods Manifest.lock */ = {
			isa = PBXShellScriptBuildPhase;
			buildActionMask = 2147483647;
			files = (
			);
			inputFileListPaths = (
			);
			inputPaths = (
				"${PODS_PODFILE_DIR_PATH}/Podfile.lock",
				"${PODS_ROOT}/Manifest.lock",
			);
			name = "[CP] Check Pods Manifest.lock";
			outputFileListPaths = (
			);
			outputPaths = (
				"$(DERIVED_FILE_DIR)/Pods-SkeletonViewDemo-checkManifestLockResult.txt",
			);
			runOnlyForDeploymentPostprocessing = 0;
			shellPath = /bin/sh;
			shellScript = "diff \"${PODS_PODFILE_DIR_PATH}/Podfile.lock\" \"${PODS_ROOT}/Manifest.lock\" > /dev/null\nif [ $? != 0 ] ; then\n    # print error to STDERR\n    echo \"error: The sandbox is not in sync with the Podfile.lock. Run 'pod install' or update your CocoaPods installation.\" >&2\n    exit 1\nfi\n# This output is used by Xcode 'outputs' to avoid re-running this script phase.\necho \"SUCCESS\" > \"${SCRIPT_OUTPUT_FILE_0}\"\n";
			showEnvVarsInLog = 0;
		};
/* End PBXShellScriptBuildPhase section */

/* Begin PBXSourcesBuildPhase section */
		D76503B62D2E22E50032613A /* Sources */ = {
			isa = PBXSourcesBuildPhase;
			buildActionMask = 2147483647;
			files = (
				D76503C22D2E22E50032613A /* ViewController.swift in Sources */,
				D76503D22D2E25F50032613A /* SKTableViewCell.swift in Sources */,
				D76503D42D2E27610032613A /* DogViewModel.swift in Sources */,
				D76503BE2D2E22E50032613A /* AppDelegate.swift in Sources */,
				D76503D62D2E27650032613A /* DogModel.swift in Sources */,
				D76503C02D2E22E50032613A /* SceneDelegate.swift in Sources */,
			);
			runOnlyForDeploymentPostprocessing = 0;
		};
/* End PBXSourcesBuildPhase section */

/* Begin PBXVariantGroup section */
		D76503C32D2E22E50032613A /* Main.storyboard */ = {
			isa = PBXVariantGroup;
			children = (
				D76503C42D2E22E50032613A /* Base */,
			);
			name = Main.storyboard;
			sourceTree = "<group>";
		};
		D76503C82D2E22E60032613A /* LaunchScreen.storyboard */ = {
			isa = PBXVariantGroup;
			children = (
				D76503C92D2E22E60032613A /* Base */,
			);
			name = LaunchScreen.storyboard;
			sourceTree = "<group>";
		};
/* End PBXVariantGroup section */

/* Begin XCBuildConfiguration section */
		D76503CC2D2E22E60032613A /* Debug */ = {
			isa = XCBuildConfiguration;
			buildSettings = {
				ALWAYS_SEARCH_USER_PATHS = NO;
				ASSETCATALOG_COMPILER_GENERATE_SWIFT_ASSET_SYMBOL_EXTENSIONS = YES;
				CLANG_ANALYZER_NONNULL = YES;
				CLANG_ANALYZER_NUMBER_OBJECT_CONVERSION = YES_AGGRESSIVE;
				CLANG_CXX_LANGUAGE_STANDARD = "gnu++20";
				CLANG_ENABLE_MODULES = YES;
				CLANG_ENABLE_OBJC_ARC = YES;
				CLANG_ENABLE_OBJC_WEAK = YES;
				CLANG_WARN_BLOCK_CAPTURE_AUTORELEASING = YES;
				CLANG_WARN_BOOL_CONVERSION = YES;
				CLANG_WARN_COMMA = YES;
				CLANG_WARN_CONSTANT_CONVERSION = YES;
				CLANG_WARN_DEPRECATED_OBJC_IMPLEMENTATIONS = YES;
				CLANG_WARN_DIRECT_OBJC_ISA_USAGE = YES_ERROR;
				CLANG_WARN_DOCUMENTATION_COMMENTS = YES;
				CLANG_WARN_EMPTY_BODY = YES;
				CLANG_WARN_ENUM_CONVERSION = YES;
				CLANG_WARN_INFINITE_RECURSION = YES;
				CLANG_WARN_INT_CONVERSION = YES;
				CLANG_WARN_NON_LITERAL_NULL_CONVERSION = YES;
				CLANG_WARN_OBJC_IMPLICIT_RETAIN_SELF = YES;
				CLANG_WARN_OBJC_LITERAL_CONVERSION = YES;
				CLANG_WARN_OBJC_ROOT_CLASS = YES_ERROR;
				CLANG_WARN_QUOTED_INCLUDE_IN_FRAMEWORK_HEADER = YES;
				CLANG_WARN_RANGE_LOOP_ANALYSIS = YES;
				CLANG_WARN_STRICT_PROTOTYPES = YES;
				CLANG_WARN_SUSPICIOUS_MOVE = YES;
				CLANG_WARN_UNGUARDED_AVAILABILITY = YES_AGGRESSIVE;
				CLANG_WARN_UNREACHABLE_CODE = YES;
				CLANG_WARN__DUPLICATE_METHOD_MATCH = YES;
				COPY_PHASE_STRIP = NO;
				DEBUG_INFORMATION_FORMAT = dwarf;
				ENABLE_STRICT_OBJC_MSGSEND = YES;
				ENABLE_TESTABILITY = YES;
				ENABLE_USER_SCRIPT_SANDBOXING = YES;
				GCC_C_LANGUAGE_STANDARD = gnu17;
				GCC_DYNAMIC_NO_PIC = NO;
				GCC_NO_COMMON_BLOCKS = YES;
				GCC_OPTIMIZATION_LEVEL = 0;
				GCC_PREPROCESSOR_DEFINITIONS = (
					"DEBUG=1",
					"$(inherited)",
				);
				GCC_WARN_64_TO_32_BIT_CONVERSION = YES;
				GCC_WARN_ABOUT_RETURN_TYPE = YES_ERROR;
				GCC_WARN_UNDECLARED_SELECTOR = YES;
				GCC_WARN_UNINITIALIZED_AUTOS = YES_AGGRESSIVE;
				GCC_WARN_UNUSED_FUNCTION = YES;
				GCC_WARN_UNUSED_VARIABLE = YES;
				IPHONEOS_DEPLOYMENT_TARGET = 17.5;
				LOCALIZATION_PREFERS_STRING_CATALOGS = YES;
				MTL_ENABLE_DEBUG_INFO = INCLUDE_SOURCE;
				MTL_FAST_MATH = YES;
				ONLY_ACTIVE_ARCH = YES;
				SDKROOT = iphoneos;
				SWIFT_ACTIVE_COMPILATION_CONDITIONS = "DEBUG $(inherited)";
				SWIFT_OPTIMIZATION_LEVEL = "-Onone";
			};
			name = Debug;
		};
		D76503CD2D2E22E60032613A /* Release */ = {
			isa = XCBuildConfiguration;
			buildSettings = {
				ALWAYS_SEARCH_USER_PATHS = NO;
				ASSETCATALOG_COMPILER_GENERATE_SWIFT_ASSET_SYMBOL_EXTENSIONS = YES;
				CLANG_ANALYZER_NONNULL = YES;
				CLANG_ANALYZER_NUMBER_OBJECT_CONVERSION = YES_AGGRESSIVE;
				CLANG_CXX_LANGUAGE_STANDARD = "gnu++20";
				CLANG_ENABLE_MODULES = YES;
				CLANG_ENABLE_OBJC_ARC = YES;
				CLANG_ENABLE_OBJC_WEAK = YES;
				CLANG_WARN_BLOCK_CAPTURE_AUTORELEASING = YES;
				CLANG_WARN_BOOL_CONVERSION = YES;
				CLANG_WARN_COMMA = YES;
				CLANG_WARN_CONSTANT_CONVERSION = YES;
				CLANG_WARN_DEPRECATED_OBJC_IMPLEMENTATIONS = YES;
				CLANG_WARN_DIRECT_OBJC_ISA_USAGE = YES_ERROR;
				CLANG_WARN_DOCUMENTATION_COMMENTS = YES;
				CLANG_WARN_EMPTY_BODY = YES;
				CLANG_WARN_ENUM_CONVERSION = YES;
				CLANG_WARN_INFINITE_RECURSION = YES;
				CLANG_WARN_INT_CONVERSION = YES;
				CLANG_WARN_NON_LITERAL_NULL_CONVERSION = YES;
				CLANG_WARN_OBJC_IMPLICIT_RETAIN_SELF = YES;
				CLANG_WARN_OBJC_LITERAL_CONVERSION = YES;
				CLANG_WARN_OBJC_ROOT_CLASS = YES_ERROR;
				CLANG_WARN_QUOTED_INCLUDE_IN_FRAMEWORK_HEADER = YES;
				CLANG_WARN_RANGE_LOOP_ANALYSIS = YES;
				CLANG_WARN_STRICT_PROTOTYPES = YES;
				CLANG_WARN_SUSPICIOUS_MOVE = YES;
				CLANG_WARN_UNGUARDED_AVAILABILITY = YES_AGGRESSIVE;
				CLANG_WARN_UNREACHABLE_CODE = YES;
				CLANG_WARN__DUPLICATE_METHOD_MATCH = YES;
				COPY_PHASE_STRIP = NO;
				DEBUG_INFORMATION_FORMAT = "dwarf-with-dsym";
				ENABLE_NS_ASSERTIONS = NO;
				ENABLE_STRICT_OBJC_MSGSEND = YES;
				ENABLE_USER_SCRIPT_SANDBOXING = YES;
				GCC_C_LANGUAGE_STANDARD = gnu17;
				GCC_NO_COMMON_BLOCKS = YES;
				GCC_WARN_64_TO_32_BIT_CONVERSION = YES;
				GCC_WARN_ABOUT_RETURN_TYPE = YES_ERROR;
				GCC_WARN_UNDECLARED_SELECTOR = YES;
				GCC_WARN_UNINITIALIZED_AUTOS = YES_AGGRESSIVE;
				GCC_WARN_UNUSED_FUNCTION = YES;
				GCC_WARN_UNUSED_VARIABLE = YES;
				IPHONEOS_DEPLOYMENT_TARGET = 17.5;
				LOCALIZATION_PREFERS_STRING_CATALOGS = YES;
				MTL_ENABLE_DEBUG_INFO = NO;
				MTL_FAST_MATH = YES;
				SDKROOT = iphoneos;
				SWIFT_COMPILATION_MODE = wholemodule;
				VALIDATE_PRODUCT = YES;
			};
			name = Release;
		};
		D76503CF2D2E22E60032613A /* Debug */ = {
			isa = XCBuildConfiguration;
			baseConfigurationReference = 0B6B77358BD6B3302D7B7985 /* Pods-SkeletonViewDemo.debug.xcconfig */;
			buildSettings = {
				ASSETCATALOG_COMPILER_APPICON_NAME = AppIcon;
				ASSETCATALOG_COMPILER_GLOBAL_ACCENT_COLOR_NAME = AccentColor;
				CODE_SIGN_STYLE = Automatic;
				CURRENT_PROJECT_VERSION = 1;
				ENABLE_USER_SCRIPT_SANDBOXING = NO;
				GENERATE_INFOPLIST_FILE = YES;
				INFOPLIST_FILE = SkeletonViewDemo/Info.plist;
				INFOPLIST_KEY_UIApplicationSupportsIndirectInputEvents = YES;
				INFOPLIST_KEY_UILaunchStoryboardName = LaunchScreen;
				INFOPLIST_KEY_UIMainStoryboardFile = Main;
				INFOPLIST_KEY_UISupportedInterfaceOrientations_iPad = "UIInterfaceOrientationPortrait UIInterfaceOrientationPortraitUpsideDown UIInterfaceOrientationLandscapeLeft UIInterfaceOrientationLandscapeRight";
				INFOPLIST_KEY_UISupportedInterfaceOrientations_iPhone = "UIInterfaceOrientationPortrait UIInterfaceOrientationLandscapeLeft UIInterfaceOrientationLandscapeRight";
				LD_RUNPATH_SEARCH_PATHS = (
					"$(inherited)",
					"@executable_path/Frameworks",
				);
				MARKETING_VERSION = 1.0;
				PRODUCT_BUNDLE_IDENTIFIER = CallmeOni.SkeletonViewDemo;
				PRODUCT_NAME = "$(TARGET_NAME)";
				SWIFT_EMIT_LOC_STRINGS = YES;
				SWIFT_VERSION = 5.0;
				TARGETED_DEVICE_FAMILY = "1,2";
			};
			name = Debug;
		};
		D76503D02D2E22E60032613A /* Release */ = {
			isa = XCBuildConfiguration;
			baseConfigurationReference = 25D02FF5AFBC1FE077881090 /* Pods-SkeletonViewDemo.release.xcconfig */;
			buildSettings = {
				ASSETCATALOG_COMPILER_APPICON_NAME = AppIcon;
				ASSETCATALOG_COMPILER_GLOBAL_ACCENT_COLOR_NAME = AccentColor;
				CODE_SIGN_STYLE = Automatic;
				CURRENT_PROJECT_VERSION = 1;
				ENABLE_USER_SCRIPT_SANDBOXING = NO;
				GENERATE_INFOPLIST_FILE = YES;
				INFOPLIST_FILE = SkeletonViewDemo/Info.plist;
				INFOPLIST_KEY_UIApplicationSupportsIndirectInputEvents = YES;
				INFOPLIST_KEY_UILaunchStoryboardName = LaunchScreen;
				INFOPLIST_KEY_UIMainStoryboardFile = Main;
				INFOPLIST_KEY_UISupportedInterfaceOrientations_iPad = "UIInterfaceOrientationPortrait UIInterfaceOrientationPortraitUpsideDown UIInterfaceOrientationLandscapeLeft UIInterfaceOrientationLandscapeRight";
				INFOPLIST_KEY_UISupportedInterfaceOrientations_iPhone = "UIInterfaceOrientationPortrait UIInterfaceOrientationLandscapeLeft UIInterfaceOrientationLandscapeRight";
				LD_RUNPATH_SEARCH_PATHS = (
					"$(inherited)",
					"@executable_path/Frameworks",
				);
				MARKETING_VERSION = 1.0;
				PRODUCT_BUNDLE_IDENTIFIER = CallmeOni.SkeletonViewDemo;
				PRODUCT_NAME = "$(TARGET_NAME)";
				SWIFT_EMIT_LOC_STRINGS = YES;
				SWIFT_VERSION = 5.0;
				TARGETED_DEVICE_FAMILY = "1,2";
			};
			name = Release;
		};
/* End XCBuildConfiguration section */

/* Begin XCConfigurationList section */
		D76503B52D2E22E50032613A /* Build configuration list for PBXProject "SkeletonViewDemo" */ = {
			isa = XCConfigurationList;
			buildConfigurations = (
				D76503CC2D2E22E60032613A /* Debug */,
				D76503CD2D2E22E60032613A /* Release */,
			);
			defaultConfigurationIsVisible = 0;
			defaultConfigurationName = Release;
		};
		D76503CE2D2E22E60032613A /* Build configuration list for PBXNativeTarget "SkeletonViewDemo" */ = {
			isa = XCConfigurationList;
			buildConfigurations = (
				D76503CF2D2E22E60032613A /* Debug */,
				D76503D02D2E22E60032613A /* Release */,
			);
			defaultConfigurationIsVisible = 0;
			defaultConfigurationName = Release;
		};
/* End XCConfigurationList section */
	};
	rootObject = D76503B22D2E22E50032613A /* Project object */;
}
