// !$*UTF8*$!
{
	archiveVersion = 1;
	classes = {
	};
	objectVersion = 56;
	objects = {

/* Begin PBXBuildFile section */
		1E79AB2ADBED677AE18CDC0A /* Pods_DemoUMP.framework in Frameworks */ = {isa = PBXBuildFile; fileRef = D94142538746BBAAFCDB1F22 /* Pods_DemoUMP.framework */; };
		D7F28AB32D40C1B0005EC52D /* AppDelegate.swift in Sources */ = {isa = PBXBuildFile; fileRef = D7F28AB22D40C1B0005EC52D /* AppDelegate.swift */; };
		D7F28AB52D40C1B0005EC52D /* SceneDelegate.swift in Sources */ = {isa = PBXBuildFile; fileRef = D7F28AB42D40C1B0005EC52D /* SceneDelegate.swift */; };
		D7F28AB72D40C1B0005EC52D /* ViewController.swift in Sources */ = {isa = PBXBuildFile; fileRef = D7F28AB62D40C1B0005EC52D /* ViewController.swift */; };
		D7F28ABA2D40C1B0005EC52D /* Base in Resources */ = {isa = PBXBuildFile; fileRef = D7F28AB92D40C1B0005EC52D /* Base */; };
		D7F28ABC2D40C1B2005EC52D /* Assets.xcassets in Resources */ = {isa = PBXBuildFile; fileRef = D7F28ABB2D40C1B2005EC52D /* Assets.xcassets */; };
		D7F28ABF2D40C1B2005EC52D /* Base in Resources */ = {isa = PBXBuildFile; fileRef = D7F28ABE2D40C1B2005EC52D /* Base */; };
		D7F28AC72D40C1D6005EC52D /* AdmobViewModel.swift in Sources */ = {isa = PBXBuildFile; fileRef = D7F28AC62D40C1D6005EC52D /* AdmobViewModel.swift */; };
/* End PBXBuildFile section */

/* Begin PBXFileReference section */
		2EC213B984B227E5B0218F7D /* Pods-DemoUMP.debug.xcconfig */ = {isa = PBXFileReference; includeInIndex = 1; lastKnownFileType = text.xcconfig; name = "Pods-DemoUMP.debug.xcconfig"; path = "Target Support Files/Pods-DemoUMP/Pods-DemoUMP.debug.xcconfig"; sourceTree = "<group>"; };
		57E8A4B6A1A9C75DBFB6DEF7 /* Pods-DemoUMP.release.xcconfig */ = {isa = PBXFileReference; includeInIndex = 1; lastKnownFileType = text.xcconfig; name = "Pods-DemoUMP.release.xcconfig"; path = "Target Support Files/Pods-DemoUMP/Pods-DemoUMP.release.xcconfig"; sourceTree = "<group>"; };
		D7F28AAF2D40C1B0005EC52D /* DemoUMP.app */ = {isa = PBXFileReference; explicitFileType = wrapper.application; includeInIndex = 0; path = DemoUMP.app; sourceTree = BUILT_PRODUCTS_DIR; };
		D7F28AB22D40C1B0005EC52D /* AppDelegate.swift */ = {isa = PBXFileReference; lastKnownFileType = sourcecode.swift; path = AppDelegate.swift; sourceTree = "<group>"; };
		D7F28AB42D40C1B0005EC52D /* SceneDelegate.swift */ = {isa = PBXFileReference; lastKnownFileType = sourcecode.swift; path = SceneDelegate.swift; sourceTree = "<group>"; };
		D7F28AB62D40C1B0005EC52D /* ViewController.swift */ = {isa = PBXFileReference; lastKnownFileType = sourcecode.swift; path = ViewController.swift; sourceTree = "<group>"; };
		D7F28AB92D40C1B0005EC52D /* Base */ = {isa = PBXFileReference; lastKnownFileType = file.storyboard; name = Base; path = Base.lproj/Main.storyboard; sourceTree = "<group>"; };
		D7F28ABB2D40C1B2005EC52D /* Assets.xcassets */ = {isa = PBXFileReference; lastKnownFileType = folder.assetcatalog; path = Assets.xcassets; sourceTree = "<group>"; };
		D7F28ABE2D40C1B2005EC52D /* Base */ = {isa = PBXFileReference; lastKnownFileType = file.storyboard; name = Base; path = Base.lproj/LaunchScreen.storyboard; sourceTree = "<group>"; };
		D7F28AC02D40C1B2005EC52D /* Info.plist */ = {isa = PBXFileReference; lastKnownFileType = text.plist.xml; path = Info.plist; sourceTree = "<group>"; };
		D7F28AC62D40C1D6005EC52D /* AdmobViewModel.swift */ = {isa = PBXFileReference; lastKnownFileType = sourcecode.swift; path = AdmobViewModel.swift; sourceTree = "<group>"; };
		D94142538746BBAAFCDB1F22 /* Pods_DemoUMP.framework */ = {isa = PBXFileReference; explicitFileType = wrapper.framework; includeInIndex = 0; path = Pods_DemoUMP.framework; sourceTree = BUILT_PRODUCTS_DIR; };
/* End PBXFileReference section */

/* Begin PBXFrameworksBuildPhase section */
		D7F28AAC2D40C1B0005EC52D /* Frameworks */ = {
			isa = PBXFrameworksBuildPhase;
			buildActionMask = 2147483647;
			files = (
				1E79AB2ADBED677AE18CDC0A /* Pods_DemoUMP.framework in Frameworks */,
			);
			runOnlyForDeploymentPostprocessing = 0;
		};
/* End PBXFrameworksBuildPhase section */

/* Begin PBXGroup section */
		B693BE6BFEB94045487BAD79 /* Pods */ = {
			isa = PBXGroup;
			children = (
				2EC213B984B227E5B0218F7D /* Pods-DemoUMP.debug.xcconfig */,
				57E8A4B6A1A9C75DBFB6DEF7 /* Pods-DemoUMP.release.xcconfig */,
			);
			path = Pods;
			sourceTree = "<group>";
		};
		D7F28AA62D40C1B0005EC52D = {
			isa = PBXGroup;
			children = (
				D7F28AB12D40C1B0005EC52D /* DemoUMP */,
				D7F28AB02D40C1B0005EC52D /* Products */,
				B693BE6BFEB94045487BAD79 /* Pods */,
				DCD9EBC0A8AD99A7E4C8BC36 /* Frameworks */,
			);
			sourceTree = "<group>";
		};
		D7F28AB02D40C1B0005EC52D /* Products */ = {
			isa = PBXGroup;
			children = (
				D7F28AAF2D40C1B0005EC52D /* DemoUMP.app */,
			);
			name = Products;
			sourceTree = "<group>";
		};
		D7F28AB12D40C1B0005EC52D /* DemoUMP */ = {
			isa = PBXGroup;
			children = (
				D7F28AC62D40C1D6005EC52D /* AdmobViewModel.swift */,
				D7F28AB22D40C1B0005EC52D /* AppDelegate.swift */,
				D7F28AB42D40C1B0005EC52D /* SceneDelegate.swift */,
				D7F28AB62D40C1B0005EC52D /* ViewController.swift */,
				D7F28AB82D40C1B0005EC52D /* Main.storyboard */,
				D7F28ABB2D40C1B2005EC52D /* Assets.xcassets */,
				D7F28ABD2D40C1B2005EC52D /* LaunchScreen.storyboard */,
				D7F28AC02D40C1B2005EC52D /* Info.plist */,
			);
			path = DemoUMP;
			sourceTree = "<group>";
		};
		DCD9EBC0A8AD99A7E4C8BC36 /* Frameworks */ = {
			isa = PBXGroup;
			children = (
				D94142538746BBAAFCDB1F22 /* Pods_DemoUMP.framework */,
			);
			name = Frameworks;
			sourceTree = "<group>";
		};
/* End PBXGroup section */

/* Begin PBXNativeTarget section */
		D7F28AAE2D40C1B0005EC52D /* DemoUMP */ = {
			isa = PBXNativeTarget;
			buildConfigurationList = D7F28AC32D40C1B2005EC52D /* Build configuration list for PBXNativeTarget "DemoUMP" */;
			buildPhases = (
				932F5D2B6C33A5311785C63B /* [CP] Check Pods Manifest.lock */,
				D7F28AAB2D40C1B0005EC52D /* Sources */,
				D7F28AAC2D40C1B0005EC52D /* Frameworks */,
				D7F28AAD2D40C1B0005EC52D /* Resources */,
				4FE67737B9C9EA78EBD7C577 /* [CP] Embed Pods Frameworks */,
				1A7007A853D5CEC394D3A2E1 /* [CP] Copy Pods Resources */,
			);
			buildRules = (
			);
			dependencies = (
			);
			name = DemoUMP;
			productName = DemoUMP;
			productReference = D7F28AAF2D40C1B0005EC52D /* DemoUMP.app */;
			productType = "com.apple.product-type.application";
		};
/* End PBXNativeTarget section */

/* Begin PBXProject section */
		D7F28AA72D40C1B0005EC52D /* Project object */ = {
			isa = PBXProject;
			attributes = {
				BuildIndependentTargetsInParallel = 1;
				LastSwiftUpdateCheck = 1540;
				LastUpgradeCheck = 1540;
				TargetAttributes = {
					D7F28AAE2D40C1B0005EC52D = {
						CreatedOnToolsVersion = 15.4;
					};
				};
			};
			buildConfigurationList = D7F28AAA2D40C1B0005EC52D /* Build configuration list for PBXProject "DemoUMP" */;
			compatibilityVersion = "Xcode 14.0";
			developmentRegion = en;
			hasScannedForEncodings = 0;
			knownRegions = (
				en,
				Base,
			);
			mainGroup = D7F28AA62D40C1B0005EC52D;
			productRefGroup = D7F28AB02D40C1B0005EC52D /* Products */;
			projectDirPath = "";
			projectRoot = "";
			targets = (
				D7F28AAE2D40C1B0005EC52D /* DemoUMP */,
			);
		};
/* End PBXProject section */

/* Begin PBXResourcesBuildPhase section */
		D7F28AAD2D40C1B0005EC52D /* Resources */ = {
			isa = PBXResourcesBuildPhase;
			buildActionMask = 2147483647;
			files = (
				D7F28ABC2D40C1B2005EC52D /* Assets.xcassets in Resources */,
				D7F28ABF2D40C1B2005EC52D /* Base in Resources */,
				D7F28ABA2D40C1B0005EC52D /* Base in Resources */,
			);
			runOnlyForDeploymentPostprocessing = 0;
		};
/* End PBXResourcesBuildPhase section */

/* Begin PBXShellScriptBuildPhase section */
		1A7007A853D5CEC394D3A2E1 /* [CP] Copy Pods Resources */ = {
			isa = PBXShellScriptBuildPhase;
			buildActionMask = 2147483647;
			files = (
			);
			inputFileListPaths = (
				"${PODS_ROOT}/Target Support Files/Pods-DemoUMP/Pods-DemoUMP-resources-${CONFIGURATION}-input-files.xcfilelist",
			);
			name = "[CP] Copy Pods Resources";
			outputFileListPaths = (
				"${PODS_ROOT}/Target Support Files/Pods-DemoUMP/Pods-DemoUMP-resources-${CONFIGURATION}-output-files.xcfilelist",
			);
			runOnlyForDeploymentPostprocessing = 0;
			shellPath = /bin/sh;
			shellScript = "\"${PODS_ROOT}/Target Support Files/Pods-DemoUMP/Pods-DemoUMP-resources.sh\"\n";
			showEnvVarsInLog = 0;
		};
		4FE67737B9C9EA78EBD7C577 /* [CP] Embed Pods Frameworks */ = {
			isa = PBXShellScriptBuildPhase;
			buildActionMask = 2147483647;
			files = (
			);
			inputFileListPaths = (
				"${PODS_ROOT}/Target Support Files/Pods-DemoUMP/Pods-DemoUMP-frameworks-${CONFIGURATION}-input-files.xcfilelist",
			);
			name = "[CP] Embed Pods Frameworks";
			outputFileListPaths = (
				"${PODS_ROOT}/Target Support Files/Pods-DemoUMP/Pods-DemoUMP-frameworks-${CONFIGURATION}-output-files.xcfilelist",
			);
			runOnlyForDeploymentPostprocessing = 0;
			shellPath = /bin/sh;
			shellScript = "\"${PODS_ROOT}/Target Support Files/Pods-DemoUMP/Pods-DemoUMP-frameworks.sh\"\n";
			showEnvVarsInLog = 0;
		};
		932F5D2B6C33A5311785C63B /* [CP] Check Pods Manifest.lock */ = {
			isa = PBXShellScriptBuildPhase;
			buildActionMask = 2147483647;
			files = (
			);
			inputFileListPaths = (
			);
			inputPaths = (
				"${PODS_PODFILE_DIR_PATH}/Podfile.lock",
				"${PODS_ROOT}/Manifest.lock",
			);
			name = "[CP] Check Pods Manifest.lock";
			outputFileListPaths = (
			);
			outputPaths = (
				"$(DERIVED_FILE_DIR)/Pods-DemoUMP-checkManifestLockResult.txt",
			);
			runOnlyForDeploymentPostprocessing = 0;
			shellPath = /bin/sh;
			shellScript = "diff \"${PODS_PODFILE_DIR_PATH}/Podfile.lock\" \"${PODS_ROOT}/Manifest.lock\" > /dev/null\nif [ $? != 0 ] ; then\n    # print error to STDERR\n    echo \"error: The sandbox is not in sync with the Podfile.lock. Run 'pod install' or update your CocoaPods installation.\" >&2\n    exit 1\nfi\n# This output is used by Xcode 'outputs' to avoid re-running this script phase.\necho \"SUCCESS\" > \"${SCRIPT_OUTPUT_FILE_0}\"\n";
			showEnvVarsInLog = 0;
		};
/* End PBXShellScriptBuildPhase section */

/* Begin PBXSourcesBuildPhase section */
		D7F28AAB2D40C1B0005EC52D /* Sources */ = {
			isa = PBXSourcesBuildPhase;
			buildActionMask = 2147483647;
			files = (
				D7F28AB72D40C1B0005EC52D /* ViewController.swift in Sources */,
				D7F28AB32D40C1B0005EC52D /* AppDelegate.swift in Sources */,
				D7F28AC72D40C1D6005EC52D /* AdmobViewModel.swift in Sources */,
				D7F28AB52D40C1B0005EC52D /* SceneDelegate.swift in Sources */,
			);
			runOnlyForDeploymentPostprocessing = 0;
		};
/* End PBXSourcesBuildPhase section */

/* Begin PBXVariantGroup section */
		D7F28AB82D40C1B0005EC52D /* Main.storyboard */ = {
			isa = PBXVariantGroup;
			children = (
				D7F28AB92D40C1B0005EC52D /* Base */,
			);
			name = Main.storyboard;
			sourceTree = "<group>";
		};
		D7F28ABD2D40C1B2005EC52D /* LaunchScreen.storyboard */ = {
			isa = PBXVariantGroup;
			children = (
				D7F28ABE2D40C1B2005EC52D /* Base */,
			);
			name = LaunchScreen.storyboard;
			sourceTree = "<group>";
		};
/* End PBXVariantGroup section */

/* Begin XCBuildConfiguration section */
		D7F28AC12D40C1B2005EC52D /* Debug */ = {
			isa = XCBuildConfiguration;
			buildSettings = {
				ALWAYS_SEARCH_USER_PATHS = NO;
				ASSETCATALOG_COMPILER_GENERATE_SWIFT_ASSET_SYMBOL_EXTENSIONS = YES;
				CLANG_ANALYZER_NONNULL = YES;
				CLANG_ANALYZER_NUMBER_OBJECT_CONVERSION = YES_AGGRESSIVE;
				CLANG_CXX_LANGUAGE_STANDARD = "gnu++20";
				CLANG_ENABLE_MODULES = YES;
				CLANG_ENABLE_OBJC_ARC = YES;
				CLANG_ENABLE_OBJC_WEAK = YES;
				CLANG_WARN_BLOCK_CAPTURE_AUTORELEASING = YES;
				CLANG_WARN_BOOL_CONVERSION = YES;
				CLANG_WARN_COMMA = YES;
				CLANG_WARN_CONSTANT_CONVERSION = YES;
				CLANG_WARN_DEPRECATED_OBJC_IMPLEMENTATIONS = YES;
				CLANG_WARN_DIRECT_OBJC_ISA_USAGE = YES_ERROR;
				CLANG_WARN_DOCUMENTATION_COMMENTS = YES;
				CLANG_WARN_EMPTY_BODY = YES;
				CLANG_WARN_ENUM_CONVERSION = YES;
				CLANG_WARN_INFINITE_RECURSION = YES;
				CLANG_WARN_INT_CONVERSION = YES;
				CLANG_WARN_NON_LITERAL_NULL_CONVERSION = YES;
				CLANG_WARN_OBJC_IMPLICIT_RETAIN_SELF = YES;
				CLANG_WARN_OBJC_LITERAL_CONVERSION = YES;
				CLANG_WARN_OBJC_ROOT_CLASS = YES_ERROR;
				CLANG_WARN_QUOTED_INCLUDE_IN_FRAMEWORK_HEADER = YES;
				CLANG_WARN_RANGE_LOOP_ANALYSIS = YES;
				CLANG_WARN_STRICT_PROTOTYPES = YES;
				CLANG_WARN_SUSPICIOUS_MOVE = YES;
				CLANG_WARN_UNGUARDED_AVAILABILITY = YES_AGGRESSIVE;
				CLANG_WARN_UNREACHABLE_CODE = YES;
				CLANG_WARN__DUPLICATE_METHOD_MATCH = YES;
				COPY_PHASE_STRIP = NO;
				DEBUG_INFORMATION_FORMAT = dwarf;
				ENABLE_STRICT_OBJC_MSGSEND = YES;
				ENABLE_TESTABILITY = YES;
				ENABLE_USER_SCRIPT_SANDBOXING = YES;
				GCC_C_LANGUAGE_STANDARD = gnu17;
				GCC_DYNAMIC_NO_PIC = NO;
				GCC_NO_COMMON_BLOCKS = YES;
				GCC_OPTIMIZATION_LEVEL = 0;
				GCC_PREPROCESSOR_DEFINITIONS = (
					"DEBUG=1",
					"$(inherited)",
				);
				GCC_WARN_64_TO_32_BIT_CONVERSION = YES;
				GCC_WARN_ABOUT_RETURN_TYPE = YES_ERROR;
				GCC_WARN_UNDECLARED_SELECTOR = YES;
				GCC_WARN_UNINITIALIZED_AUTOS = YES_AGGRESSIVE;
				GCC_WARN_UNUSED_FUNCTION = YES;
				GCC_WARN_UNUSED_VARIABLE = YES;
				IPHONEOS_DEPLOYMENT_TARGET = 17.5;
				LOCALIZATION_PREFERS_STRING_CATALOGS = YES;
				MTL_ENABLE_DEBUG_INFO = INCLUDE_SOURCE;
				MTL_FAST_MATH = YES;
				ONLY_ACTIVE_ARCH = YES;
				SDKROOT = iphoneos;
				SWIFT_ACTIVE_COMPILATION_CONDITIONS = "DEBUG $(inherited)";
				SWIFT_OPTIMIZATION_LEVEL = "-Onone";
			};
			name = Debug;
		};
		D7F28AC22D40C1B2005EC52D /* Release */ = {
			isa = XCBuildConfiguration;
			buildSettings = {
				ALWAYS_SEARCH_USER_PATHS = NO;
				ASSETCATALOG_COMPILER_GENERATE_SWIFT_ASSET_SYMBOL_EXTENSIONS = YES;
				CLANG_ANALYZER_NONNULL = YES;
				CLANG_ANALYZER_NUMBER_OBJECT_CONVERSION = YES_AGGRESSIVE;
				CLANG_CXX_LANGUAGE_STANDARD = "gnu++20";
				CLANG_ENABLE_MODULES = YES;
				CLANG_ENABLE_OBJC_ARC = YES;
				CLANG_ENABLE_OBJC_WEAK = YES;
				CLANG_WARN_BLOCK_CAPTURE_AUTORELEASING = YES;
				CLANG_WARN_BOOL_CONVERSION = YES;
				CLANG_WARN_COMMA = YES;
				CLANG_WARN_CONSTANT_CONVERSION = YES;
				CLANG_WARN_DEPRECATED_OBJC_IMPLEMENTATIONS = YES;
				CLANG_WARN_DIRECT_OBJC_ISA_USAGE = YES_ERROR;
				CLANG_WARN_DOCUMENTATION_COMMENTS = YES;
				CLANG_WARN_EMPTY_BODY = YES;
				CLANG_WARN_ENUM_CONVERSION = YES;
				CLANG_WARN_INFINITE_RECURSION = YES;
				CLANG_WARN_INT_CONVERSION = YES;
				CLANG_WARN_NON_LITERAL_NULL_CONVERSION = YES;
				CLANG_WARN_OBJC_IMPLICIT_RETAIN_SELF = YES;
				CLANG_WARN_OBJC_LITERAL_CONVERSION = YES;
				CLANG_WARN_OBJC_ROOT_CLASS = YES_ERROR;
				CLANG_WARN_QUOTED_INCLUDE_IN_FRAMEWORK_HEADER = YES;
				CLANG_WARN_RANGE_LOOP_ANALYSIS = YES;
				CLANG_WARN_STRICT_PROTOTYPES = YES;
				CLANG_WARN_SUSPICIOUS_MOVE = YES;
				CLANG_WARN_UNGUARDED_AVAILABILITY = YES_AGGRESSIVE;
				CLANG_WARN_UNREACHABLE_CODE = YES;
				CLANG_WARN__DUPLICATE_METHOD_MATCH = YES;
				COPY_PHASE_STRIP = NO;
				DEBUG_INFORMATION_FORMAT = "dwarf-with-dsym";
				ENABLE_NS_ASSERTIONS = NO;
				ENABLE_STRICT_OBJC_MSGSEND = YES;
				ENABLE_USER_SCRIPT_SANDBOXING = YES;
				GCC_C_LANGUAGE_STANDARD = gnu17;
				GCC_NO_COMMON_BLOCKS = YES;
				GCC_WARN_64_TO_32_BIT_CONVERSION = YES;
				GCC_WARN_ABOUT_RETURN_TYPE = YES_ERROR;
				GCC_WARN_UNDECLARED_SELECTOR = YES;
				GCC_WARN_UNINITIALIZED_AUTOS = YES_AGGRESSIVE;
				GCC_WARN_UNUSED_FUNCTION = YES;
				GCC_WARN_UNUSED_VARIABLE = YES;
				IPHONEOS_DEPLOYMENT_TARGET = 17.5;
				LOCALIZATION_PREFERS_STRING_CATALOGS = YES;
				MTL_ENABLE_DEBUG_INFO = NO;
				MTL_FAST_MATH = YES;
				SDKROOT = iphoneos;
				SWIFT_COMPILATION_MODE = wholemodule;
				VALIDATE_PRODUCT = YES;
			};
			name = Release;
		};
		D7F28AC42D40C1B2005EC52D /* Debug */ = {
			isa = XCBuildConfiguration;
			baseConfigurationReference = 2EC213B984B227E5B0218F7D /* Pods-DemoUMP.debug.xcconfig */;
			buildSettings = {
				ASSETCATALOG_COMPILER_APPICON_NAME = AppIcon;
				ASSETCATALOG_COMPILER_GLOBAL_ACCENT_COLOR_NAME = AccentColor;
				CODE_SIGN_STYLE = Automatic;
				CURRENT_PROJECT_VERSION = 1;
				ENABLE_USER_SCRIPT_SANDBOXING = NO;
				GENERATE_INFOPLIST_FILE = YES;
				INFOPLIST_FILE = DemoUMP/Info.plist;
				INFOPLIST_KEY_UIApplicationSupportsIndirectInputEvents = YES;
				INFOPLIST_KEY_UILaunchStoryboardName = LaunchScreen;
				INFOPLIST_KEY_UIMainStoryboardFile = Main;
				INFOPLIST_KEY_UISupportedInterfaceOrientations_iPad = "UIInterfaceOrientationPortrait UIInterfaceOrientationPortraitUpsideDown UIInterfaceOrientationLandscapeLeft UIInterfaceOrientationLandscapeRight";
				INFOPLIST_KEY_UISupportedInterfaceOrientations_iPhone = "UIInterfaceOrientationPortrait UIInterfaceOrientationLandscapeLeft UIInterfaceOrientationLandscapeRight";
				LD_RUNPATH_SEARCH_PATHS = (
					"$(inherited)",
					"@executable_path/Frameworks",
				);
				MARKETING_VERSION = 1.0;
				PRODUCT_BUNDLE_IDENTIFIER = CallmeOni.DemoUMP;
				PRODUCT_NAME = "$(TARGET_NAME)";
				SWIFT_EMIT_LOC_STRINGS = YES;
				SWIFT_VERSION = 5.0;
				TARGETED_DEVICE_FAMILY = "1,2";
			};
			name = Debug;
		};
		D7F28AC52D40C1B2005EC52D /* Release */ = {
			isa = XCBuildConfiguration;
			baseConfigurationReference = 57E8A4B6A1A9C75DBFB6DEF7 /* Pods-DemoUMP.release.xcconfig */;
			buildSettings = {
				ASSETCATALOG_COMPILER_APPICON_NAME = AppIcon;
				ASSETCATALOG_COMPILER_GLOBAL_ACCENT_COLOR_NAME = AccentColor;
				CODE_SIGN_STYLE = Automatic;
				CURRENT_PROJECT_VERSION = 1;
				ENABLE_USER_SCRIPT_SANDBOXING = NO;
				GENERATE_INFOPLIST_FILE = YES;
				INFOPLIST_FILE = DemoUMP/Info.plist;
				INFOPLIST_KEY_UIApplicationSupportsIndirectInputEvents = YES;
				INFOPLIST_KEY_UILaunchStoryboardName = LaunchScreen;
				INFOPLIST_KEY_UIMainStoryboardFile = Main;
				INFOPLIST_KEY_UISupportedInterfaceOrientations_iPad = "UIInterfaceOrientationPortrait UIInterfaceOrientationPortraitUpsideDown UIInterfaceOrientationLandscapeLeft UIInterfaceOrientationLandscapeRight";
				INFOPLIST_KEY_UISupportedInterfaceOrientations_iPhone = "UIInterfaceOrientationPortrait UIInterfaceOrientationLandscapeLeft UIInterfaceOrientationLandscapeRight";
				LD_RUNPATH_SEARCH_PATHS = (
					"$(inherited)",
					"@executable_path/Frameworks",
				);
				MARKETING_VERSION = 1.0;
				PRODUCT_BUNDLE_IDENTIFIER = CallmeOni.DemoUMP;
				PRODUCT_NAME = "$(TARGET_NAME)";
				SWIFT_EMIT_LOC_STRINGS = YES;
				SWIFT_VERSION = 5.0;
				TARGETED_DEVICE_FAMILY = "1,2";
			};
			name = Release;
		};
/* End XCBuildConfiguration section */

/* Begin XCConfigurationList section */
		D7F28AAA2D40C1B0005EC52D /* Build configuration list for PBXProject "DemoUMP" */ = {
			isa = XCConfigurationList;
			buildConfigurations = (
				D7F28AC12D40C1B2005EC52D /* Debug */,
				D7F28AC22D40C1B2005EC52D /* Release */,
			);
			defaultConfigurationIsVisible = 0;
			defaultConfigurationName = Release;
		};
		D7F28AC32D40C1B2005EC52D /* Build configuration list for PBXNativeTarget "DemoUMP" */ = {
			isa = XCConfigurationList;
			buildConfigurations = (
				D7F28AC42D40C1B2005EC52D /* Debug */,
				D7F28AC52D40C1B2005EC52D /* Release */,
			);
			defaultConfigurationIsVisible = 0;
			defaultConfigurationName = Release;
		};
/* End XCConfigurationList section */
	};
	rootObject = D7F28AA72D40C1B0005EC52D /* Project object */;
}
