// !$*UTF8*$!
{
	archiveVersion = 1;
	classes = {
	};
	objectVersion = 56;
	objects = {

/* Begin PBXBuildFile section */
		585EE2B26753E1CDC4314F7D /* Pods_SnapKit_Example.framework in Frameworks */ = {isa = PBXBuildFile; fileRef = 5ECB7C6C3D1A6EA415050291 /* Pods_SnapKit_Example.framework */; };
		D75A5F542BA2A34100B77085 /* AppDelegate.swift in Sources */ = {isa = PBXBuildFile; fileRef = D75A5F532BA2A34100B77085 /* AppDelegate.swift */; };
		D75A5F562BA2A34100B77085 /* SceneDelegate.swift in Sources */ = {isa = PBXBuildFile; fileRef = D75A5F552BA2A34100B77085 /* SceneDelegate.swift */; };
		D75A5F582BA2A34100B77085 /* ViewController.swift in Sources */ = {isa = PBXBuildFile; fileRef = D75A5F572BA2A34100B77085 /* ViewController.swift */; };
		D75A5F5B2BA2A34100B77085 /* Main.storyboard in Resources */ = {isa = PBXBuildFile; fileRef = D75A5F592BA2A34100B77085 /* Main.storyboard */; };
		D75A5F5D2BA2A34200B77085 /* Assets.xcassets in Resources */ = {isa = PBXBuildFile; fileRef = D75A5F5C2BA2A34200B77085 /* Assets.xcassets */; };
		D75A5F602BA2A34200B77085 /* LaunchScreen.storyboard in Resources */ = {isa = PBXBuildFile; fileRef = D75A5F5E2BA2A34200B77085 /* LaunchScreen.storyboard */; };
		D75A5F682BA2A81000B77085 /* SubContent.swift in Sources */ = {isa = PBXBuildFile; fileRef = D75A5F672BA2A81000B77085 /* SubContent.swift */; };
/* End PBXBuildFile section */

/* Begin PBXFileReference section */
		5ECB7C6C3D1A6EA415050291 /* Pods_SnapKit_Example.framework */ = {isa = PBXFileReference; explicitFileType = wrapper.framework; includeInIndex = 0; path = Pods_SnapKit_Example.framework; sourceTree = BUILT_PRODUCTS_DIR; };
		7FC4E3A157888FF39E22BF69 /* Pods-SnapKit-Example.debug.xcconfig */ = {isa = PBXFileReference; includeInIndex = 1; lastKnownFileType = text.xcconfig; name = "Pods-SnapKit-Example.debug.xcconfig"; path = "Target Support Files/Pods-SnapKit-Example/Pods-SnapKit-Example.debug.xcconfig"; sourceTree = "<group>"; };
		86A7D5C80F4E7E68D7B986B5 /* Pods-SnapKit-Example.release.xcconfig */ = {isa = PBXFileReference; includeInIndex = 1; lastKnownFileType = text.xcconfig; name = "Pods-SnapKit-Example.release.xcconfig"; path = "Target Support Files/Pods-SnapKit-Example/Pods-SnapKit-Example.release.xcconfig"; sourceTree = "<group>"; };
		D75A5F502BA2A34100B77085 /* SnapKit-Example.app */ = {isa = PBXFileReference; explicitFileType = wrapper.application; includeInIndex = 0; path = "SnapKit-Example.app"; sourceTree = BUILT_PRODUCTS_DIR; };
		D75A5F532BA2A34100B77085 /* AppDelegate.swift */ = {isa = PBXFileReference; lastKnownFileType = sourcecode.swift; path = AppDelegate.swift; sourceTree = "<group>"; };
		D75A5F552BA2A34100B77085 /* SceneDelegate.swift */ = {isa = PBXFileReference; lastKnownFileType = sourcecode.swift; path = SceneDelegate.swift; sourceTree = "<group>"; };
		D75A5F572BA2A34100B77085 /* ViewController.swift */ = {isa = PBXFileReference; lastKnownFileType = sourcecode.swift; path = ViewController.swift; sourceTree = "<group>"; };
		D75A5F5A2BA2A34100B77085 /* Base */ = {isa = PBXFileReference; lastKnownFileType = file.storyboard; name = Base; path = Base.lproj/Main.storyboard; sourceTree = "<group>"; };
		D75A5F5C2BA2A34200B77085 /* Assets.xcassets */ = {isa = PBXFileReference; lastKnownFileType = folder.assetcatalog; path = Assets.xcassets; sourceTree = "<group>"; };
		D75A5F5F2BA2A34200B77085 /* Base */ = {isa = PBXFileReference; lastKnownFileType = file.storyboard; name = Base; path = Base.lproj/LaunchScreen.storyboard; sourceTree = "<group>"; };
		D75A5F612BA2A34200B77085 /* Info.plist */ = {isa = PBXFileReference; lastKnownFileType = text.plist.xml; path = Info.plist; sourceTree = "<group>"; };
		D75A5F672BA2A81000B77085 /* SubContent.swift */ = {isa = PBXFileReference; lastKnownFileType = sourcecode.swift; path = SubContent.swift; sourceTree = "<group>"; };
/* End PBXFileReference section */

/* Begin PBXFrameworksBuildPhase section */
		D75A5F4D2BA2A34100B77085 /* Frameworks */ = {
			isa = PBXFrameworksBuildPhase;
			buildActionMask = 2147483647;
			files = (
				585EE2B26753E1CDC4314F7D /* Pods_SnapKit_Example.framework in Frameworks */,
			);
			runOnlyForDeploymentPostprocessing = 0;
		};
/* End PBXFrameworksBuildPhase section */

/* Begin PBXGroup section */
		3DDBD12D6D90B849DAB70C34 /* Pods */ = {
			isa = PBXGroup;
			children = (
				7FC4E3A157888FF39E22BF69 /* Pods-SnapKit-Example.debug.xcconfig */,
				86A7D5C80F4E7E68D7B986B5 /* Pods-SnapKit-Example.release.xcconfig */,
			);
			path = Pods;
			sourceTree = "<group>";
		};
		6518E689A1A597F7623E53A6 /* Frameworks */ = {
			isa = PBXGroup;
			children = (
				5ECB7C6C3D1A6EA415050291 /* Pods_SnapKit_Example.framework */,
			);
			name = Frameworks;
			sourceTree = "<group>";
		};
		D75A5F472BA2A34100B77085 = {
			isa = PBXGroup;
			children = (
				D75A5F522BA2A34100B77085 /* SnapKit-Example */,
				D75A5F512BA2A34100B77085 /* Products */,
				3DDBD12D6D90B849DAB70C34 /* Pods */,
				6518E689A1A597F7623E53A6 /* Frameworks */,
			);
			sourceTree = "<group>";
		};
		D75A5F512BA2A34100B77085 /* Products */ = {
			isa = PBXGroup;
			children = (
				D75A5F502BA2A34100B77085 /* SnapKit-Example.app */,
			);
			name = Products;
			sourceTree = "<group>";
		};
		D75A5F522BA2A34100B77085 /* SnapKit-Example */ = {
			isa = PBXGroup;
			children = (
				D75A5F532BA2A34100B77085 /* AppDelegate.swift */,
				D75A5F552BA2A34100B77085 /* SceneDelegate.swift */,
				D75A5F572BA2A34100B77085 /* ViewController.swift */,
				D75A5F672BA2A81000B77085 /* SubContent.swift */,
				D75A5F592BA2A34100B77085 /* Main.storyboard */,
				D75A5F5C2BA2A34200B77085 /* Assets.xcassets */,
				D75A5F5E2BA2A34200B77085 /* LaunchScreen.storyboard */,
				D75A5F612BA2A34200B77085 /* Info.plist */,
			);
			path = "SnapKit-Example";
			sourceTree = "<group>";
		};
/* End PBXGroup section */

/* Begin PBXNativeTarget section */
		D75A5F4F2BA2A34100B77085 /* SnapKit-Example */ = {
			isa = PBXNativeTarget;
			buildConfigurationList = D75A5F642BA2A34200B77085 /* Build configuration list for PBXNativeTarget "SnapKit-Example" */;
			buildPhases = (
				1254030A62FE95E7B810C6FA /* [CP] Check Pods Manifest.lock */,
				D75A5F4C2BA2A34100B77085 /* Sources */,
				D75A5F4D2BA2A34100B77085 /* Frameworks */,
				D75A5F4E2BA2A34100B77085 /* Resources */,
				432D1B433699F9918FC795E3 /* [CP] Embed Pods Frameworks */,
			);
			buildRules = (
			);
			dependencies = (
			);
			name = "SnapKit-Example";
			productName = "SnapKit-Example";
			productReference = D75A5F502BA2A34100B77085 /* SnapKit-Example.app */;
			productType = "com.apple.product-type.application";
		};
/* End PBXNativeTarget section */

/* Begin PBXProject section */
		D75A5F482BA2A34100B77085 /* Project object */ = {
			isa = PBXProject;
			attributes = {
				BuildIndependentTargetsInParallel = 1;
				LastSwiftUpdateCheck = 1500;
				LastUpgradeCheck = 1500;
				TargetAttributes = {
					D75A5F4F2BA2A34100B77085 = {
						CreatedOnToolsVersion = 15.0;
					};
				};
			};
			buildConfigurationList = D75A5F4B2BA2A34100B77085 /* Build configuration list for PBXProject "SnapKit-Example" */;
			compatibilityVersion = "Xcode 14.0";
			developmentRegion = en;
			hasScannedForEncodings = 0;
			knownRegions = (
				en,
				Base,
			);
			mainGroup = D75A5F472BA2A34100B77085;
			productRefGroup = D75A5F512BA2A34100B77085 /* Products */;
			projectDirPath = "";
			projectRoot = "";
			targets = (
				D75A5F4F2BA2A34100B77085 /* SnapKit-Example */,
			);
		};
/* End PBXProject section */

/* Begin PBXResourcesBuildPhase section */
		D75A5F4E2BA2A34100B77085 /* Resources */ = {
			isa = PBXResourcesBuildPhase;
			buildActionMask = 2147483647;
			files = (
				D75A5F602BA2A34200B77085 /* LaunchScreen.storyboard in Resources */,
				D75A5F5D2BA2A34200B77085 /* Assets.xcassets in Resources */,
				D75A5F5B2BA2A34100B77085 /* Main.storyboard in Resources */,
			);
			runOnlyForDeploymentPostprocessing = 0;
		};
/* End PBXResourcesBuildPhase section */

/* Begin PBXShellScriptBuildPhase section */
		1254030A62FE95E7B810C6FA /* [CP] Check Pods Manifest.lock */ = {
			isa = PBXShellScriptBuildPhase;
			buildActionMask = 2147483647;
			files = (
			);
			inputFileListPaths = (
			);
			inputPaths = (
				"${PODS_PODFILE_DIR_PATH}/Podfile.lock",
				"${PODS_ROOT}/Manifest.lock",
			);
			name = "[CP] Check Pods Manifest.lock";
			outputFileListPaths = (
			);
			outputPaths = (
				"$(DERIVED_FILE_DIR)/Pods-SnapKit-Example-checkManifestLockResult.txt",
			);
			runOnlyForDeploymentPostprocessing = 0;
			shellPath = /bin/sh;
			shellScript = "diff \"${PODS_PODFILE_DIR_PATH}/Podfile.lock\" \"${PODS_ROOT}/Manifest.lock\" > /dev/null\nif [ $? != 0 ] ; then\n    # print error to STDERR\n    echo \"error: The sandbox is not in sync with the Podfile.lock. Run 'pod install' or update your CocoaPods installation.\" >&2\n    exit 1\nfi\n# This output is used by Xcode 'outputs' to avoid re-running this script phase.\necho \"SUCCESS\" > \"${SCRIPT_OUTPUT_FILE_0}\"\n";
			showEnvVarsInLog = 0;
		};
		432D1B433699F9918FC795E3 /* [CP] Embed Pods Frameworks */ = {
			isa = PBXShellScriptBuildPhase;
			buildActionMask = 2147483647;
			files = (
			);
			inputFileListPaths = (
				"${PODS_ROOT}/Target Support Files/Pods-SnapKit-Example/Pods-SnapKit-Example-frameworks-${CONFIGURATION}-input-files.xcfilelist",
			);
			name = "[CP] Embed Pods Frameworks";
			outputFileListPaths = (
				"${PODS_ROOT}/Target Support Files/Pods-SnapKit-Example/Pods-SnapKit-Example-frameworks-${CONFIGURATION}-output-files.xcfilelist",
			);
			runOnlyForDeploymentPostprocessing = 0;
			shellPath = /bin/sh;
			shellScript = "\"${PODS_ROOT}/Target Support Files/Pods-SnapKit-Example/Pods-SnapKit-Example-frameworks.sh\"\n";
			showEnvVarsInLog = 0;
		};
/* End PBXShellScriptBuildPhase section */

/* Begin PBXSourcesBuildPhase section */
		D75A5F4C2BA2A34100B77085 /* Sources */ = {
			isa = PBXSourcesBuildPhase;
			buildActionMask = 2147483647;
			files = (
				D75A5F682BA2A81000B77085 /* SubContent.swift in Sources */,
				D75A5F582BA2A34100B77085 /* ViewController.swift in Sources */,
				D75A5F542BA2A34100B77085 /* AppDelegate.swift in Sources */,
				D75A5F562BA2A34100B77085 /* SceneDelegate.swift in Sources */,
			);
			runOnlyForDeploymentPostprocessing = 0;
		};
/* End PBXSourcesBuildPhase section */

/* Begin PBXVariantGroup section */
		D75A5F592BA2A34100B77085 /* Main.storyboard */ = {
			isa = PBXVariantGroup;
			children = (
				D75A5F5A2BA2A34100B77085 /* Base */,
			);
			name = Main.storyboard;
			sourceTree = "<group>";
		};
		D75A5F5E2BA2A34200B77085 /* LaunchScreen.storyboard */ = {
			isa = PBXVariantGroup;
			children = (
				D75A5F5F2BA2A34200B77085 /* Base */,
			);
			name = LaunchScreen.storyboard;
			sourceTree = "<group>";
		};
/* End PBXVariantGroup section */

/* Begin XCBuildConfiguration section */
		D75A5F622BA2A34200B77085 /* Debug */ = {
			isa = XCBuildConfiguration;
			buildSettings = {
				ALWAYS_SEARCH_USER_PATHS = NO;
				ASSETCATALOG_COMPILER_GENERATE_SWIFT_ASSET_SYMBOL_EXTENSIONS = YES;
				CLANG_ANALYZER_NONNULL = YES;
				CLANG_ANALYZER_NUMBER_OBJECT_CONVERSION = YES_AGGRESSIVE;
				CLANG_CXX_LANGUAGE_STANDARD = "gnu++20";
				CLANG_ENABLE_MODULES = YES;
				CLANG_ENABLE_OBJC_ARC = YES;
				CLANG_ENABLE_OBJC_WEAK = YES;
				CLANG_WARN_BLOCK_CAPTURE_AUTORELEASING = YES;
				CLANG_WARN_BOOL_CONVERSION = YES;
				CLANG_WARN_COMMA = YES;
				CLANG_WARN_CONSTANT_CONVERSION = YES;
				CLANG_WARN_DEPRECATED_OBJC_IMPLEMENTATIONS = YES;
				CLANG_WARN_DIRECT_OBJC_ISA_USAGE = YES_ERROR;
				CLANG_WARN_DOCUMENTATION_COMMENTS = YES;
				CLANG_WARN_EMPTY_BODY = YES;
				CLANG_WARN_ENUM_CONVERSION = YES;
				CLANG_WARN_INFINITE_RECURSION = YES;
				CLANG_WARN_INT_CONVERSION = YES;
				CLANG_WARN_NON_LITERAL_NULL_CONVERSION = YES;
				CLANG_WARN_OBJC_IMPLICIT_RETAIN_SELF = YES;
				CLANG_WARN_OBJC_LITERAL_CONVERSION = YES;
				CLANG_WARN_OBJC_ROOT_CLASS = YES_ERROR;
				CLANG_WARN_QUOTED_INCLUDE_IN_FRAMEWORK_HEADER = YES;
				CLANG_WARN_RANGE_LOOP_ANALYSIS = YES;
				CLANG_WARN_STRICT_PROTOTYPES = YES;
				CLANG_WARN_SUSPICIOUS_MOVE = YES;
				CLANG_WARN_UNGUARDED_AVAILABILITY = YES_AGGRESSIVE;
				CLANG_WARN_UNREACHABLE_CODE = YES;
				CLANG_WARN__DUPLICATE_METHOD_MATCH = YES;
				COPY_PHASE_STRIP = NO;
				DEBUG_INFORMATION_FORMAT = dwarf;
				ENABLE_STRICT_OBJC_MSGSEND = YES;
				ENABLE_TESTABILITY = YES;
				ENABLE_USER_SCRIPT_SANDBOXING = NO;
				GCC_C_LANGUAGE_STANDARD = gnu17;
				GCC_DYNAMIC_NO_PIC = NO;
				GCC_NO_COMMON_BLOCKS = YES;
				GCC_OPTIMIZATION_LEVEL = 0;
				GCC_PREPROCESSOR_DEFINITIONS = (
					"DEBUG=1",
					"$(inherited)",
				);
				GCC_WARN_64_TO_32_BIT_CONVERSION = YES;
				GCC_WARN_ABOUT_RETURN_TYPE = YES_ERROR;
				GCC_WARN_UNDECLARED_SELECTOR = YES;
				GCC_WARN_UNINITIALIZED_AUTOS = YES_AGGRESSIVE;
				GCC_WARN_UNUSED_FUNCTION = YES;
				GCC_WARN_UNUSED_VARIABLE = YES;
				IPHONEOS_DEPLOYMENT_TARGET = 17.0;
				LOCALIZATION_PREFERS_STRING_CATALOGS = YES;
				MTL_ENABLE_DEBUG_INFO = INCLUDE_SOURCE;
				MTL_FAST_MATH = YES;
				ONLY_ACTIVE_ARCH = YES;
				SDKROOT = iphoneos;
				SWIFT_ACTIVE_COMPILATION_CONDITIONS = "DEBUG $(inherited)";
				SWIFT_OPTIMIZATION_LEVEL = "-Onone";
			};
			name = Debug;
		};
		D75A5F632BA2A34200B77085 /* Release */ = {
			isa = XCBuildConfiguration;
			buildSettings = {
				ALWAYS_SEARCH_USER_PATHS = NO;
				ASSETCATALOG_COMPILER_GENERATE_SWIFT_ASSET_SYMBOL_EXTENSIONS = YES;
				CLANG_ANALYZER_NONNULL = YES;
				CLANG_ANALYZER_NUMBER_OBJECT_CONVERSION = YES_AGGRESSIVE;
				CLANG_CXX_LANGUAGE_STANDARD = "gnu++20";
				CLANG_ENABLE_MODULES = YES;
				CLANG_ENABLE_OBJC_ARC = YES;
				CLANG_ENABLE_OBJC_WEAK = YES;
				CLANG_WARN_BLOCK_CAPTURE_AUTORELEASING = YES;
				CLANG_WARN_BOOL_CONVERSION = YES;
				CLANG_WARN_COMMA = YES;
				CLANG_WARN_CONSTANT_CONVERSION = YES;
				CLANG_WARN_DEPRECATED_OBJC_IMPLEMENTATIONS = YES;
				CLANG_WARN_DIRECT_OBJC_ISA_USAGE = YES_ERROR;
				CLANG_WARN_DOCUMENTATION_COMMENTS = YES;
				CLANG_WARN_EMPTY_BODY = YES;
				CLANG_WARN_ENUM_CONVERSION = YES;
				CLANG_WARN_INFINITE_RECURSION = YES;
				CLANG_WARN_INT_CONVERSION = YES;
				CLANG_WARN_NON_LITERAL_NULL_CONVERSION = YES;
				CLANG_WARN_OBJC_IMPLICIT_RETAIN_SELF = YES;
				CLANG_WARN_OBJC_LITERAL_CONVERSION = YES;
				CLANG_WARN_OBJC_ROOT_CLASS = YES_ERROR;
				CLANG_WARN_QUOTED_INCLUDE_IN_FRAMEWORK_HEADER = YES;
				CLANG_WARN_RANGE_LOOP_ANALYSIS = YES;
				CLANG_WARN_STRICT_PROTOTYPES = YES;
				CLANG_WARN_SUSPICIOUS_MOVE = YES;
				CLANG_WARN_UNGUARDED_AVAILABILITY = YES_AGGRESSIVE;
				CLANG_WARN_UNREACHABLE_CODE = YES;
				CLANG_WARN__DUPLICATE_METHOD_MATCH = YES;
				COPY_PHASE_STRIP = NO;
				DEBUG_INFORMATION_FORMAT = "dwarf-with-dsym";
				ENABLE_NS_ASSERTIONS = NO;
				ENABLE_STRICT_OBJC_MSGSEND = YES;
				ENABLE_USER_SCRIPT_SANDBOXING = NO;
				GCC_C_LANGUAGE_STANDARD = gnu17;
				GCC_NO_COMMON_BLOCKS = YES;
				GCC_WARN_64_TO_32_BIT_CONVERSION = YES;
				GCC_WARN_ABOUT_RETURN_TYPE = YES_ERROR;
				GCC_WARN_UNDECLARED_SELECTOR = YES;
				GCC_WARN_UNINITIALIZED_AUTOS = YES_AGGRESSIVE;
				GCC_WARN_UNUSED_FUNCTION = YES;
				GCC_WARN_UNUSED_VARIABLE = YES;
				IPHONEOS_DEPLOYMENT_TARGET = 17.0;
				LOCALIZATION_PREFERS_STRING_CATALOGS = YES;
				MTL_ENABLE_DEBUG_INFO = NO;
				MTL_FAST_MATH = YES;
				SDKROOT = iphoneos;
				SWIFT_COMPILATION_MODE = wholemodule;
				VALIDATE_PRODUCT = YES;
			};
			name = Release;
		};
		D75A5F652BA2A34200B77085 /* Debug */ = {
			isa = XCBuildConfiguration;
			baseConfigurationReference = 7FC4E3A157888FF39E22BF69 /* Pods-SnapKit-Example.debug.xcconfig */;
			buildSettings = {
				ASSETCATALOG_COMPILER_APPICON_NAME = AppIcon;
				ASSETCATALOG_COMPILER_GLOBAL_ACCENT_COLOR_NAME = AccentColor;
				CODE_SIGN_STYLE = Automatic;
				CURRENT_PROJECT_VERSION = 1;
				GENERATE_INFOPLIST_FILE = YES;
				INFOPLIST_FILE = "SnapKit-Example/Info.plist";
				INFOPLIST_KEY_UIApplicationSupportsIndirectInputEvents = YES;
				INFOPLIST_KEY_UILaunchStoryboardName = LaunchScreen;
				INFOPLIST_KEY_UIMainStoryboardFile = Main;
				INFOPLIST_KEY_UISupportedInterfaceOrientations_iPad = "UIInterfaceOrientationPortrait UIInterfaceOrientationPortraitUpsideDown UIInterfaceOrientationLandscapeLeft UIInterfaceOrientationLandscapeRight";
				INFOPLIST_KEY_UISupportedInterfaceOrientations_iPhone = "UIInterfaceOrientationPortrait UIInterfaceOrientationLandscapeLeft UIInterfaceOrientationLandscapeRight";
				LD_RUNPATH_SEARCH_PATHS = (
					"$(inherited)",
					"@executable_path/Frameworks",
				);
				MARKETING_VERSION = 1.0;
				PRODUCT_BUNDLE_IDENTIFIER = "CallmeOni.SnapKit-Example";
				PRODUCT_NAME = "$(TARGET_NAME)";
				SWIFT_EMIT_LOC_STRINGS = YES;
				SWIFT_VERSION = 5.0;
				TARGETED_DEVICE_FAMILY = "1,2";
			};
			name = Debug;
		};
		D75A5F662BA2A34200B77085 /* Release */ = {
			isa = XCBuildConfiguration;
			baseConfigurationReference = 86A7D5C80F4E7E68D7B986B5 /* Pods-SnapKit-Example.release.xcconfig */;
			buildSettings = {
				ASSETCATALOG_COMPILER_APPICON_NAME = AppIcon;
				ASSETCATALOG_COMPILER_GLOBAL_ACCENT_COLOR_NAME = AccentColor;
				CODE_SIGN_STYLE = Automatic;
				CURRENT_PROJECT_VERSION = 1;
				GENERATE_INFOPLIST_FILE = YES;
				INFOPLIST_FILE = "SnapKit-Example/Info.plist";
				INFOPLIST_KEY_UIApplicationSupportsIndirectInputEvents = YES;
				INFOPLIST_KEY_UILaunchStoryboardName = LaunchScreen;
				INFOPLIST_KEY_UIMainStoryboardFile = Main;
				INFOPLIST_KEY_UISupportedInterfaceOrientations_iPad = "UIInterfaceOrientationPortrait UIInterfaceOrientationPortraitUpsideDown UIInterfaceOrientationLandscapeLeft UIInterfaceOrientationLandscapeRight";
				INFOPLIST_KEY_UISupportedInterfaceOrientations_iPhone = "UIInterfaceOrientationPortrait UIInterfaceOrientationLandscapeLeft UIInterfaceOrientationLandscapeRight";
				LD_RUNPATH_SEARCH_PATHS = (
					"$(inherited)",
					"@executable_path/Frameworks",
				);
				MARKETING_VERSION = 1.0;
				PRODUCT_BUNDLE_IDENTIFIER = "CallmeOni.SnapKit-Example";
				PRODUCT_NAME = "$(TARGET_NAME)";
				SWIFT_EMIT_LOC_STRINGS = YES;
				SWIFT_VERSION = 5.0;
				TARGETED_DEVICE_FAMILY = "1,2";
			};
			name = Release;
		};
/* End XCBuildConfiguration section */

/* Begin XCConfigurationList section */
		D75A5F4B2BA2A34100B77085 /* Build configuration list for PBXProject "SnapKit-Example" */ = {
			isa = XCConfigurationList;
			buildConfigurations = (
				D75A5F622BA2A34200B77085 /* Debug */,
				D75A5F632BA2A34200B77085 /* Release */,
			);
			defaultConfigurationIsVisible = 0;
			defaultConfigurationName = Release;
		};
		D75A5F642BA2A34200B77085 /* Build configuration list for PBXNativeTarget "SnapKit-Example" */ = {
			isa = XCConfigurationList;
			buildConfigurations = (
				D75A5F652BA2A34200B77085 /* Debug */,
				D75A5F662BA2A34200B77085 /* Release */,
			);
			defaultConfigurationIsVisible = 0;
			defaultConfigurationName = Release;
		};
/* End XCConfigurationList section */
	};
	rootObject = D75A5F482BA2A34100B77085 /* Project object */;
}
