// !$*UTF8*$!
{
	archiveVersion = 1;
	classes = {
	};
	objectVersion = 56;
	objects = {

/* Begin PBXBuildFile section */
		8048A9C32B9DF6BC00F6386E /* AppDelegate.swift in Sources */ = {isa = PBXBuildFile; fileRef = 8048A9C22B9DF6BC00F6386E /* AppDelegate.swift */; };
		8048A9C52B9DF6BC00F6386E /* SceneDelegate.swift in Sources */ = {isa = PBXBuildFile; fileRef = 8048A9C42B9DF6BC00F6386E /* SceneDelegate.swift */; };
		8048A9C72B9DF6BC00F6386E /* RegisterVC.swift in Sources */ = {isa = PBXBuildFile; fileRef = 8048A9C62B9DF6BC00F6386E /* RegisterVC.swift */; };
		8048A9CA2B9DF6BC00F6386E /* Main.storyboard in Resources */ = {isa = PBXBuildFile; fileRef = 8048A9C82B9DF6BC00F6386E /* Main.storyboard */; };
		8048A9CC2B9DF6BD00F6386E /* Assets.xcassets in Resources */ = {isa = PBXBuildFile; fileRef = 8048A9CB2B9DF6BD00F6386E /* Assets.xcassets */; };
		8048A9CF2B9DF6BD00F6386E /* LaunchScreen.storyboard in Resources */ = {isa = PBXBuildFile; fileRef = 8048A9CD2B9DF6BD00F6386E /* LaunchScreen.storyboard */; };
		8048A9DA2B9DF6BD00F6386E /* ProjectSoftwareTestTests.swift in Sources */ = {isa = PBXBuildFile; fileRef = 8048A9D92B9DF6BD00F6386E /* ProjectSoftwareTestTests.swift */; };
		8048A9E42B9DF6BD00F6386E /* ProjectSoftwareTestUITests.swift in Sources */ = {isa = PBXBuildFile; fileRef = 8048A9E32B9DF6BD00F6386E /* ProjectSoftwareTestUITests.swift */; };
		8048A9F32B9E18F900F6386E /* Register.swift in Sources */ = {isa = PBXBuildFile; fileRef = 8048A9F22B9E18F900F6386E /* Register.swift */; };
		8048A9F52B9E2DDD00F6386E /* DesignUITextField.swift in Sources */ = {isa = PBXBuildFile; fileRef = 8048A9F42B9E2DDD00F6386E /* DesignUITextField.swift */; };
		809109A82BAF47A900514E72 /* AllAccountModel.swift in Sources */ = {isa = PBXBuildFile; fileRef = 809109A72BAF47A800514E72 /* AllAccountModel.swift */; };
/* End PBXBuildFile section */

/* Begin PBXContainerItemProxy section */
		8048A9D62B9DF6BD00F6386E /* PBXContainerItemProxy */ = {
			isa = PBXContainerItemProxy;
			containerPortal = 8048A9B72B9DF6BC00F6386E /* Project object */;
			proxyType = 1;
			remoteGlobalIDString = 8048A9BE2B9DF6BC00F6386E;
			remoteInfo = ProjectSoftwareTest;
		};
		8048A9E02B9DF6BD00F6386E /* PBXContainerItemProxy */ = {
			isa = PBXContainerItemProxy;
			containerPortal = 8048A9B72B9DF6BC00F6386E /* Project object */;
			proxyType = 1;
			remoteGlobalIDString = 8048A9BE2B9DF6BC00F6386E;
			remoteInfo = ProjectSoftwareTest;
		};
/* End PBXContainerItemProxy section */

/* Begin PBXFileReference section */
		8048A9BF2B9DF6BC00F6386E /* ProjectSoftwareTest.app */ = {isa = PBXFileReference; explicitFileType = wrapper.application; includeInIndex = 0; path = ProjectSoftwareTest.app; sourceTree = BUILT_PRODUCTS_DIR; };
		8048A9C22B9DF6BC00F6386E /* AppDelegate.swift */ = {isa = PBXFileReference; lastKnownFileType = sourcecode.swift; path = AppDelegate.swift; sourceTree = "<group>"; };
		8048A9C42B9DF6BC00F6386E /* SceneDelegate.swift */ = {isa = PBXFileReference; lastKnownFileType = sourcecode.swift; path = SceneDelegate.swift; sourceTree = "<group>"; };
		8048A9C62B9DF6BC00F6386E /* RegisterVC.swift */ = {isa = PBXFileReference; lastKnownFileType = sourcecode.swift; path = RegisterVC.swift; sourceTree = "<group>"; };
		8048A9C92B9DF6BC00F6386E /* Base */ = {isa = PBXFileReference; lastKnownFileType = file.storyboard; name = Base; path = Base.lproj/Main.storyboard; sourceTree = "<group>"; };
		8048A9CB2B9DF6BD00F6386E /* Assets.xcassets */ = {isa = PBXFileReference; lastKnownFileType = folder.assetcatalog; path = Assets.xcassets; sourceTree = "<group>"; };
		8048A9CE2B9DF6BD00F6386E /* Base */ = {isa = PBXFileReference; lastKnownFileType = file.storyboard; name = Base; path = Base.lproj/LaunchScreen.storyboard; sourceTree = "<group>"; };
		8048A9D02B9DF6BD00F6386E /* Info.plist */ = {isa = PBXFileReference; lastKnownFileType = text.plist.xml; path = Info.plist; sourceTree = "<group>"; };
		8048A9D52B9DF6BD00F6386E /* ProjectSoftwareTestTests.xctest */ = {isa = PBXFileReference; explicitFileType = wrapper.cfbundle; includeInIndex = 0; path = ProjectSoftwareTestTests.xctest; sourceTree = BUILT_PRODUCTS_DIR; };
		8048A9D92B9DF6BD00F6386E /* ProjectSoftwareTestTests.swift */ = {isa = PBXFileReference; lastKnownFileType = sourcecode.swift; path = ProjectSoftwareTestTests.swift; sourceTree = "<group>"; };
		8048A9DF2B9DF6BD00F6386E /* ProjectSoftwareTestUITests.xctest */ = {isa = PBXFileReference; explicitFileType = wrapper.cfbundle; includeInIndex = 0; path = ProjectSoftwareTestUITests.xctest; sourceTree = BUILT_PRODUCTS_DIR; };
		8048A9E32B9DF6BD00F6386E /* ProjectSoftwareTestUITests.swift */ = {isa = PBXFileReference; lastKnownFileType = sourcecode.swift; path = ProjectSoftwareTestUITests.swift; sourceTree = "<group>"; };
		8048A9F22B9E18F900F6386E /* Register.swift */ = {isa = PBXFileReference; lastKnownFileType = sourcecode.swift; path = Register.swift; sourceTree = "<group>"; };
		8048A9F42B9E2DDD00F6386E /* DesignUITextField.swift */ = {isa = PBXFileReference; lastKnownFileType = sourcecode.swift; path = DesignUITextField.swift; sourceTree = "<group>"; };
		809109A72BAF47A800514E72 /* AllAccountModel.swift */ = {isa = PBXFileReference; lastKnownFileType = sourcecode.swift; path = AllAccountModel.swift; sourceTree = "<group>"; };
/* End PBXFileReference section */

/* Begin PBXFrameworksBuildPhase section */
		8048A9BC2B9DF6BC00F6386E /* Frameworks */ = {
			isa = PBXFrameworksBuildPhase;
			buildActionMask = 2147483647;
			files = (
			);
			runOnlyForDeploymentPostprocessing = 0;
		};
		8048A9D22B9DF6BD00F6386E /* Frameworks */ = {
			isa = PBXFrameworksBuildPhase;
			buildActionMask = 2147483647;
			files = (
			);
			runOnlyForDeploymentPostprocessing = 0;
		};
		8048A9DC2B9DF6BD00F6386E /* Frameworks */ = {
			isa = PBXFrameworksBuildPhase;
			buildActionMask = 2147483647;
			files = (
			);
			runOnlyForDeploymentPostprocessing = 0;
		};
/* End PBXFrameworksBuildPhase section */

/* Begin PBXGroup section */
		8048A9B62B9DF6BC00F6386E = {
			isa = PBXGroup;
			children = (
				8048A9C12B9DF6BC00F6386E /* ProjectSoftwareTest */,
				8048A9D82B9DF6BD00F6386E /* ProjectSoftwareTestTests */,
				8048A9E22B9DF6BD00F6386E /* ProjectSoftwareTestUITests */,
				8048A9C02B9DF6BC00F6386E /* Products */,
			);
			sourceTree = "<group>";
		};
		8048A9C02B9DF6BC00F6386E /* Products */ = {
			isa = PBXGroup;
			children = (
				8048A9BF2B9DF6BC00F6386E /* ProjectSoftwareTest.app */,
				8048A9D52B9DF6BD00F6386E /* ProjectSoftwareTestTests.xctest */,
				8048A9DF2B9DF6BD00F6386E /* ProjectSoftwareTestUITests.xctest */,
			);
			name = Products;
			sourceTree = "<group>";
		};
		8048A9C12B9DF6BC00F6386E /* ProjectSoftwareTest */ = {
			isa = PBXGroup;
			children = (
				8048A9C22B9DF6BC00F6386E /* AppDelegate.swift */,
				8048A9C42B9DF6BC00F6386E /* SceneDelegate.swift */,
				8048A9C62B9DF6BC00F6386E /* RegisterVC.swift */,
				8048A9F42B9E2DDD00F6386E /* DesignUITextField.swift */,
				8048A9F22B9E18F900F6386E /* Register.swift */,
				809109A72BAF47A800514E72 /* AllAccountModel.swift */,
				8048A9C82B9DF6BC00F6386E /* Main.storyboard */,
				8048A9CB2B9DF6BD00F6386E /* Assets.xcassets */,
				8048A9CD2B9DF6BD00F6386E /* LaunchScreen.storyboard */,
				8048A9D02B9DF6BD00F6386E /* Info.plist */,
			);
			path = ProjectSoftwareTest;
			sourceTree = "<group>";
		};
		8048A9D82B9DF6BD00F6386E /* ProjectSoftwareTestTests */ = {
			isa = PBXGroup;
			children = (
				8048A9D92B9DF6BD00F6386E /* ProjectSoftwareTestTests.swift */,
			);
			path = ProjectSoftwareTestTests;
			sourceTree = "<group>";
		};
		8048A9E22B9DF6BD00F6386E /* ProjectSoftwareTestUITests */ = {
			isa = PBXGroup;
			children = (
				8048A9E32B9DF6BD00F6386E /* ProjectSoftwareTestUITests.swift */,
			);
			path = ProjectSoftwareTestUITests;
			sourceTree = "<group>";
		};
/* End PBXGroup section */

/* Begin PBXNativeTarget section */
		8048A9BE2B9DF6BC00F6386E /* ProjectSoftwareTest */ = {
			isa = PBXNativeTarget;
			buildConfigurationList = 8048A9E92B9DF6BD00F6386E /* Build configuration list for PBXNativeTarget "ProjectSoftwareTest" */;
			buildPhases = (
				8048A9BB2B9DF6BC00F6386E /* Sources */,
				8048A9BC2B9DF6BC00F6386E /* Frameworks */,
				8048A9BD2B9DF6BC00F6386E /* Resources */,
			);
			buildRules = (
			);
			dependencies = (
			);
			name = ProjectSoftwareTest;
			productName = ProjectSoftwareTest;
			productReference = 8048A9BF2B9DF6BC00F6386E /* ProjectSoftwareTest.app */;
			productType = "com.apple.product-type.application";
		};
		8048A9D42B9DF6BD00F6386E /* ProjectSoftwareTestTests */ = {
			isa = PBXNativeTarget;
			buildConfigurationList = 8048A9EC2B9DF6BD00F6386E /* Build configuration list for PBXNativeTarget "ProjectSoftwareTestTests" */;
			buildPhases = (
				8048A9D12B9DF6BD00F6386E /* Sources */,
				8048A9D22B9DF6BD00F6386E /* Frameworks */,
				8048A9D32B9DF6BD00F6386E /* Resources */,
			);
			buildRules = (
			);
			dependencies = (
				8048A9D72B9DF6BD00F6386E /* PBXTargetDependency */,
			);
			name = ProjectSoftwareTestTests;
			productName = ProjectSoftwareTestTests;
			productReference = 8048A9D52B9DF6BD00F6386E /* ProjectSoftwareTestTests.xctest */;
			productType = "com.apple.product-type.bundle.unit-test";
		};
		8048A9DE2B9DF6BD00F6386E /* ProjectSoftwareTestUITests */ = {
			isa = PBXNativeTarget;
			buildConfigurationList = 8048A9EF2B9DF6BD00F6386E /* Build configuration list for PBXNativeTarget "ProjectSoftwareTestUITests" */;
			buildPhases = (
				8048A9DB2B9DF6BD00F6386E /* Sources */,
				8048A9DC2B9DF6BD00F6386E /* Frameworks */,
				8048A9DD2B9DF6BD00F6386E /* Resources */,
			);
			buildRules = (
			);
			dependencies = (
				8048A9E12B9DF6BD00F6386E /* PBXTargetDependency */,
			);
			name = ProjectSoftwareTestUITests;
			productName = ProjectSoftwareTestUITests;
			productReference = 8048A9DF2B9DF6BD00F6386E /* ProjectSoftwareTestUITests.xctest */;
			productType = "com.apple.product-type.bundle.ui-testing";
		};
/* End PBXNativeTarget section */

/* Begin PBXProject section */
		8048A9B72B9DF6BC00F6386E /* Project object */ = {
			isa = PBXProject;
			attributes = {
				BuildIndependentTargetsInParallel = 1;
				LastSwiftUpdateCheck = 1510;
				LastUpgradeCheck = 1510;
				TargetAttributes = {
					8048A9BE2B9DF6BC00F6386E = {
						CreatedOnToolsVersion = 15.1;
					};
					8048A9D42B9DF6BD00F6386E = {
						CreatedOnToolsVersion = 15.1;
						TestTargetID = 8048A9BE2B9DF6BC00F6386E;
					};
					8048A9DE2B9DF6BD00F6386E = {
						CreatedOnToolsVersion = 15.1;
						TestTargetID = 8048A9BE2B9DF6BC00F6386E;
					};
				};
			};
			buildConfigurationList = 8048A9BA2B9DF6BC00F6386E /* Build configuration list for PBXProject "ProjectSoftwareTest" */;
			compatibilityVersion = "Xcode 14.0";
			developmentRegion = en;
			hasScannedForEncodings = 0;
			knownRegions = (
				en,
				Base,
			);
			mainGroup = 8048A9B62B9DF6BC00F6386E;
			productRefGroup = 8048A9C02B9DF6BC00F6386E /* Products */;
			projectDirPath = "";
			projectRoot = "";
			targets = (
				8048A9BE2B9DF6BC00F6386E /* ProjectSoftwareTest */,
				8048A9D42B9DF6BD00F6386E /* ProjectSoftwareTestTests */,
				8048A9DE2B9DF6BD00F6386E /* ProjectSoftwareTestUITests */,
			);
		};
/* End PBXProject section */

/* Begin PBXResourcesBuildPhase section */
		8048A9BD2B9DF6BC00F6386E /* Resources */ = {
			isa = PBXResourcesBuildPhase;
			buildActionMask = 2147483647;
			files = (
				8048A9CF2B9DF6BD00F6386E /* LaunchScreen.storyboard in Resources */,
				8048A9CC2B9DF6BD00F6386E /* Assets.xcassets in Resources */,
				8048A9CA2B9DF6BC00F6386E /* Main.storyboard in Resources */,
			);
			runOnlyForDeploymentPostprocessing = 0;
		};
		8048A9D32B9DF6BD00F6386E /* Resources */ = {
			isa = PBXResourcesBuildPhase;
			buildActionMask = 2147483647;
			files = (
			);
			runOnlyForDeploymentPostprocessing = 0;
		};
		8048A9DD2B9DF6BD00F6386E /* Resources */ = {
			isa = PBXResourcesBuildPhase;
			buildActionMask = 2147483647;
			files = (
			);
			runOnlyForDeploymentPostprocessing = 0;
		};
/* End PBXResourcesBuildPhase section */

/* Begin PBXSourcesBuildPhase section */
		8048A9BB2B9DF6BC00F6386E /* Sources */ = {
			isa = PBXSourcesBuildPhase;
			buildActionMask = 2147483647;
			files = (
				809109A82BAF47A900514E72 /* AllAccountModel.swift in Sources */,
				8048A9F52B9E2DDD00F6386E /* DesignUITextField.swift in Sources */,
				8048A9C72B9DF6BC00F6386E /* RegisterVC.swift in Sources */,
				8048A9C32B9DF6BC00F6386E /* AppDelegate.swift in Sources */,
				8048A9F32B9E18F900F6386E /* Register.swift in Sources */,
				8048A9C52B9DF6BC00F6386E /* SceneDelegate.swift in Sources */,
			);
			runOnlyForDeploymentPostprocessing = 0;
		};
		8048A9D12B9DF6BD00F6386E /* Sources */ = {
			isa = PBXSourcesBuildPhase;
			buildActionMask = 2147483647;
			files = (
				8048A9DA2B9DF6BD00F6386E /* ProjectSoftwareTestTests.swift in Sources */,
			);
			runOnlyForDeploymentPostprocessing = 0;
		};
		8048A9DB2B9DF6BD00F6386E /* Sources */ = {
			isa = PBXSourcesBuildPhase;
			buildActionMask = 2147483647;
			files = (
				8048A9E42B9DF6BD00F6386E /* ProjectSoftwareTestUITests.swift in Sources */,
			);
			runOnlyForDeploymentPostprocessing = 0;
		};
/* End PBXSourcesBuildPhase section */

/* Begin PBXTargetDependency section */
		8048A9D72B9DF6BD00F6386E /* PBXTargetDependency */ = {
			isa = PBXTargetDependency;
			target = 8048A9BE2B9DF6BC00F6386E /* ProjectSoftwareTest */;
			targetProxy = 8048A9D62B9DF6BD00F6386E /* PBXContainerItemProxy */;
		};
		8048A9E12B9DF6BD00F6386E /* PBXTargetDependency */ = {
			isa = PBXTargetDependency;
			target = 8048A9BE2B9DF6BC00F6386E /* ProjectSoftwareTest */;
			targetProxy = 8048A9E02B9DF6BD00F6386E /* PBXContainerItemProxy */;
		};
/* End PBXTargetDependency section */

/* Begin PBXVariantGroup section */
		8048A9C82B9DF6BC00F6386E /* Main.storyboard */ = {
			isa = PBXVariantGroup;
			children = (
				8048A9C92B9DF6BC00F6386E /* Base */,
			);
			name = Main.storyboard;
			sourceTree = "<group>";
		};
		8048A9CD2B9DF6BD00F6386E /* LaunchScreen.storyboard */ = {
			isa = PBXVariantGroup;
			children = (
				8048A9CE2B9DF6BD00F6386E /* Base */,
			);
			name = LaunchScreen.storyboard;
			sourceTree = "<group>";
		};
/* End PBXVariantGroup section */

/* Begin XCBuildConfiguration section */
		8048A9E72B9DF6BD00F6386E /* Debug */ = {
			isa = XCBuildConfiguration;
			buildSettings = {
				ALWAYS_SEARCH_USER_PATHS = NO;
				ASSETCATALOG_COMPILER_GENERATE_SWIFT_ASSET_SYMBOL_EXTENSIONS = YES;
				CLANG_ANALYZER_NONNULL = YES;
				CLANG_ANALYZER_NUMBER_OBJECT_CONVERSION = YES_AGGRESSIVE;
				CLANG_CXX_LANGUAGE_STANDARD = "gnu++20";
				CLANG_ENABLE_MODULES = YES;
				CLANG_ENABLE_OBJC_ARC = YES;
				CLANG_ENABLE_OBJC_WEAK = YES;
				CLANG_WARN_BLOCK_CAPTURE_AUTORELEASING = YES;
				CLANG_WARN_BOOL_CONVERSION = YES;
				CLANG_WARN_COMMA = YES;
				CLANG_WARN_CONSTANT_CONVERSION = YES;
				CLANG_WARN_DEPRECATED_OBJC_IMPLEMENTATIONS = YES;
				CLANG_WARN_DIRECT_OBJC_ISA_USAGE = YES_ERROR;
				CLANG_WARN_DOCUMENTATION_COMMENTS = YES;
				CLANG_WARN_EMPTY_BODY = YES;
				CLANG_WARN_ENUM_CONVERSION = YES;
				CLANG_WARN_INFINITE_RECURSION = YES;
				CLANG_WARN_INT_CONVERSION = YES;
				CLANG_WARN_NON_LITERAL_NULL_CONVERSION = YES;
				CLANG_WARN_OBJC_IMPLICIT_RETAIN_SELF = YES;
				CLANG_WARN_OBJC_LITERAL_CONVERSION = YES;
				CLANG_WARN_OBJC_ROOT_CLASS = YES_ERROR;
				CLANG_WARN_QUOTED_INCLUDE_IN_FRAMEWORK_HEADER = YES;
				CLANG_WARN_RANGE_LOOP_ANALYSIS = YES;
				CLANG_WARN_STRICT_PROTOTYPES = YES;
				CLANG_WARN_SUSPICIOUS_MOVE = YES;
				CLANG_WARN_UNGUARDED_AVAILABILITY = YES_AGGRESSIVE;
				CLANG_WARN_UNREACHABLE_CODE = YES;
				CLANG_WARN__DUPLICATE_METHOD_MATCH = YES;
				COPY_PHASE_STRIP = NO;
				DEBUG_INFORMATION_FORMAT = dwarf;
				ENABLE_STRICT_OBJC_MSGSEND = YES;
				ENABLE_TESTABILITY = YES;
				ENABLE_USER_SCRIPT_SANDBOXING = YES;
				GCC_C_LANGUAGE_STANDARD = gnu17;
				GCC_DYNAMIC_NO_PIC = NO;
				GCC_NO_COMMON_BLOCKS = YES;
				GCC_OPTIMIZATION_LEVEL = 0;
				GCC_PREPROCESSOR_DEFINITIONS = (
					"DEBUG=1",
					"$(inherited)",
				);
				GCC_WARN_64_TO_32_BIT_CONVERSION = YES;
				GCC_WARN_ABOUT_RETURN_TYPE = YES_ERROR;
				GCC_WARN_UNDECLARED_SELECTOR = YES;
				GCC_WARN_UNINITIALIZED_AUTOS = YES_AGGRESSIVE;
				GCC_WARN_UNUSED_FUNCTION = YES;
				GCC_WARN_UNUSED_VARIABLE = YES;
				IPHONEOS_DEPLOYMENT_TARGET = 17.2;
				LOCALIZATION_PREFERS_STRING_CATALOGS = YES;
				MTL_ENABLE_DEBUG_INFO = INCLUDE_SOURCE;
				MTL_FAST_MATH = YES;
				ONLY_ACTIVE_ARCH = YES;
				SDKROOT = iphoneos;
				SWIFT_ACTIVE_COMPILATION_CONDITIONS = "DEBUG $(inherited)";
				SWIFT_OPTIMIZATION_LEVEL = "-Onone";
			};
			name = Debug;
		};
		8048A9E82B9DF6BD00F6386E /* Release */ = {
			isa = XCBuildConfiguration;
			buildSettings = {
				ALWAYS_SEARCH_USER_PATHS = NO;
				ASSETCATALOG_COMPILER_GENERATE_SWIFT_ASSET_SYMBOL_EXTENSIONS = YES;
				CLANG_ANALYZER_NONNULL = YES;
				CLANG_ANALYZER_NUMBER_OBJECT_CONVERSION = YES_AGGRESSIVE;
				CLANG_CXX_LANGUAGE_STANDARD = "gnu++20";
				CLANG_ENABLE_MODULES = YES;
				CLANG_ENABLE_OBJC_ARC = YES;
				CLANG_ENABLE_OBJC_WEAK = YES;
				CLANG_WARN_BLOCK_CAPTURE_AUTORELEASING = YES;
				CLANG_WARN_BOOL_CONVERSION = YES;
				CLANG_WARN_COMMA = YES;
				CLANG_WARN_CONSTANT_CONVERSION = YES;
				CLANG_WARN_DEPRECATED_OBJC_IMPLEMENTATIONS = YES;
				CLANG_WARN_DIRECT_OBJC_ISA_USAGE = YES_ERROR;
				CLANG_WARN_DOCUMENTATION_COMMENTS = YES;
				CLANG_WARN_EMPTY_BODY = YES;
				CLANG_WARN_ENUM_CONVERSION = YES;
				CLANG_WARN_INFINITE_RECURSION = YES;
				CLANG_WARN_INT_CONVERSION = YES;
				CLANG_WARN_NON_LITERAL_NULL_CONVERSION = YES;
				CLANG_WARN_OBJC_IMPLICIT_RETAIN_SELF = YES;
				CLANG_WARN_OBJC_LITERAL_CONVERSION = YES;
				CLANG_WARN_OBJC_ROOT_CLASS = YES_ERROR;
				CLANG_WARN_QUOTED_INCLUDE_IN_FRAMEWORK_HEADER = YES;
				CLANG_WARN_RANGE_LOOP_ANALYSIS = YES;
				CLANG_WARN_STRICT_PROTOTYPES = YES;
				CLANG_WARN_SUSPICIOUS_MOVE = YES;
				CLANG_WARN_UNGUARDED_AVAILABILITY = YES_AGGRESSIVE;
				CLANG_WARN_UNREACHABLE_CODE = YES;
				CLANG_WARN__DUPLICATE_METHOD_MATCH = YES;
				COPY_PHASE_STRIP = NO;
				DEBUG_INFORMATION_FORMAT = "dwarf-with-dsym";
				ENABLE_NS_ASSERTIONS = NO;
				ENABLE_STRICT_OBJC_MSGSEND = YES;
				ENABLE_USER_SCRIPT_SANDBOXING = YES;
				GCC_C_LANGUAGE_STANDARD = gnu17;
				GCC_NO_COMMON_BLOCKS = YES;
				GCC_WARN_64_TO_32_BIT_CONVERSION = YES;
				GCC_WARN_ABOUT_RETURN_TYPE = YES_ERROR;
				GCC_WARN_UNDECLARED_SELECTOR = YES;
				GCC_WARN_UNINITIALIZED_AUTOS = YES_AGGRESSIVE;
				GCC_WARN_UNUSED_FUNCTION = YES;
				GCC_WARN_UNUSED_VARIABLE = YES;
				IPHONEOS_DEPLOYMENT_TARGET = 17.2;
				LOCALIZATION_PREFERS_STRING_CATALOGS = YES;
				MTL_ENABLE_DEBUG_INFO = NO;
				MTL_FAST_MATH = YES;
				SDKROOT = iphoneos;
				SWIFT_COMPILATION_MODE = wholemodule;
				VALIDATE_PRODUCT = YES;
			};
			name = Release;
		};
		8048A9EA2B9DF6BD00F6386E /* Debug */ = {
			isa = XCBuildConfiguration;
			buildSettings = {
				ASSETCATALOG_COMPILER_APPICON_NAME = AppIcon;
				ASSETCATALOG_COMPILER_GLOBAL_ACCENT_COLOR_NAME = AccentColor;
				CODE_SIGN_STYLE = Automatic;
				CURRENT_PROJECT_VERSION = 1;
				GENERATE_INFOPLIST_FILE = YES;
				INFOPLIST_FILE = ProjectSoftwareTest/Info.plist;
				INFOPLIST_KEY_UIApplicationSupportsIndirectInputEvents = YES;
				INFOPLIST_KEY_UILaunchStoryboardName = LaunchScreen;
				INFOPLIST_KEY_UIMainStoryboardFile = Main;
				INFOPLIST_KEY_UISupportedInterfaceOrientations_iPad = "UIInterfaceOrientationPortrait UIInterfaceOrientationPortraitUpsideDown UIInterfaceOrientationLandscapeLeft UIInterfaceOrientationLandscapeRight";
				INFOPLIST_KEY_UISupportedInterfaceOrientations_iPhone = "UIInterfaceOrientationPortrait UIInterfaceOrientationLandscapeLeft UIInterfaceOrientationLandscapeRight";
				LD_RUNPATH_SEARCH_PATHS = (
					"$(inherited)",
					"@executable_path/Frameworks",
				);
				MARKETING_VERSION = 1.0;
				PRODUCT_BUNDLE_IDENTIFIER = callmeOni.ProjectSoftwareTest;
				PRODUCT_NAME = "$(TARGET_NAME)";
				SWIFT_EMIT_LOC_STRINGS = YES;
				SWIFT_VERSION = 5.0;
				TARGETED_DEVICE_FAMILY = "1,2";
			};
			name = Debug;
		};
		8048A9EB2B9DF6BD00F6386E /* Release */ = {
			isa = XCBuildConfiguration;
			buildSettings = {
				ASSETCATALOG_COMPILER_APPICON_NAME = AppIcon;
				ASSETCATALOG_COMPILER_GLOBAL_ACCENT_COLOR_NAME = AccentColor;
				CODE_SIGN_STYLE = Automatic;
				CURRENT_PROJECT_VERSION = 1;
				GENERATE_INFOPLIST_FILE = YES;
				INFOPLIST_FILE = ProjectSoftwareTest/Info.plist;
				INFOPLIST_KEY_UIApplicationSupportsIndirectInputEvents = YES;
				INFOPLIST_KEY_UILaunchStoryboardName = LaunchScreen;
				INFOPLIST_KEY_UIMainStoryboardFile = Main;
				INFOPLIST_KEY_UISupportedInterfaceOrientations_iPad = "UIInterfaceOrientationPortrait UIInterfaceOrientationPortraitUpsideDown UIInterfaceOrientationLandscapeLeft UIInterfaceOrientationLandscapeRight";
				INFOPLIST_KEY_UISupportedInterfaceOrientations_iPhone = "UIInterfaceOrientationPortrait UIInterfaceOrientationLandscapeLeft UIInterfaceOrientationLandscapeRight";
				LD_RUNPATH_SEARCH_PATHS = (
					"$(inherited)",
					"@executable_path/Frameworks",
				);
				MARKETING_VERSION = 1.0;
				PRODUCT_BUNDLE_IDENTIFIER = callmeOni.ProjectSoftwareTest;
				PRODUCT_NAME = "$(TARGET_NAME)";
				SWIFT_EMIT_LOC_STRINGS = YES;
				SWIFT_VERSION = 5.0;
				TARGETED_DEVICE_FAMILY = "1,2";
			};
			name = Release;
		};
		8048A9ED2B9DF6BD00F6386E /* Debug */ = {
			isa = XCBuildConfiguration;
			buildSettings = {
				ALWAYS_EMBED_SWIFT_STANDARD_LIBRARIES = YES;
				BUNDLE_LOADER = "$(TEST_HOST)";
				CODE_SIGN_STYLE = Automatic;
				CURRENT_PROJECT_VERSION = 1;
				GENERATE_INFOPLIST_FILE = YES;
				IPHONEOS_DEPLOYMENT_TARGET = 17.2;
				MARKETING_VERSION = 1.0;
				PRODUCT_BUNDLE_IDENTIFIER = callmeOni.ProjectSoftwareTestTests;
				PRODUCT_NAME = "$(TARGET_NAME)";
				SWIFT_EMIT_LOC_STRINGS = NO;
				SWIFT_VERSION = 5.0;
				TARGETED_DEVICE_FAMILY = "1,2";
				TEST_HOST = "$(BUILT_PRODUCTS_DIR)/ProjectSoftwareTest.app/$(BUNDLE_EXECUTABLE_FOLDER_PATH)/ProjectSoftwareTest";
			};
			name = Debug;
		};
		8048A9EE2B9DF6BD00F6386E /* Release */ = {
			isa = XCBuildConfiguration;
			buildSettings = {
				ALWAYS_EMBED_SWIFT_STANDARD_LIBRARIES = YES;
				BUNDLE_LOADER = "$(TEST_HOST)";
				CODE_SIGN_STYLE = Automatic;
				CURRENT_PROJECT_VERSION = 1;
				GENERATE_INFOPLIST_FILE = YES;
				IPHONEOS_DEPLOYMENT_TARGET = 17.2;
				MARKETING_VERSION = 1.0;
				PRODUCT_BUNDLE_IDENTIFIER = callmeOni.ProjectSoftwareTestTests;
				PRODUCT_NAME = "$(TARGET_NAME)";
				SWIFT_EMIT_LOC_STRINGS = NO;
				SWIFT_VERSION = 5.0;
				TARGETED_DEVICE_FAMILY = "1,2";
				TEST_HOST = "$(BUILT_PRODUCTS_DIR)/ProjectSoftwareTest.app/$(BUNDLE_EXECUTABLE_FOLDER_PATH)/ProjectSoftwareTest";
			};
			name = Release;
		};
		8048A9F02B9DF6BD00F6386E /* Debug */ = {
			isa = XCBuildConfiguration;
			buildSettings = {
				ALWAYS_EMBED_SWIFT_STANDARD_LIBRARIES = YES;
				CODE_SIGN_STYLE = Automatic;
				CURRENT_PROJECT_VERSION = 1;
				GENERATE_INFOPLIST_FILE = YES;
				MARKETING_VERSION = 1.0;
				PRODUCT_BUNDLE_IDENTIFIER = callmeOni.ProjectSoftwareTestUITests;
				PRODUCT_NAME = "$(TARGET_NAME)";
				SWIFT_EMIT_LOC_STRINGS = NO;
				SWIFT_VERSION = 5.0;
				TARGETED_DEVICE_FAMILY = "1,2";
				TEST_TARGET_NAME = ProjectSoftwareTest;
			};
			name = Debug;
		};
		8048A9F12B9DF6BD00F6386E /* Release */ = {
			isa = XCBuildConfiguration;
			buildSettings = {
				ALWAYS_EMBED_SWIFT_STANDARD_LIBRARIES = YES;
				CODE_SIGN_STYLE = Automatic;
				CURRENT_PROJECT_VERSION = 1;
				GENERATE_INFOPLIST_FILE = YES;
				MARKETING_VERSION = 1.0;
				PRODUCT_BUNDLE_IDENTIFIER = callmeOni.ProjectSoftwareTestUITests;
				PRODUCT_NAME = "$(TARGET_NAME)";
				SWIFT_EMIT_LOC_STRINGS = NO;
				SWIFT_VERSION = 5.0;
				TARGETED_DEVICE_FAMILY = "1,2";
				TEST_TARGET_NAME = ProjectSoftwareTest;
			};
			name = Release;
		};
/* End XCBuildConfiguration section */

/* Begin XCConfigurationList section */
		8048A9BA2B9DF6BC00F6386E /* Build configuration list for PBXProject "ProjectSoftwareTest" */ = {
			isa = XCConfigurationList;
			buildConfigurations = (
				8048A9E72B9DF6BD00F6386E /* Debug */,
				8048A9E82B9DF6BD00F6386E /* Release */,
			);
			defaultConfigurationIsVisible = 0;
			defaultConfigurationName = Release;
		};
		8048A9E92B9DF6BD00F6386E /* Build configuration list for PBXNativeTarget "ProjectSoftwareTest" */ = {
			isa = XCConfigurationList;
			buildConfigurations = (
				8048A9EA2B9DF6BD00F6386E /* Debug */,
				8048A9EB2B9DF6BD00F6386E /* Release */,
			);
			defaultConfigurationIsVisible = 0;
			defaultConfigurationName = Release;
		};
		8048A9EC2B9DF6BD00F6386E /* Build configuration list for PBXNativeTarget "ProjectSoftwareTestTests" */ = {
			isa = XCConfigurationList;
			buildConfigurations = (
				8048A9ED2B9DF6BD00F6386E /* Debug */,
				8048A9EE2B9DF6BD00F6386E /* Release */,
			);
			defaultConfigurationIsVisible = 0;
			defaultConfigurationName = Release;
		};
		8048A9EF2B9DF6BD00F6386E /* Build configuration list for PBXNativeTarget "ProjectSoftwareTestUITests" */ = {
			isa = XCConfigurationList;
			buildConfigurations = (
				8048A9F02B9DF6BD00F6386E /* Debug */,
				8048A9F12B9DF6BD00F6386E /* Release */,
			);
			defaultConfigurationIsVisible = 0;
			defaultConfigurationName = Release;
		};
/* End XCConfigurationList section */
	};
	rootObject = 8048A9B72B9DF6BC00F6386E /* Project object */;
}
