// !$*UTF8*$!
{
	archiveVersion = 1;
	classes = {
	};
	objectVersion = 56;
	objects = {

/* Begin PBXBuildFile section */
		D71715462D13F294000DCD1F /* DemoChatGPTStreamingApp.swift in Sources */ = {isa = PBXBuildFile; fileRef = D71715452D13F294000DCD1F /* DemoChatGPTStreamingApp.swift */; };
		D717154A2D13F295000DCD1F /* Assets.xcassets in Resources */ = {isa = PBXBuildFile; fileRef = D71715492D13F295000DCD1F /* Assets.xcassets */; };
		D717154D2D13F295000DCD1F /* Preview Assets.xcassets in Resources */ = {isa = PBXBuildFile; fileRef = D717154C2D13F295000DCD1F /* Preview Assets.xcassets */; };
		D71715602D13F2C0000DCD1F /* DateProvider.swift in Sources */ = {isa = PBXBuildFile; fileRef = D71715532D13F2C0000DCD1F /* DateProvider.swift */; };
		D71715612D13F2C0000DCD1F /* ChatView.swift in Sources */ = {isa = PBXBuildFile; fileRef = D71715552D13F2C0000DCD1F /* ChatView.swift */; };
		D71715622D13F2C0000DCD1F /* DetailView.swift in Sources */ = {isa = PBXBuildFile; fileRef = D71715562D13F2C0000DCD1F /* DetailView.swift */; };
		D71715632D13F2C0000DCD1F /* ListView.swift in Sources */ = {isa = PBXBuildFile; fileRef = D71715572D13F2C0000DCD1F /* ListView.swift */; };
		D71715642D13F2C0000DCD1F /* APIProvidedView.swift in Sources */ = {isa = PBXBuildFile; fileRef = D71715582D13F2C0000DCD1F /* APIProvidedView.swift */; };
		D71715652D13F2C0000DCD1F /* ChatModel.swift in Sources */ = {isa = PBXBuildFile; fileRef = D717155A2D13F2C0000DCD1F /* ChatModel.swift */; };
		D71715662D13F2C0000DCD1F /* View+RootVC.swift in Sources */ = {isa = PBXBuildFile; fileRef = D717155C2D13F2C0000DCD1F /* View+RootVC.swift */; };
		D71715672D13F2C0000DCD1F /* ChatStore.swift in Sources */ = {isa = PBXBuildFile; fileRef = D717155E2D13F2C0000DCD1F /* ChatStore.swift */; };
		D717156A2D13F2ED000DCD1F /* OpenAI in Frameworks */ = {isa = PBXBuildFile; productRef = D71715692D13F2ED000DCD1F /* OpenAI */; };
		D717156C2D13F31E000DCD1F /* APIKeyView.swift in Sources */ = {isa = PBXBuildFile; fileRef = D717156B2D13F31E000DCD1F /* APIKeyView.swift */; };
		D71715712D140353000DCD1F /* TabbarContentView.swift in Sources */ = {isa = PBXBuildFile; fileRef = D71715702D140353000DCD1F /* TabbarContentView.swift */; };
		D71715742D1405A4000DCD1F /* ImageStore.swift in Sources */ = {isa = PBXBuildFile; fileRef = D71715732D1405A3000DCD1F /* ImageStore.swift */; };
		D71715762D1405B5000DCD1F /* MiscStore.swift in Sources */ = {isa = PBXBuildFile; fileRef = D71715752D1405B5000DCD1F /* MiscStore.swift */; };
		D717157A2D140601000DCD1F /* ImageView.swift in Sources */ = {isa = PBXBuildFile; fileRef = D71715792D140601000DCD1F /* ImageView.swift */; };
		D717157C2D14062B000DCD1F /* ImageCreationView.swift in Sources */ = {isa = PBXBuildFile; fileRef = D717157B2D14062B000DCD1F /* ImageCreationView.swift */; };
		D717157E2D140633000DCD1F /* LinkPreview.swift in Sources */ = {isa = PBXBuildFile; fileRef = D717157D2D140633000DCD1F /* LinkPreview.swift */; };
		D71715812D140824000DCD1F /* MiscView.swift in Sources */ = {isa = PBXBuildFile; fileRef = D71715802D140824000DCD1F /* MiscView.swift */; };
		D71715832D14083D000DCD1F /* ListModelsView.swift in Sources */ = {isa = PBXBuildFile; fileRef = D71715822D14083D000DCD1F /* ListModelsView.swift */; };
		D71715852D140858000DCD1F /* ModerationChatView.swift in Sources */ = {isa = PBXBuildFile; fileRef = D71715842D140858000DCD1F /* ModerationChatView.swift */; };
		D71715872D140869000DCD1F /* TextToSpeechView.swift in Sources */ = {isa = PBXBuildFile; fileRef = D71715862D140869000DCD1F /* TextToSpeechView.swift */; };
		D71715892D14088E000DCD1F /* SpeechStore.swift in Sources */ = {isa = PBXBuildFile; fileRef = D71715882D14088E000DCD1F /* SpeechStore.swift */; };
		D717158B2D1419AE000DCD1F /* ChatBubbleView.swift in Sources */ = {isa = PBXBuildFile; fileRef = D717158A2D1419AE000DCD1F /* ChatBubbleView.swift */; };
/* End PBXBuildFile section */

/* Begin PBXFileReference section */
		D71715422D13F294000DCD1F /* DemoChatGPTStreaming.app */ = {isa = PBXFileReference; explicitFileType = wrapper.application; includeInIndex = 0; path = DemoChatGPTStreaming.app; sourceTree = BUILT_PRODUCTS_DIR; };
		D71715452D13F294000DCD1F /* DemoChatGPTStreamingApp.swift */ = {isa = PBXFileReference; lastKnownFileType = sourcecode.swift; path = DemoChatGPTStreamingApp.swift; sourceTree = "<group>"; };
		D71715492D13F295000DCD1F /* Assets.xcassets */ = {isa = PBXFileReference; lastKnownFileType = folder.assetcatalog; path = Assets.xcassets; sourceTree = "<group>"; };
		D717154C2D13F295000DCD1F /* Preview Assets.xcassets */ = {isa = PBXFileReference; lastKnownFileType = folder.assetcatalog; path = "Preview Assets.xcassets"; sourceTree = "<group>"; };
		D71715532D13F2C0000DCD1F /* DateProvider.swift */ = {isa = PBXFileReference; fileEncoding = 4; lastKnownFileType = sourcecode.swift; path = DateProvider.swift; sourceTree = "<group>"; };
		D71715552D13F2C0000DCD1F /* ChatView.swift */ = {isa = PBXFileReference; fileEncoding = 4; lastKnownFileType = sourcecode.swift; path = ChatView.swift; sourceTree = "<group>"; };
		D71715562D13F2C0000DCD1F /* DetailView.swift */ = {isa = PBXFileReference; fileEncoding = 4; lastKnownFileType = sourcecode.swift; path = DetailView.swift; sourceTree = "<group>"; };
		D71715572D13F2C0000DCD1F /* ListView.swift */ = {isa = PBXFileReference; fileEncoding = 4; lastKnownFileType = sourcecode.swift; path = ListView.swift; sourceTree = "<group>"; };
		D71715582D13F2C0000DCD1F /* APIProvidedView.swift */ = {isa = PBXFileReference; fileEncoding = 4; lastKnownFileType = sourcecode.swift; path = APIProvidedView.swift; sourceTree = "<group>"; };
		D717155A2D13F2C0000DCD1F /* ChatModel.swift */ = {isa = PBXFileReference; fileEncoding = 4; lastKnownFileType = sourcecode.swift; path = ChatModel.swift; sourceTree = "<group>"; };
		D717155C2D13F2C0000DCD1F /* View+RootVC.swift */ = {isa = PBXFileReference; fileEncoding = 4; lastKnownFileType = sourcecode.swift; path = "View+RootVC.swift"; sourceTree = "<group>"; };
		D717155E2D13F2C0000DCD1F /* ChatStore.swift */ = {isa = PBXFileReference; fileEncoding = 4; lastKnownFileType = sourcecode.swift; path = ChatStore.swift; sourceTree = "<group>"; };
		D717156B2D13F31E000DCD1F /* APIKeyView.swift */ = {isa = PBXFileReference; lastKnownFileType = sourcecode.swift; path = APIKeyView.swift; sourceTree = "<group>"; };
		D71715702D140353000DCD1F /* TabbarContentView.swift */ = {isa = PBXFileReference; lastKnownFileType = sourcecode.swift; path = TabbarContentView.swift; sourceTree = "<group>"; };
		D71715732D1405A3000DCD1F /* ImageStore.swift */ = {isa = PBXFileReference; lastKnownFileType = sourcecode.swift; path = ImageStore.swift; sourceTree = "<group>"; };
		D71715752D1405B5000DCD1F /* MiscStore.swift */ = {isa = PBXFileReference; lastKnownFileType = sourcecode.swift; path = MiscStore.swift; sourceTree = "<group>"; };
		D71715792D140601000DCD1F /* ImageView.swift */ = {isa = PBXFileReference; lastKnownFileType = sourcecode.swift; path = ImageView.swift; sourceTree = "<group>"; };
		D717157B2D14062B000DCD1F /* ImageCreationView.swift */ = {isa = PBXFileReference; lastKnownFileType = sourcecode.swift; path = ImageCreationView.swift; sourceTree = "<group>"; };
		D717157D2D140633000DCD1F /* LinkPreview.swift */ = {isa = PBXFileReference; lastKnownFileType = sourcecode.swift; path = LinkPreview.swift; sourceTree = "<group>"; };
		D71715802D140824000DCD1F /* MiscView.swift */ = {isa = PBXFileReference; lastKnownFileType = sourcecode.swift; path = MiscView.swift; sourceTree = "<group>"; };
		D71715822D14083D000DCD1F /* ListModelsView.swift */ = {isa = PBXFileReference; lastKnownFileType = sourcecode.swift; path = ListModelsView.swift; sourceTree = "<group>"; };
		D71715842D140858000DCD1F /* ModerationChatView.swift */ = {isa = PBXFileReference; lastKnownFileType = sourcecode.swift; path = ModerationChatView.swift; sourceTree = "<group>"; };
		D71715862D140869000DCD1F /* TextToSpeechView.swift */ = {isa = PBXFileReference; lastKnownFileType = sourcecode.swift; path = TextToSpeechView.swift; sourceTree = "<group>"; };
		D71715882D14088E000DCD1F /* SpeechStore.swift */ = {isa = PBXFileReference; lastKnownFileType = sourcecode.swift; path = SpeechStore.swift; sourceTree = "<group>"; };
		D717158A2D1419AE000DCD1F /* ChatBubbleView.swift */ = {isa = PBXFileReference; lastKnownFileType = sourcecode.swift; path = ChatBubbleView.swift; sourceTree = "<group>"; };
/* End PBXFileReference section */

/* Begin PBXFrameworksBuildPhase section */
		D717153F2D13F294000DCD1F /* Frameworks */ = {
			isa = PBXFrameworksBuildPhase;
			buildActionMask = 2147483647;
			files = (
				D717156A2D13F2ED000DCD1F /* OpenAI in Frameworks */,
			);
			runOnlyForDeploymentPostprocessing = 0;
		};
/* End PBXFrameworksBuildPhase section */

/* Begin PBXGroup section */
		D71715392D13F294000DCD1F = {
			isa = PBXGroup;
			children = (
				D71715442D13F294000DCD1F /* DemoChatGPTStreaming */,
				D71715432D13F294000DCD1F /* Products */,
			);
			sourceTree = "<group>";
		};
		D71715432D13F294000DCD1F /* Products */ = {
			isa = PBXGroup;
			children = (
				D71715422D13F294000DCD1F /* DemoChatGPTStreaming.app */,
			);
			name = Products;
			sourceTree = "<group>";
		};
		D71715442D13F294000DCD1F /* DemoChatGPTStreaming */ = {
			isa = PBXGroup;
			children = (
				D71715452D13F294000DCD1F /* DemoChatGPTStreamingApp.swift */,
				D717156D2D13F7EF000DCD1F /* Extension */,
				D717155B2D13F2C0000DCD1F /* Model */,
				D717155F2D13F2C0000DCD1F /* Store */,
				D71715592D13F2C0000DCD1F /* UI */,
				D71715492D13F295000DCD1F /* Assets.xcassets */,
				D717154B2D13F295000DCD1F /* Preview Content */,
			);
			path = DemoChatGPTStreaming;
			sourceTree = "<group>";
		};
		D717154B2D13F295000DCD1F /* Preview Content */ = {
			isa = PBXGroup;
			children = (
				D717154C2D13F295000DCD1F /* Preview Assets.xcassets */,
			);
			path = "Preview Content";
			sourceTree = "<group>";
		};
		D71715542D13F2C0000DCD1F /* Env */ = {
			isa = PBXGroup;
			children = (
				D71715532D13F2C0000DCD1F /* DateProvider.swift */,
			);
			path = Env;
			sourceTree = "<group>";
		};
		D71715592D13F2C0000DCD1F /* UI */ = {
			isa = PBXGroup;
			children = (
				D717156B2D13F31E000DCD1F /* APIKeyView.swift */,
				D71715582D13F2C0000DCD1F /* APIProvidedView.swift */,
				D71715702D140353000DCD1F /* TabbarContentView.swift */,
				D71715722D1404C1000DCD1F /* FeatureGPTView */,
				D71715542D13F2C0000DCD1F /* Env */,
			);
			path = UI;
			sourceTree = "<group>";
		};
		D717155B2D13F2C0000DCD1F /* Model */ = {
			isa = PBXGroup;
			children = (
				D717155A2D13F2C0000DCD1F /* ChatModel.swift */,
			);
			path = Model;
			sourceTree = "<group>";
		};
		D717155D2D13F2C0000DCD1F /* ExtensionView */ = {
			isa = PBXGroup;
			children = (
				D717155C2D13F2C0000DCD1F /* View+RootVC.swift */,
			);
			path = ExtensionView;
			sourceTree = "<group>";
		};
		D717155F2D13F2C0000DCD1F /* Store */ = {
			isa = PBXGroup;
			children = (
				D717155E2D13F2C0000DCD1F /* ChatStore.swift */,
				D71715732D1405A3000DCD1F /* ImageStore.swift */,
				D71715752D1405B5000DCD1F /* MiscStore.swift */,
				D71715882D14088E000DCD1F /* SpeechStore.swift */,
			);
			path = Store;
			sourceTree = "<group>";
		};
		D717156D2D13F7EF000DCD1F /* Extension */ = {
			isa = PBXGroup;
			children = (
				D717155D2D13F2C0000DCD1F /* ExtensionView */,
			);
			path = Extension;
			sourceTree = "<group>";
		};
		D71715722D1404C1000DCD1F /* FeatureGPTView */ = {
			isa = PBXGroup;
			children = (
				D717157F2D14081E000DCD1F /* MiscView */,
				D71715782D1405F5000DCD1F /* GenImageView */,
				D71715772D1405EE000DCD1F /* ChatView */,
			);
			path = FeatureGPTView;
			sourceTree = "<group>";
		};
		D71715772D1405EE000DCD1F /* ChatView */ = {
			isa = PBXGroup;
			children = (
				D71715552D13F2C0000DCD1F /* ChatView.swift */,
				D71715572D13F2C0000DCD1F /* ListView.swift */,
				D71715562D13F2C0000DCD1F /* DetailView.swift */,
				D717158A2D1419AE000DCD1F /* ChatBubbleView.swift */,
			);
			path = ChatView;
			sourceTree = "<group>";
		};
		D71715782D1405F5000DCD1F /* GenImageView */ = {
			isa = PBXGroup;
			children = (
				D71715792D140601000DCD1F /* ImageView.swift */,
				D717157B2D14062B000DCD1F /* ImageCreationView.swift */,
				D717157D2D140633000DCD1F /* LinkPreview.swift */,
			);
			path = GenImageView;
			sourceTree = "<group>";
		};
		D717157F2D14081E000DCD1F /* MiscView */ = {
			isa = PBXGroup;
			children = (
				D71715802D140824000DCD1F /* MiscView.swift */,
				D71715822D14083D000DCD1F /* ListModelsView.swift */,
				D71715842D140858000DCD1F /* ModerationChatView.swift */,
				D71715862D140869000DCD1F /* TextToSpeechView.swift */,
			);
			path = MiscView;
			sourceTree = "<group>";
		};
/* End PBXGroup section */

/* Begin PBXNativeTarget section */
		D71715412D13F294000DCD1F /* DemoChatGPTStreaming */ = {
			isa = PBXNativeTarget;
			buildConfigurationList = D71715502D13F295000DCD1F /* Build configuration list for PBXNativeTarget "DemoChatGPTStreaming" */;
			buildPhases = (
				D717153E2D13F294000DCD1F /* Sources */,
				D717153F2D13F294000DCD1F /* Frameworks */,
				D71715402D13F294000DCD1F /* Resources */,
			);
			buildRules = (
			);
			dependencies = (
			);
			name = DemoChatGPTStreaming;
			packageProductDependencies = (
				D71715692D13F2ED000DCD1F /* OpenAI */,
			);
			productName = DemoChatGPTStreaming;
			productReference = D71715422D13F294000DCD1F /* DemoChatGPTStreaming.app */;
			productType = "com.apple.product-type.application";
		};
/* End PBXNativeTarget section */

/* Begin PBXProject section */
		D717153A2D13F294000DCD1F /* Project object */ = {
			isa = PBXProject;
			attributes = {
				BuildIndependentTargetsInParallel = 1;
				LastSwiftUpdateCheck = 1540;
				LastUpgradeCheck = 1540;
				TargetAttributes = {
					D71715412D13F294000DCD1F = {
						CreatedOnToolsVersion = 15.4;
					};
				};
			};
			buildConfigurationList = D717153D2D13F294000DCD1F /* Build configuration list for PBXProject "DemoChatGPTStreaming" */;
			compatibilityVersion = "Xcode 14.0";
			developmentRegion = en;
			hasScannedForEncodings = 0;
			knownRegions = (
				en,
				Base,
			);
			mainGroup = D71715392D13F294000DCD1F;
			packageReferences = (
				D71715682D13F2ED000DCD1F /* XCRemoteSwiftPackageReference "OpenAI" */,
			);
			productRefGroup = D71715432D13F294000DCD1F /* Products */;
			projectDirPath = "";
			projectRoot = "";
			targets = (
				D71715412D13F294000DCD1F /* DemoChatGPTStreaming */,
			);
		};
/* End PBXProject section */

/* Begin PBXResourcesBuildPhase section */
		D71715402D13F294000DCD1F /* Resources */ = {
			isa = PBXResourcesBuildPhase;
			buildActionMask = 2147483647;
			files = (
				D717154D2D13F295000DCD1F /* Preview Assets.xcassets in Resources */,
				D717154A2D13F295000DCD1F /* Assets.xcassets in Resources */,
			);
			runOnlyForDeploymentPostprocessing = 0;
		};
/* End PBXResourcesBuildPhase section */

/* Begin PBXSourcesBuildPhase section */
		D717153E2D13F294000DCD1F /* Sources */ = {
			isa = PBXSourcesBuildPhase;
			buildActionMask = 2147483647;
			files = (
				D717156C2D13F31E000DCD1F /* APIKeyView.swift in Sources */,
				D71715642D13F2C0000DCD1F /* APIProvidedView.swift in Sources */,
				D71715712D140353000DCD1F /* TabbarContentView.swift in Sources */,
				D71715612D13F2C0000DCD1F /* ChatView.swift in Sources */,
				D71715662D13F2C0000DCD1F /* View+RootVC.swift in Sources */,
				D71715672D13F2C0000DCD1F /* ChatStore.swift in Sources */,
				D71715652D13F2C0000DCD1F /* ChatModel.swift in Sources */,
				D71715632D13F2C0000DCD1F /* ListView.swift in Sources */,
				D71715872D140869000DCD1F /* TextToSpeechView.swift in Sources */,
				D717157A2D140601000DCD1F /* ImageView.swift in Sources */,
				D717158B2D1419AE000DCD1F /* ChatBubbleView.swift in Sources */,
				D71715852D140858000DCD1F /* ModerationChatView.swift in Sources */,
				D71715602D13F2C0000DCD1F /* DateProvider.swift in Sources */,
				D71715832D14083D000DCD1F /* ListModelsView.swift in Sources */,
				D71715812D140824000DCD1F /* MiscView.swift in Sources */,
				D71715622D13F2C0000DCD1F /* DetailView.swift in Sources */,
				D71715462D13F294000DCD1F /* DemoChatGPTStreamingApp.swift in Sources */,
				D717157E2D140633000DCD1F /* LinkPreview.swift in Sources */,
				D717157C2D14062B000DCD1F /* ImageCreationView.swift in Sources */,
				D71715892D14088E000DCD1F /* SpeechStore.swift in Sources */,
				D71715762D1405B5000DCD1F /* MiscStore.swift in Sources */,
				D71715742D1405A4000DCD1F /* ImageStore.swift in Sources */,
			);
			runOnlyForDeploymentPostprocessing = 0;
		};
/* End PBXSourcesBuildPhase section */

/* Begin XCBuildConfiguration section */
		D717154E2D13F295000DCD1F /* Debug */ = {
			isa = XCBuildConfiguration;
			buildSettings = {
				ALWAYS_SEARCH_USER_PATHS = NO;
				ASSETCATALOG_COMPILER_GENERATE_SWIFT_ASSET_SYMBOL_EXTENSIONS = YES;
				CLANG_ANALYZER_NONNULL = YES;
				CLANG_ANALYZER_NUMBER_OBJECT_CONVERSION = YES_AGGRESSIVE;
				CLANG_CXX_LANGUAGE_STANDARD = "gnu++20";
				CLANG_ENABLE_MODULES = YES;
				CLANG_ENABLE_OBJC_ARC = YES;
				CLANG_ENABLE_OBJC_WEAK = YES;
				CLANG_WARN_BLOCK_CAPTURE_AUTORELEASING = YES;
				CLANG_WARN_BOOL_CONVERSION = YES;
				CLANG_WARN_COMMA = YES;
				CLANG_WARN_CONSTANT_CONVERSION = YES;
				CLANG_WARN_DEPRECATED_OBJC_IMPLEMENTATIONS = YES;
				CLANG_WARN_DIRECT_OBJC_ISA_USAGE = YES_ERROR;
				CLANG_WARN_DOCUMENTATION_COMMENTS = YES;
				CLANG_WARN_EMPTY_BODY = YES;
				CLANG_WARN_ENUM_CONVERSION = YES;
				CLANG_WARN_INFINITE_RECURSION = YES;
				CLANG_WARN_INT_CONVERSION = YES;
				CLANG_WARN_NON_LITERAL_NULL_CONVERSION = YES;
				CLANG_WARN_OBJC_IMPLICIT_RETAIN_SELF = YES;
				CLANG_WARN_OBJC_LITERAL_CONVERSION = YES;
				CLANG_WARN_OBJC_ROOT_CLASS = YES_ERROR;
				CLANG_WARN_QUOTED_INCLUDE_IN_FRAMEWORK_HEADER = YES;
				CLANG_WARN_RANGE_LOOP_ANALYSIS = YES;
				CLANG_WARN_STRICT_PROTOTYPES = YES;
				CLANG_WARN_SUSPICIOUS_MOVE = YES;
				CLANG_WARN_UNGUARDED_AVAILABILITY = YES_AGGRESSIVE;
				CLANG_WARN_UNREACHABLE_CODE = YES;
				CLANG_WARN__DUPLICATE_METHOD_MATCH = YES;
				COPY_PHASE_STRIP = NO;
				DEBUG_INFORMATION_FORMAT = dwarf;
				ENABLE_STRICT_OBJC_MSGSEND = YES;
				ENABLE_TESTABILITY = YES;
				ENABLE_USER_SCRIPT_SANDBOXING = YES;
				GCC_C_LANGUAGE_STANDARD = gnu17;
				GCC_DYNAMIC_NO_PIC = NO;
				GCC_NO_COMMON_BLOCKS = YES;
				GCC_OPTIMIZATION_LEVEL = 0;
				GCC_PREPROCESSOR_DEFINITIONS = (
					"DEBUG=1",
					"$(inherited)",
				);
				GCC_WARN_64_TO_32_BIT_CONVERSION = YES;
				GCC_WARN_ABOUT_RETURN_TYPE = YES_ERROR;
				GCC_WARN_UNDECLARED_SELECTOR = YES;
				GCC_WARN_UNINITIALIZED_AUTOS = YES_AGGRESSIVE;
				GCC_WARN_UNUSED_FUNCTION = YES;
				GCC_WARN_UNUSED_VARIABLE = YES;
				IPHONEOS_DEPLOYMENT_TARGET = 17.5;
				LOCALIZATION_PREFERS_STRING_CATALOGS = YES;
				MTL_ENABLE_DEBUG_INFO = INCLUDE_SOURCE;
				MTL_FAST_MATH = YES;
				ONLY_ACTIVE_ARCH = YES;
				SDKROOT = iphoneos;
				SWIFT_ACTIVE_COMPILATION_CONDITIONS = "DEBUG $(inherited)";
				SWIFT_OPTIMIZATION_LEVEL = "-Onone";
			};
			name = Debug;
		};
		D717154F2D13F295000DCD1F /* Release */ = {
			isa = XCBuildConfiguration;
			buildSettings = {
				ALWAYS_SEARCH_USER_PATHS = NO;
				ASSETCATALOG_COMPILER_GENERATE_SWIFT_ASSET_SYMBOL_EXTENSIONS = YES;
				CLANG_ANALYZER_NONNULL = YES;
				CLANG_ANALYZER_NUMBER_OBJECT_CONVERSION = YES_AGGRESSIVE;
				CLANG_CXX_LANGUAGE_STANDARD = "gnu++20";
				CLANG_ENABLE_MODULES = YES;
				CLANG_ENABLE_OBJC_ARC = YES;
				CLANG_ENABLE_OBJC_WEAK = YES;
				CLANG_WARN_BLOCK_CAPTURE_AUTORELEASING = YES;
				CLANG_WARN_BOOL_CONVERSION = YES;
				CLANG_WARN_COMMA = YES;
				CLANG_WARN_CONSTANT_CONVERSION = YES;
				CLANG_WARN_DEPRECATED_OBJC_IMPLEMENTATIONS = YES;
				CLANG_WARN_DIRECT_OBJC_ISA_USAGE = YES_ERROR;
				CLANG_WARN_DOCUMENTATION_COMMENTS = YES;
				CLANG_WARN_EMPTY_BODY = YES;
				CLANG_WARN_ENUM_CONVERSION = YES;
				CLANG_WARN_INFINITE_RECURSION = YES;
				CLANG_WARN_INT_CONVERSION = YES;
				CLANG_WARN_NON_LITERAL_NULL_CONVERSION = YES;
				CLANG_WARN_OBJC_IMPLICIT_RETAIN_SELF = YES;
				CLANG_WARN_OBJC_LITERAL_CONVERSION = YES;
				CLANG_WARN_OBJC_ROOT_CLASS = YES_ERROR;
				CLANG_WARN_QUOTED_INCLUDE_IN_FRAMEWORK_HEADER = YES;
				CLANG_WARN_RANGE_LOOP_ANALYSIS = YES;
				CLANG_WARN_STRICT_PROTOTYPES = YES;
				CLANG_WARN_SUSPICIOUS_MOVE = YES;
				CLANG_WARN_UNGUARDED_AVAILABILITY = YES_AGGRESSIVE;
				CLANG_WARN_UNREACHABLE_CODE = YES;
				CLANG_WARN__DUPLICATE_METHOD_MATCH = YES;
				COPY_PHASE_STRIP = NO;
				DEBUG_INFORMATION_FORMAT = "dwarf-with-dsym";
				ENABLE_NS_ASSERTIONS = NO;
				ENABLE_STRICT_OBJC_MSGSEND = YES;
				ENABLE_USER_SCRIPT_SANDBOXING = YES;
				GCC_C_LANGUAGE_STANDARD = gnu17;
				GCC_NO_COMMON_BLOCKS = YES;
				GCC_WARN_64_TO_32_BIT_CONVERSION = YES;
				GCC_WARN_ABOUT_RETURN_TYPE = YES_ERROR;
				GCC_WARN_UNDECLARED_SELECTOR = YES;
				GCC_WARN_UNINITIALIZED_AUTOS = YES_AGGRESSIVE;
				GCC_WARN_UNUSED_FUNCTION = YES;
				GCC_WARN_UNUSED_VARIABLE = YES;
				IPHONEOS_DEPLOYMENT_TARGET = 17.5;
				LOCALIZATION_PREFERS_STRING_CATALOGS = YES;
				MTL_ENABLE_DEBUG_INFO = NO;
				MTL_FAST_MATH = YES;
				SDKROOT = iphoneos;
				SWIFT_COMPILATION_MODE = wholemodule;
				VALIDATE_PRODUCT = YES;
			};
			name = Release;
		};
		D71715512D13F295000DCD1F /* Debug */ = {
			isa = XCBuildConfiguration;
			buildSettings = {
				ASSETCATALOG_COMPILER_APPICON_NAME = AppIcon;
				ASSETCATALOG_COMPILER_GLOBAL_ACCENT_COLOR_NAME = AccentColor;
				CODE_SIGN_STYLE = Automatic;
				CURRENT_PROJECT_VERSION = 1;
				DEVELOPMENT_ASSET_PATHS = "\"DemoChatGPTStreaming/Preview Content\"";
				ENABLE_PREVIEWS = YES;
				GENERATE_INFOPLIST_FILE = YES;
				INFOPLIST_KEY_UIApplicationSceneManifest_Generation = YES;
				INFOPLIST_KEY_UIApplicationSupportsIndirectInputEvents = YES;
				INFOPLIST_KEY_UILaunchScreen_Generation = YES;
				INFOPLIST_KEY_UISupportedInterfaceOrientations_iPad = "UIInterfaceOrientationPortrait UIInterfaceOrientationPortraitUpsideDown UIInterfaceOrientationLandscapeLeft UIInterfaceOrientationLandscapeRight";
				INFOPLIST_KEY_UISupportedInterfaceOrientations_iPhone = "UIInterfaceOrientationPortrait UIInterfaceOrientationLandscapeLeft UIInterfaceOrientationLandscapeRight";
				IPHONEOS_DEPLOYMENT_TARGET = 16.0;
				LD_RUNPATH_SEARCH_PATHS = (
					"$(inherited)",
					"@executable_path/Frameworks",
				);
				MARKETING_VERSION = 1.0;
				PRODUCT_BUNDLE_IDENTIFIER = CallmeOni.DemoChatGPTStreaming;
				PRODUCT_NAME = "$(TARGET_NAME)";
				SWIFT_EMIT_LOC_STRINGS = YES;
				SWIFT_VERSION = 5.0;
				TARGETED_DEVICE_FAMILY = "1,2";
			};
			name = Debug;
		};
		D71715522D13F295000DCD1F /* Release */ = {
			isa = XCBuildConfiguration;
			buildSettings = {
				ASSETCATALOG_COMPILER_APPICON_NAME = AppIcon;
				ASSETCATALOG_COMPILER_GLOBAL_ACCENT_COLOR_NAME = AccentColor;
				CODE_SIGN_STYLE = Automatic;
				CURRENT_PROJECT_VERSION = 1;
				DEVELOPMENT_ASSET_PATHS = "\"DemoChatGPTStreaming/Preview Content\"";
				ENABLE_PREVIEWS = YES;
				GENERATE_INFOPLIST_FILE = YES;
				INFOPLIST_KEY_UIApplicationSceneManifest_Generation = YES;
				INFOPLIST_KEY_UIApplicationSupportsIndirectInputEvents = YES;
				INFOPLIST_KEY_UILaunchScreen_Generation = YES;
				INFOPLIST_KEY_UISupportedInterfaceOrientations_iPad = "UIInterfaceOrientationPortrait UIInterfaceOrientationPortraitUpsideDown UIInterfaceOrientationLandscapeLeft UIInterfaceOrientationLandscapeRight";
				INFOPLIST_KEY_UISupportedInterfaceOrientations_iPhone = "UIInterfaceOrientationPortrait UIInterfaceOrientationLandscapeLeft UIInterfaceOrientationLandscapeRight";
				IPHONEOS_DEPLOYMENT_TARGET = 16.0;
				LD_RUNPATH_SEARCH_PATHS = (
					"$(inherited)",
					"@executable_path/Frameworks",
				);
				MARKETING_VERSION = 1.0;
				PRODUCT_BUNDLE_IDENTIFIER = CallmeOni.DemoChatGPTStreaming;
				PRODUCT_NAME = "$(TARGET_NAME)";
				SWIFT_EMIT_LOC_STRINGS = YES;
				SWIFT_VERSION = 5.0;
				TARGETED_DEVICE_FAMILY = "1,2";
			};
			name = Release;
		};
/* End XCBuildConfiguration section */

/* Begin XCConfigurationList section */
		D717153D2D13F294000DCD1F /* Build configuration list for PBXProject "DemoChatGPTStreaming" */ = {
			isa = XCConfigurationList;
			buildConfigurations = (
				D717154E2D13F295000DCD1F /* Debug */,
				D717154F2D13F295000DCD1F /* Release */,
			);
			defaultConfigurationIsVisible = 0;
			defaultConfigurationName = Release;
		};
		D71715502D13F295000DCD1F /* Build configuration list for PBXNativeTarget "DemoChatGPTStreaming" */ = {
			isa = XCConfigurationList;
			buildConfigurations = (
				D71715512D13F295000DCD1F /* Debug */,
				D71715522D13F295000DCD1F /* Release */,
			);
			defaultConfigurationIsVisible = 0;
			defaultConfigurationName = Release;
		};
/* End XCConfigurationList section */

/* Begin XCRemoteSwiftPackageReference section */
		D71715682D13F2ED000DCD1F /* XCRemoteSwiftPackageReference "OpenAI" */ = {
			isa = XCRemoteSwiftPackageReference;
			repositoryURL = "https://github.com/MacPaw/OpenAI.git";
			requirement = {
				kind = upToNextMajorVersion;
				minimumVersion = 0.3.0;
			};
		};
/* End XCRemoteSwiftPackageReference section */

/* Begin XCSwiftPackageProductDependency section */
		D71715692D13F2ED000DCD1F /* OpenAI */ = {
			isa = XCSwiftPackageProductDependency;
			package = D71715682D13F2ED000DCD1F /* XCRemoteSwiftPackageReference "OpenAI" */;
			productName = OpenAI;
		};
/* End XCSwiftPackageProductDependency section */
	};
	rootObject = D717153A2D13F294000DCD1F /* Project object */;
}
