// !$*UTF8*$!
{
	archiveVersion = 1;
	classes = {
	};
	objectVersion = 56;
	objects = {

/* Begin PBXBuildFile section */
		C787779EFD9D34D4F16CF8D4 /* Pods_GlobalNewsView.framework in Frameworks */ = {isa = PBXBuildFile; fileRef = B26E41DF3FC83161AF795E11 /* Pods_GlobalNewsView.framework */; };
		D77EBC802D30EF9D001B921F /* CustomButton.swift in Sources */ = {isa = PBXBuildFile; fileRef = D77EBC7F2D30EF9D001B921F /* CustomButton.swift */; };
		D77EBC832D3108E4001B921F /* GlobalRequestNewsViewModel.swift in Sources */ = {isa = PBXBuildFile; fileRef = D77EBC822D3108E4001B921F /* GlobalRequestNewsViewModel.swift */; };
		D77EBC852D311A32001B921F /* PreloadActivityIndicatorView.swift in Sources */ = {isa = PBXBuildFile; fileRef = D77EBC842D311A32001B921F /* PreloadActivityIndicatorView.swift */; };
		D77EBC872D311A72001B921F /* NewsTableViewCell.swift in Sources */ = {isa = PBXBuildFile; fileRef = D77EBC862D311A72001B921F /* NewsTableViewCell.swift */; };
		D77EBC8A2D311A96001B921F /* GlobalNewsExtension.swift in Sources */ = {isa = PBXBuildFile; fileRef = D77EBC892D311A96001B921F /* GlobalNewsExtension.swift */; };
		D77EBCB32D3518A8001B921F /* PinAppCltvViewCell.swift in Sources */ = {isa = PBXBuildFile; fileRef = D77EBCB22D3518A7001B921F /* PinAppCltvViewCell.swift */; };
		D7C50A852D375BC700F11532 /* CltvHeaderTypeAppView.swift in Sources */ = {isa = PBXBuildFile; fileRef = D7C50A842D375BC700F11532 /* CltvHeaderTypeAppView.swift */; };
		D7C50A8D2D37758C00F11532 /* CltvHeaderTypeOtherView.swift in Sources */ = {isa = PBXBuildFile; fileRef = D7C50A8C2D37758C00F11532 /* CltvHeaderTypeOtherView.swift */; };
		D7C50A902D3775FE00F11532 /* PinCltvOtherViewCell.swift in Sources */ = {isa = PBXBuildFile; fileRef = D7C50A8F2D3775FE00F11532 /* PinCltvOtherViewCell.swift */; };
		D7C50A922D37787F00F11532 /* GlobalNewsReadVC.swift in Sources */ = {isa = PBXBuildFile; fileRef = D7C50A912D37787F00F11532 /* GlobalNewsReadVC.swift */; };
		D7C50A982D37902000F11532 /* NavController.swift in Sources */ = {isa = PBXBuildFile; fileRef = D7C50A972D37902000F11532 /* NavController.swift */; };
		D7C50A9A2D37936B00F11532 /* AdMobViewModel.swift in Sources */ = {isa = PBXBuildFile; fileRef = D7C50A992D37936B00F11532 /* AdMobViewModel.swift */; };
		D7C50A9C2D37BB9B00F11532 /* SmallNativeAdView.xib in Resources */ = {isa = PBXBuildFile; fileRef = D7C50A9B2D37BB9B00F11532 /* SmallNativeAdView.xib */; };
		D7C50A9E2D37BD8C00F11532 /* NativeAdmobViewCell.swift in Sources */ = {isa = PBXBuildFile; fileRef = D7C50A9D2D37BD8C00F11532 /* NativeAdmobViewCell.swift */; };
		D7C50AA02D3A2F4D00F11532 /* CenterUIViewController.swift in Sources */ = {isa = PBXBuildFile; fileRef = D7C50A9F2D3A2F4D00F11532 /* CenterUIViewController.swift */; };
		D7C50AA22D3A2FB400F11532 /* NavView.swift in Sources */ = {isa = PBXBuildFile; fileRef = D7C50AA12D3A2FB400F11532 /* NavView.swift */; };
		D7C50AA42D3A450E00F11532 /* README.md in Resources */ = {isa = PBXBuildFile; fileRef = D7C50AA32D3A450E00F11532 /* README.md */; };
		D7FA4A552D2E6D5300D35981 /* AppDelegate.swift in Sources */ = {isa = PBXBuildFile; fileRef = D7FA4A542D2E6D5300D35981 /* AppDelegate.swift */; };
		D7FA4A572D2E6D5300D35981 /* SceneDelegate.swift in Sources */ = {isa = PBXBuildFile; fileRef = D7FA4A562D2E6D5300D35981 /* SceneDelegate.swift */; };
		D7FA4A592D2E6D5300D35981 /* GlobalNewsViewController.swift in Sources */ = {isa = PBXBuildFile; fileRef = D7FA4A582D2E6D5300D35981 /* GlobalNewsViewController.swift */; };
		D7FA4A5C2D2E6D5300D35981 /* Base in Resources */ = {isa = PBXBuildFile; fileRef = D7FA4A5B2D2E6D5300D35981 /* Base */; };
		D7FA4A5E2D2E6D5400D35981 /* Assets.xcassets in Resources */ = {isa = PBXBuildFile; fileRef = D7FA4A5D2D2E6D5400D35981 /* Assets.xcassets */; };
		D7FA4A612D2E6D5400D35981 /* Base in Resources */ = {isa = PBXBuildFile; fileRef = D7FA4A602D2E6D5400D35981 /* Base */; };
		D7FA4A692D2E6D6D00D35981 /* GlobalNewsHeaderView.swift in Sources */ = {isa = PBXBuildFile; fileRef = D7FA4A682D2E6D6D00D35981 /* GlobalNewsHeaderView.swift */; };
		D7FA4A702D2E786800D35981 /* GlobalNewsViewModel.swift in Sources */ = {isa = PBXBuildFile; fileRef = D7FA4A6F2D2E786800D35981 /* GlobalNewsViewModel.swift */; };
		D7FA4A732D2E839C00D35981 /* GlobaleNewsModel.swift in Sources */ = {isa = PBXBuildFile; fileRef = D7FA4A722D2E839C00D35981 /* GlobaleNewsModel.swift */; };
		D7FA4A752D2E89D400D35981 /* DetailPageViewController.swift in Sources */ = {isa = PBXBuildFile; fileRef = D7FA4A742D2E89D400D35981 /* DetailPageViewController.swift */; };
		D7FA4A772D2E8AC000D35981 /* ContentVC.swift in Sources */ = {isa = PBXBuildFile; fileRef = D7FA4A762D2E8AC000D35981 /* ContentVC.swift */; };
/* End PBXBuildFile section */

/* Begin PBXFileReference section */
		9CF581E8E79F8B2E19590844 /* Pods-GlobalNewsView.release.xcconfig */ = {isa = PBXFileReference; includeInIndex = 1; lastKnownFileType = text.xcconfig; name = "Pods-GlobalNewsView.release.xcconfig"; path = "Target Support Files/Pods-GlobalNewsView/Pods-GlobalNewsView.release.xcconfig"; sourceTree = "<group>"; };
		B26E41DF3FC83161AF795E11 /* Pods_GlobalNewsView.framework */ = {isa = PBXFileReference; explicitFileType = wrapper.framework; includeInIndex = 0; path = Pods_GlobalNewsView.framework; sourceTree = BUILT_PRODUCTS_DIR; };
		D77EBC7F2D30EF9D001B921F /* CustomButton.swift */ = {isa = PBXFileReference; lastKnownFileType = sourcecode.swift; path = CustomButton.swift; sourceTree = "<group>"; };
		D77EBC822D3108E4001B921F /* GlobalRequestNewsViewModel.swift */ = {isa = PBXFileReference; lastKnownFileType = sourcecode.swift; path = GlobalRequestNewsViewModel.swift; sourceTree = "<group>"; };
		D77EBC842D311A32001B921F /* PreloadActivityIndicatorView.swift */ = {isa = PBXFileReference; lastKnownFileType = sourcecode.swift; path = PreloadActivityIndicatorView.swift; sourceTree = "<group>"; };
		D77EBC862D311A72001B921F /* NewsTableViewCell.swift */ = {isa = PBXFileReference; lastKnownFileType = sourcecode.swift; path = NewsTableViewCell.swift; sourceTree = "<group>"; };
		D77EBC892D311A96001B921F /* GlobalNewsExtension.swift */ = {isa = PBXFileReference; lastKnownFileType = sourcecode.swift; path = GlobalNewsExtension.swift; sourceTree = "<group>"; };
		D77EBCB22D3518A7001B921F /* PinAppCltvViewCell.swift */ = {isa = PBXFileReference; fileEncoding = 4; lastKnownFileType = sourcecode.swift; path = PinAppCltvViewCell.swift; sourceTree = "<group>"; };
		D7C50A842D375BC700F11532 /* CltvHeaderTypeAppView.swift */ = {isa = PBXFileReference; lastKnownFileType = sourcecode.swift; path = CltvHeaderTypeAppView.swift; sourceTree = "<group>"; };
		D7C50A8C2D37758C00F11532 /* CltvHeaderTypeOtherView.swift */ = {isa = PBXFileReference; lastKnownFileType = sourcecode.swift; path = CltvHeaderTypeOtherView.swift; sourceTree = "<group>"; };
		D7C50A8F2D3775FE00F11532 /* PinCltvOtherViewCell.swift */ = {isa = PBXFileReference; lastKnownFileType = sourcecode.swift; path = PinCltvOtherViewCell.swift; sourceTree = "<group>"; };
		D7C50A912D37787F00F11532 /* GlobalNewsReadVC.swift */ = {isa = PBXFileReference; lastKnownFileType = sourcecode.swift; path = GlobalNewsReadVC.swift; sourceTree = "<group>"; };
		D7C50A972D37902000F11532 /* NavController.swift */ = {isa = PBXFileReference; lastKnownFileType = sourcecode.swift; path = NavController.swift; sourceTree = "<group>"; };
		D7C50A992D37936B00F11532 /* AdMobViewModel.swift */ = {isa = PBXFileReference; lastKnownFileType = sourcecode.swift; path = AdMobViewModel.swift; sourceTree = "<group>"; };
		D7C50A9B2D37BB9B00F11532 /* SmallNativeAdView.xib */ = {isa = PBXFileReference; fileEncoding = 4; lastKnownFileType = file.xib; path = SmallNativeAdView.xib; sourceTree = "<group>"; };
		D7C50A9D2D37BD8C00F11532 /* NativeAdmobViewCell.swift */ = {isa = PBXFileReference; lastKnownFileType = sourcecode.swift; path = NativeAdmobViewCell.swift; sourceTree = "<group>"; };
		D7C50A9F2D3A2F4D00F11532 /* CenterUIViewController.swift */ = {isa = PBXFileReference; lastKnownFileType = sourcecode.swift; path = CenterUIViewController.swift; sourceTree = "<group>"; };
		D7C50AA12D3A2FB400F11532 /* NavView.swift */ = {isa = PBXFileReference; lastKnownFileType = sourcecode.swift; path = NavView.swift; sourceTree = "<group>"; };
		D7C50AA32D3A450E00F11532 /* README.md */ = {isa = PBXFileReference; fileEncoding = 4; lastKnownFileType = net.daringfireball.markdown; path = README.md; sourceTree = "<group>"; };
		D7FA4A512D2E6D5300D35981 /* GlobalNewsView.app */ = {isa = PBXFileReference; explicitFileType = wrapper.application; includeInIndex = 0; path = GlobalNewsView.app; sourceTree = BUILT_PRODUCTS_DIR; };
		D7FA4A542D2E6D5300D35981 /* AppDelegate.swift */ = {isa = PBXFileReference; lastKnownFileType = sourcecode.swift; path = AppDelegate.swift; sourceTree = "<group>"; };
		D7FA4A562D2E6D5300D35981 /* SceneDelegate.swift */ = {isa = PBXFileReference; lastKnownFileType = sourcecode.swift; path = SceneDelegate.swift; sourceTree = "<group>"; };
		D7FA4A582D2E6D5300D35981 /* GlobalNewsViewController.swift */ = {isa = PBXFileReference; lastKnownFileType = sourcecode.swift; path = GlobalNewsViewController.swift; sourceTree = "<group>"; };
		D7FA4A5B2D2E6D5300D35981 /* Base */ = {isa = PBXFileReference; lastKnownFileType = file.storyboard; name = Base; path = Base.lproj/Main.storyboard; sourceTree = "<group>"; };
		D7FA4A5D2D2E6D5400D35981 /* Assets.xcassets */ = {isa = PBXFileReference; lastKnownFileType = folder.assetcatalog; path = Assets.xcassets; sourceTree = "<group>"; };
		D7FA4A602D2E6D5400D35981 /* Base */ = {isa = PBXFileReference; lastKnownFileType = file.storyboard; name = Base; path = Base.lproj/LaunchScreen.storyboard; sourceTree = "<group>"; };
		D7FA4A622D2E6D5400D35981 /* Info.plist */ = {isa = PBXFileReference; lastKnownFileType = text.plist.xml; path = Info.plist; sourceTree = "<group>"; };
		D7FA4A682D2E6D6D00D35981 /* GlobalNewsHeaderView.swift */ = {isa = PBXFileReference; lastKnownFileType = sourcecode.swift; path = GlobalNewsHeaderView.swift; sourceTree = "<group>"; };
		D7FA4A6F2D2E786800D35981 /* GlobalNewsViewModel.swift */ = {isa = PBXFileReference; lastKnownFileType = sourcecode.swift; path = GlobalNewsViewModel.swift; sourceTree = "<group>"; };
		D7FA4A722D2E839C00D35981 /* GlobaleNewsModel.swift */ = {isa = PBXFileReference; lastKnownFileType = sourcecode.swift; path = GlobaleNewsModel.swift; sourceTree = "<group>"; };
		D7FA4A742D2E89D400D35981 /* DetailPageViewController.swift */ = {isa = PBXFileReference; lastKnownFileType = sourcecode.swift; path = DetailPageViewController.swift; sourceTree = "<group>"; };
		D7FA4A762D2E8AC000D35981 /* ContentVC.swift */ = {isa = PBXFileReference; lastKnownFileType = sourcecode.swift; path = ContentVC.swift; sourceTree = "<group>"; };
		ECA7B756BAE77B1DC5A6039A /* Pods-GlobalNewsView.debug.xcconfig */ = {isa = PBXFileReference; includeInIndex = 1; lastKnownFileType = text.xcconfig; name = "Pods-GlobalNewsView.debug.xcconfig"; path = "Target Support Files/Pods-GlobalNewsView/Pods-GlobalNewsView.debug.xcconfig"; sourceTree = "<group>"; };
/* End PBXFileReference section */

/* Begin PBXFrameworksBuildPhase section */
		D7FA4A4E2D2E6D5300D35981 /* Frameworks */ = {
			isa = PBXFrameworksBuildPhase;
			buildActionMask = 2147483647;
			files = (
				C787779EFD9D34D4F16CF8D4 /* Pods_GlobalNewsView.framework in Frameworks */,
			);
			runOnlyForDeploymentPostprocessing = 0;
		};
/* End PBXFrameworksBuildPhase section */

/* Begin PBXGroup section */
		4278D1F11F15CAB0367BD12F /* Pods */ = {
			isa = PBXGroup;
			children = (
				ECA7B756BAE77B1DC5A6039A /* Pods-GlobalNewsView.debug.xcconfig */,
				9CF581E8E79F8B2E19590844 /* Pods-GlobalNewsView.release.xcconfig */,
			);
			path = Pods;
			sourceTree = "<group>";
		};
		4D5D433234C5FE6911F4220F /* Frameworks */ = {
			isa = PBXGroup;
			children = (
				B26E41DF3FC83161AF795E11 /* Pods_GlobalNewsView.framework */,
			);
			name = Frameworks;
			sourceTree = "<group>";
		};
		D77EBC812D30EFC8001B921F /* Controller */ = {
			isa = PBXGroup;
			children = (
				D7C50A972D37902000F11532 /* NavController.swift */,
				D7C50A9F2D3A2F4D00F11532 /* CenterUIViewController.swift */,
				D7FA4A582D2E6D5300D35981 /* GlobalNewsViewController.swift */,
				D7FA4A742D2E89D400D35981 /* DetailPageViewController.swift */,
				D7C50A912D37787F00F11532 /* GlobalNewsReadVC.swift */,
				D7FA4A762D2E8AC000D35981 /* ContentVC.swift */,
			);
			path = Controller;
			sourceTree = "<group>";
		};
		D77EBC882D311A8B001B921F /* Extension */ = {
			isa = PBXGroup;
			children = (
				D77EBC892D311A96001B921F /* GlobalNewsExtension.swift */,
			);
			path = Extension;
			sourceTree = "<group>";
		};
		D7C50A8E2D3775F000F11532 /* Cell */ = {
			isa = PBXGroup;
			children = (
				D77EBCB22D3518A7001B921F /* PinAppCltvViewCell.swift */,
				D7C50A8F2D3775FE00F11532 /* PinCltvOtherViewCell.swift */,
				D77EBC862D311A72001B921F /* NewsTableViewCell.swift */,
				D7C50A9D2D37BD8C00F11532 /* NativeAdmobViewCell.swift */,
			);
			path = Cell;
			sourceTree = "<group>";
		};
		D7C50A932D37894400F11532 /* View */ = {
			isa = PBXGroup;
			children = (
				D7C50A8E2D3775F000F11532 /* Cell */,
				D7C50A9B2D37BB9B00F11532 /* SmallNativeAdView.xib */,
				D7C50AA12D3A2FB400F11532 /* NavView.swift */,
				D77EBC7F2D30EF9D001B921F /* CustomButton.swift */,
				D77EBC842D311A32001B921F /* PreloadActivityIndicatorView.swift */,
				D7FA4A682D2E6D6D00D35981 /* GlobalNewsHeaderView.swift */,
				D7C50A842D375BC700F11532 /* CltvHeaderTypeAppView.swift */,
				D7C50A8C2D37758C00F11532 /* CltvHeaderTypeOtherView.swift */,
			);
			path = View;
			sourceTree = "<group>";
		};
		D7FA4A482D2E6D5300D35981 = {
			isa = PBXGroup;
			children = (
				D7FA4A532D2E6D5300D35981 /* GlobalNewsView */,
				D7FA4A522D2E6D5300D35981 /* Products */,
				4278D1F11F15CAB0367BD12F /* Pods */,
				4D5D433234C5FE6911F4220F /* Frameworks */,
			);
			sourceTree = "<group>";
		};
		D7FA4A522D2E6D5300D35981 /* Products */ = {
			isa = PBXGroup;
			children = (
				D7FA4A512D2E6D5300D35981 /* GlobalNewsView.app */,
			);
			name = Products;
			sourceTree = "<group>";
		};
		D7FA4A532D2E6D5300D35981 /* GlobalNewsView */ = {
			isa = PBXGroup;
			children = (
				D7C50AA32D3A450E00F11532 /* README.md */,
				D7FA4A542D2E6D5300D35981 /* AppDelegate.swift */,
				D7FA4A562D2E6D5300D35981 /* SceneDelegate.swift */,
				D7FA4A6C2D2E752100D35981 /* GlobalNews */,
				D7FA4A5A2D2E6D5300D35981 /* Main.storyboard */,
				D7FA4A5D2D2E6D5400D35981 /* Assets.xcassets */,
				D7FA4A5F2D2E6D5400D35981 /* LaunchScreen.storyboard */,
				D7FA4A622D2E6D5400D35981 /* Info.plist */,
			);
			path = GlobalNewsView;
			sourceTree = "<group>";
		};
		D7FA4A6C2D2E752100D35981 /* GlobalNews */ = {
			isa = PBXGroup;
			children = (
				D77EBC882D311A8B001B921F /* Extension */,
				D7FA4A712D2E838700D35981 /* Model */,
				D7FA4A6E2D2E785D00D35981 /* ViewModel */,
				D7FA4A6D2D2E785300D35981 /* View */,
			);
			path = GlobalNews;
			sourceTree = "<group>";
		};
		D7FA4A6D2D2E785300D35981 /* View */ = {
			isa = PBXGroup;
			children = (
				D77EBC812D30EFC8001B921F /* Controller */,
				D7C50A932D37894400F11532 /* View */,
			);
			path = View;
			sourceTree = "<group>";
		};
		D7FA4A6E2D2E785D00D35981 /* ViewModel */ = {
			isa = PBXGroup;
			children = (
				D7C50A992D37936B00F11532 /* AdMobViewModel.swift */,
				D7FA4A6F2D2E786800D35981 /* GlobalNewsViewModel.swift */,
				D77EBC822D3108E4001B921F /* GlobalRequestNewsViewModel.swift */,
			);
			path = ViewModel;
			sourceTree = "<group>";
		};
		D7FA4A712D2E838700D35981 /* Model */ = {
			isa = PBXGroup;
			children = (
				D7FA4A722D2E839C00D35981 /* GlobaleNewsModel.swift */,
			);
			path = Model;
			sourceTree = "<group>";
		};
/* End PBXGroup section */

/* Begin PBXNativeTarget section */
		D7FA4A502D2E6D5300D35981 /* GlobalNewsView */ = {
			isa = PBXNativeTarget;
			buildConfigurationList = D7FA4A652D2E6D5400D35981 /* Build configuration list for PBXNativeTarget "GlobalNewsView" */;
			buildPhases = (
				D474C5384A7C373DC3C1A337 /* [CP] Check Pods Manifest.lock */,
				D7FA4A4D2D2E6D5300D35981 /* Sources */,
				D7FA4A4E2D2E6D5300D35981 /* Frameworks */,
				D7FA4A4F2D2E6D5300D35981 /* Resources */,
				76562F29638D982664D9D610 /* [CP] Embed Pods Frameworks */,
				CE72DCD8F93AC8DAE22903E2 /* [CP] Copy Pods Resources */,
			);
			buildRules = (
			);
			dependencies = (
			);
			name = GlobalNewsView;
			productName = GlobalNewsView;
			productReference = D7FA4A512D2E6D5300D35981 /* GlobalNewsView.app */;
			productType = "com.apple.product-type.application";
		};
/* End PBXNativeTarget section */

/* Begin PBXProject section */
		D7FA4A492D2E6D5300D35981 /* Project object */ = {
			isa = PBXProject;
			attributes = {
				BuildIndependentTargetsInParallel = 1;
				LastSwiftUpdateCheck = 1540;
				LastUpgradeCheck = 1540;
				TargetAttributes = {
					D7FA4A502D2E6D5300D35981 = {
						CreatedOnToolsVersion = 15.4;
					};
				};
			};
			buildConfigurationList = D7FA4A4C2D2E6D5300D35981 /* Build configuration list for PBXProject "GlobalNewsView" */;
			compatibilityVersion = "Xcode 14.0";
			developmentRegion = en;
			hasScannedForEncodings = 0;
			knownRegions = (
				en,
				Base,
			);
			mainGroup = D7FA4A482D2E6D5300D35981;
			productRefGroup = D7FA4A522D2E6D5300D35981 /* Products */;
			projectDirPath = "";
			projectRoot = "";
			targets = (
				D7FA4A502D2E6D5300D35981 /* GlobalNewsView */,
			);
		};
/* End PBXProject section */

/* Begin PBXResourcesBuildPhase section */
		D7FA4A4F2D2E6D5300D35981 /* Resources */ = {
			isa = PBXResourcesBuildPhase;
			buildActionMask = 2147483647;
			files = (
				D7FA4A5E2D2E6D5400D35981 /* Assets.xcassets in Resources */,
				D7FA4A612D2E6D5400D35981 /* Base in Resources */,
				D7C50AA42D3A450E00F11532 /* README.md in Resources */,
				D7C50A9C2D37BB9B00F11532 /* SmallNativeAdView.xib in Resources */,
				D7FA4A5C2D2E6D5300D35981 /* Base in Resources */,
			);
			runOnlyForDeploymentPostprocessing = 0;
		};
/* End PBXResourcesBuildPhase section */

/* Begin PBXShellScriptBuildPhase section */
		76562F29638D982664D9D610 /* [CP] Embed Pods Frameworks */ = {
			isa = PBXShellScriptBuildPhase;
			buildActionMask = 2147483647;
			files = (
			);
			inputFileListPaths = (
				"${PODS_ROOT}/Target Support Files/Pods-GlobalNewsView/Pods-GlobalNewsView-frameworks-${CONFIGURATION}-input-files.xcfilelist",
			);
			name = "[CP] Embed Pods Frameworks";
			outputFileListPaths = (
				"${PODS_ROOT}/Target Support Files/Pods-GlobalNewsView/Pods-GlobalNewsView-frameworks-${CONFIGURATION}-output-files.xcfilelist",
			);
			runOnlyForDeploymentPostprocessing = 0;
			shellPath = /bin/sh;
			shellScript = "\"${PODS_ROOT}/Target Support Files/Pods-GlobalNewsView/Pods-GlobalNewsView-frameworks.sh\"\n";
			showEnvVarsInLog = 0;
		};
		CE72DCD8F93AC8DAE22903E2 /* [CP] Copy Pods Resources */ = {
			isa = PBXShellScriptBuildPhase;
			buildActionMask = 2147483647;
			files = (
			);
			inputFileListPaths = (
				"${PODS_ROOT}/Target Support Files/Pods-GlobalNewsView/Pods-GlobalNewsView-resources-${CONFIGURATION}-input-files.xcfilelist",
			);
			name = "[CP] Copy Pods Resources";
			outputFileListPaths = (
				"${PODS_ROOT}/Target Support Files/Pods-GlobalNewsView/Pods-GlobalNewsView-resources-${CONFIGURATION}-output-files.xcfilelist",
			);
			runOnlyForDeploymentPostprocessing = 0;
			shellPath = /bin/sh;
			shellScript = "\"${PODS_ROOT}/Target Support Files/Pods-GlobalNewsView/Pods-GlobalNewsView-resources.sh\"\n";
			showEnvVarsInLog = 0;
		};
		D474C5384A7C373DC3C1A337 /* [CP] Check Pods Manifest.lock */ = {
			isa = PBXShellScriptBuildPhase;
			buildActionMask = 2147483647;
			files = (
			);
			inputFileListPaths = (
			);
			inputPaths = (
				"${PODS_PODFILE_DIR_PATH}/Podfile.lock",
				"${PODS_ROOT}/Manifest.lock",
			);
			name = "[CP] Check Pods Manifest.lock";
			outputFileListPaths = (
			);
			outputPaths = (
				"$(DERIVED_FILE_DIR)/Pods-GlobalNewsView-checkManifestLockResult.txt",
			);
			runOnlyForDeploymentPostprocessing = 0;
			shellPath = /bin/sh;
			shellScript = "diff \"${PODS_PODFILE_DIR_PATH}/Podfile.lock\" \"${PODS_ROOT}/Manifest.lock\" > /dev/null\nif [ $? != 0 ] ; then\n    # print error to STDERR\n    echo \"error: The sandbox is not in sync with the Podfile.lock. Run 'pod install' or update your CocoaPods installation.\" >&2\n    exit 1\nfi\n# This output is used by Xcode 'outputs' to avoid re-running this script phase.\necho \"SUCCESS\" > \"${SCRIPT_OUTPUT_FILE_0}\"\n";
			showEnvVarsInLog = 0;
		};
/* End PBXShellScriptBuildPhase section */

/* Begin PBXSourcesBuildPhase section */
		D7FA4A4D2D2E6D5300D35981 /* Sources */ = {
			isa = PBXSourcesBuildPhase;
			buildActionMask = 2147483647;
			files = (
				D7C50A922D37787F00F11532 /* GlobalNewsReadVC.swift in Sources */,
				D7FA4A752D2E89D400D35981 /* DetailPageViewController.swift in Sources */,
				D77EBC852D311A32001B921F /* PreloadActivityIndicatorView.swift in Sources */,
				D7FA4A692D2E6D6D00D35981 /* GlobalNewsHeaderView.swift in Sources */,
				D77EBCB32D3518A8001B921F /* PinAppCltvViewCell.swift in Sources */,
				D7C50A852D375BC700F11532 /* CltvHeaderTypeAppView.swift in Sources */,
				D7FA4A702D2E786800D35981 /* GlobalNewsViewModel.swift in Sources */,
				D77EBC802D30EF9D001B921F /* CustomButton.swift in Sources */,
				D7FA4A592D2E6D5300D35981 /* GlobalNewsViewController.swift in Sources */,
				D7FA4A772D2E8AC000D35981 /* ContentVC.swift in Sources */,
				D7C50A8D2D37758C00F11532 /* CltvHeaderTypeOtherView.swift in Sources */,
				D7FA4A552D2E6D5300D35981 /* AppDelegate.swift in Sources */,
				D7C50A902D3775FE00F11532 /* PinCltvOtherViewCell.swift in Sources */,
				D7C50AA22D3A2FB400F11532 /* NavView.swift in Sources */,
				D77EBC832D3108E4001B921F /* GlobalRequestNewsViewModel.swift in Sources */,
				D7C50A9A2D37936B00F11532 /* AdMobViewModel.swift in Sources */,
				D77EBC872D311A72001B921F /* NewsTableViewCell.swift in Sources */,
				D7C50A9E2D37BD8C00F11532 /* NativeAdmobViewCell.swift in Sources */,
				D7C50A982D37902000F11532 /* NavController.swift in Sources */,
				D77EBC8A2D311A96001B921F /* GlobalNewsExtension.swift in Sources */,
				D7C50AA02D3A2F4D00F11532 /* CenterUIViewController.swift in Sources */,
				D7FA4A572D2E6D5300D35981 /* SceneDelegate.swift in Sources */,
				D7FA4A732D2E839C00D35981 /* GlobaleNewsModel.swift in Sources */,
			);
			runOnlyForDeploymentPostprocessing = 0;
		};
/* End PBXSourcesBuildPhase section */

/* Begin PBXVariantGroup section */
		D7FA4A5A2D2E6D5300D35981 /* Main.storyboard */ = {
			isa = PBXVariantGroup;
			children = (
				D7FA4A5B2D2E6D5300D35981 /* Base */,
			);
			name = Main.storyboard;
			sourceTree = "<group>";
		};
		D7FA4A5F2D2E6D5400D35981 /* LaunchScreen.storyboard */ = {
			isa = PBXVariantGroup;
			children = (
				D7FA4A602D2E6D5400D35981 /* Base */,
			);
			name = LaunchScreen.storyboard;
			sourceTree = "<group>";
		};
/* End PBXVariantGroup section */

/* Begin XCBuildConfiguration section */
		D7FA4A632D2E6D5400D35981 /* Debug */ = {
			isa = XCBuildConfiguration;
			buildSettings = {
				ALWAYS_SEARCH_USER_PATHS = NO;
				ASSETCATALOG_COMPILER_GENERATE_SWIFT_ASSET_SYMBOL_EXTENSIONS = YES;
				CLANG_ANALYZER_NONNULL = YES;
				CLANG_ANALYZER_NUMBER_OBJECT_CONVERSION = YES_AGGRESSIVE;
				CLANG_CXX_LANGUAGE_STANDARD = "gnu++20";
				CLANG_ENABLE_MODULES = YES;
				CLANG_ENABLE_OBJC_ARC = YES;
				CLANG_ENABLE_OBJC_WEAK = YES;
				CLANG_WARN_BLOCK_CAPTURE_AUTORELEASING = YES;
				CLANG_WARN_BOOL_CONVERSION = YES;
				CLANG_WARN_COMMA = YES;
				CLANG_WARN_CONSTANT_CONVERSION = YES;
				CLANG_WARN_DEPRECATED_OBJC_IMPLEMENTATIONS = YES;
				CLANG_WARN_DIRECT_OBJC_ISA_USAGE = YES_ERROR;
				CLANG_WARN_DOCUMENTATION_COMMENTS = YES;
				CLANG_WARN_EMPTY_BODY = YES;
				CLANG_WARN_ENUM_CONVERSION = YES;
				CLANG_WARN_INFINITE_RECURSION = YES;
				CLANG_WARN_INT_CONVERSION = YES;
				CLANG_WARN_NON_LITERAL_NULL_CONVERSION = YES;
				CLANG_WARN_OBJC_IMPLICIT_RETAIN_SELF = YES;
				CLANG_WARN_OBJC_LITERAL_CONVERSION = YES;
				CLANG_WARN_OBJC_ROOT_CLASS = YES_ERROR;
				CLANG_WARN_QUOTED_INCLUDE_IN_FRAMEWORK_HEADER = YES;
				CLANG_WARN_RANGE_LOOP_ANALYSIS = YES;
				CLANG_WARN_STRICT_PROTOTYPES = YES;
				CLANG_WARN_SUSPICIOUS_MOVE = YES;
				CLANG_WARN_UNGUARDED_AVAILABILITY = YES_AGGRESSIVE;
				CLANG_WARN_UNREACHABLE_CODE = YES;
				CLANG_WARN__DUPLICATE_METHOD_MATCH = YES;
				COPY_PHASE_STRIP = NO;
				DEBUG_INFORMATION_FORMAT = dwarf;
				ENABLE_STRICT_OBJC_MSGSEND = YES;
				ENABLE_TESTABILITY = YES;
				ENABLE_USER_SCRIPT_SANDBOXING = YES;
				GCC_C_LANGUAGE_STANDARD = gnu17;
				GCC_DYNAMIC_NO_PIC = NO;
				GCC_NO_COMMON_BLOCKS = YES;
				GCC_OPTIMIZATION_LEVEL = 0;
				GCC_PREPROCESSOR_DEFINITIONS = (
					"DEBUG=1",
					"$(inherited)",
				);
				GCC_WARN_64_TO_32_BIT_CONVERSION = YES;
				GCC_WARN_ABOUT_RETURN_TYPE = YES_ERROR;
				GCC_WARN_UNDECLARED_SELECTOR = YES;
				GCC_WARN_UNINITIALIZED_AUTOS = YES_AGGRESSIVE;
				GCC_WARN_UNUSED_FUNCTION = YES;
				GCC_WARN_UNUSED_VARIABLE = YES;
				IPHONEOS_DEPLOYMENT_TARGET = 17.5;
				LOCALIZATION_PREFERS_STRING_CATALOGS = YES;
				MTL_ENABLE_DEBUG_INFO = INCLUDE_SOURCE;
				MTL_FAST_MATH = YES;
				ONLY_ACTIVE_ARCH = YES;
				SDKROOT = iphoneos;
				SWIFT_ACTIVE_COMPILATION_CONDITIONS = "DEBUG $(inherited)";
				SWIFT_OPTIMIZATION_LEVEL = "-Onone";
			};
			name = Debug;
		};
		D7FA4A642D2E6D5400D35981 /* Release */ = {
			isa = XCBuildConfiguration;
			buildSettings = {
				ALWAYS_SEARCH_USER_PATHS = NO;
				ASSETCATALOG_COMPILER_GENERATE_SWIFT_ASSET_SYMBOL_EXTENSIONS = YES;
				CLANG_ANALYZER_NONNULL = YES;
				CLANG_ANALYZER_NUMBER_OBJECT_CONVERSION = YES_AGGRESSIVE;
				CLANG_CXX_LANGUAGE_STANDARD = "gnu++20";
				CLANG_ENABLE_MODULES = YES;
				CLANG_ENABLE_OBJC_ARC = YES;
				CLANG_ENABLE_OBJC_WEAK = YES;
				CLANG_WARN_BLOCK_CAPTURE_AUTORELEASING = YES;
				CLANG_WARN_BOOL_CONVERSION = YES;
				CLANG_WARN_COMMA = YES;
				CLANG_WARN_CONSTANT_CONVERSION = YES;
				CLANG_WARN_DEPRECATED_OBJC_IMPLEMENTATIONS = YES;
				CLANG_WARN_DIRECT_OBJC_ISA_USAGE = YES_ERROR;
				CLANG_WARN_DOCUMENTATION_COMMENTS = YES;
				CLANG_WARN_EMPTY_BODY = YES;
				CLANG_WARN_ENUM_CONVERSION = YES;
				CLANG_WARN_INFINITE_RECURSION = YES;
				CLANG_WARN_INT_CONVERSION = YES;
				CLANG_WARN_NON_LITERAL_NULL_CONVERSION = YES;
				CLANG_WARN_OBJC_IMPLICIT_RETAIN_SELF = YES;
				CLANG_WARN_OBJC_LITERAL_CONVERSION = YES;
				CLANG_WARN_OBJC_ROOT_CLASS = YES_ERROR;
				CLANG_WARN_QUOTED_INCLUDE_IN_FRAMEWORK_HEADER = YES;
				CLANG_WARN_RANGE_LOOP_ANALYSIS = YES;
				CLANG_WARN_STRICT_PROTOTYPES = YES;
				CLANG_WARN_SUSPICIOUS_MOVE = YES;
				CLANG_WARN_UNGUARDED_AVAILABILITY = YES_AGGRESSIVE;
				CLANG_WARN_UNREACHABLE_CODE = YES;
				CLANG_WARN__DUPLICATE_METHOD_MATCH = YES;
				COPY_PHASE_STRIP = NO;
				DEBUG_INFORMATION_FORMAT = "dwarf-with-dsym";
				ENABLE_NS_ASSERTIONS = NO;
				ENABLE_STRICT_OBJC_MSGSEND = YES;
				ENABLE_USER_SCRIPT_SANDBOXING = YES;
				GCC_C_LANGUAGE_STANDARD = gnu17;
				GCC_NO_COMMON_BLOCKS = YES;
				GCC_WARN_64_TO_32_BIT_CONVERSION = YES;
				GCC_WARN_ABOUT_RETURN_TYPE = YES_ERROR;
				GCC_WARN_UNDECLARED_SELECTOR = YES;
				GCC_WARN_UNINITIALIZED_AUTOS = YES_AGGRESSIVE;
				GCC_WARN_UNUSED_FUNCTION = YES;
				GCC_WARN_UNUSED_VARIABLE = YES;
				IPHONEOS_DEPLOYMENT_TARGET = 17.5;
				LOCALIZATION_PREFERS_STRING_CATALOGS = YES;
				MTL_ENABLE_DEBUG_INFO = NO;
				MTL_FAST_MATH = YES;
				SDKROOT = iphoneos;
				SWIFT_COMPILATION_MODE = wholemodule;
				VALIDATE_PRODUCT = YES;
			};
			name = Release;
		};
		D7FA4A662D2E6D5400D35981 /* Debug */ = {
			isa = XCBuildConfiguration;
			baseConfigurationReference = ECA7B756BAE77B1DC5A6039A /* Pods-GlobalNewsView.debug.xcconfig */;
			buildSettings = {
				ASSETCATALOG_COMPILER_APPICON_NAME = AppIcon;
				ASSETCATALOG_COMPILER_GLOBAL_ACCENT_COLOR_NAME = AccentColor;
				CODE_SIGN_STYLE = Automatic;
				CURRENT_PROJECT_VERSION = 1;
				ENABLE_USER_SCRIPT_SANDBOXING = NO;
				GENERATE_INFOPLIST_FILE = YES;
				INFOPLIST_FILE = GlobalNewsView/Info.plist;
				INFOPLIST_KEY_UIApplicationSupportsIndirectInputEvents = YES;
				INFOPLIST_KEY_UILaunchStoryboardName = LaunchScreen;
				INFOPLIST_KEY_UIMainStoryboardFile = Main;
				INFOPLIST_KEY_UISupportedInterfaceOrientations_iPad = "UIInterfaceOrientationPortrait UIInterfaceOrientationPortraitUpsideDown UIInterfaceOrientationLandscapeLeft UIInterfaceOrientationLandscapeRight";
				INFOPLIST_KEY_UISupportedInterfaceOrientations_iPhone = "UIInterfaceOrientationPortrait UIInterfaceOrientationLandscapeLeft UIInterfaceOrientationLandscapeRight";
				IPHONEOS_DEPLOYMENT_TARGET = 13.0;
				LD_RUNPATH_SEARCH_PATHS = (
					"$(inherited)",
					"@executable_path/Frameworks",
				);
				MARKETING_VERSION = 1.0;
				PRODUCT_BUNDLE_IDENTIFIER = CallmeOni.GlobalNewsView;
				PRODUCT_NAME = "$(TARGET_NAME)";
				SUPPORTED_PLATFORMS = "iphoneos iphonesimulator";
				SUPPORTS_MACCATALYST = NO;
				SUPPORTS_MAC_DESIGNED_FOR_IPHONE_IPAD = NO;
				SUPPORTS_XR_DESIGNED_FOR_IPHONE_IPAD = NO;
				SWIFT_EMIT_LOC_STRINGS = YES;
				SWIFT_VERSION = 5.0;
				TARGETED_DEVICE_FAMILY = "1,2";
			};
			name = Debug;
		};
		D7FA4A672D2E6D5400D35981 /* Release */ = {
			isa = XCBuildConfiguration;
			baseConfigurationReference = 9CF581E8E79F8B2E19590844 /* Pods-GlobalNewsView.release.xcconfig */;
			buildSettings = {
				ASSETCATALOG_COMPILER_APPICON_NAME = AppIcon;
				ASSETCATALOG_COMPILER_GLOBAL_ACCENT_COLOR_NAME = AccentColor;
				CODE_SIGN_STYLE = Automatic;
				CURRENT_PROJECT_VERSION = 1;
				ENABLE_USER_SCRIPT_SANDBOXING = NO;
				GENERATE_INFOPLIST_FILE = YES;
				INFOPLIST_FILE = GlobalNewsView/Info.plist;
				INFOPLIST_KEY_UIApplicationSupportsIndirectInputEvents = YES;
				INFOPLIST_KEY_UILaunchStoryboardName = LaunchScreen;
				INFOPLIST_KEY_UIMainStoryboardFile = Main;
				INFOPLIST_KEY_UISupportedInterfaceOrientations_iPad = "UIInterfaceOrientationPortrait UIInterfaceOrientationPortraitUpsideDown UIInterfaceOrientationLandscapeLeft UIInterfaceOrientationLandscapeRight";
				INFOPLIST_KEY_UISupportedInterfaceOrientations_iPhone = "UIInterfaceOrientationPortrait UIInterfaceOrientationLandscapeLeft UIInterfaceOrientationLandscapeRight";
				IPHONEOS_DEPLOYMENT_TARGET = 13.0;
				LD_RUNPATH_SEARCH_PATHS = (
					"$(inherited)",
					"@executable_path/Frameworks",
				);
				MARKETING_VERSION = 1.0;
				PRODUCT_BUNDLE_IDENTIFIER = CallmeOni.GlobalNewsView;
				PRODUCT_NAME = "$(TARGET_NAME)";
				SUPPORTED_PLATFORMS = "iphoneos iphonesimulator";
				SUPPORTS_MACCATALYST = NO;
				SUPPORTS_MAC_DESIGNED_FOR_IPHONE_IPAD = NO;
				SUPPORTS_XR_DESIGNED_FOR_IPHONE_IPAD = NO;
				SWIFT_EMIT_LOC_STRINGS = YES;
				SWIFT_VERSION = 5.0;
				TARGETED_DEVICE_FAMILY = "1,2";
			};
			name = Release;
		};
/* End XCBuildConfiguration section */

/* Begin XCConfigurationList section */
		D7FA4A4C2D2E6D5300D35981 /* Build configuration list for PBXProject "GlobalNewsView" */ = {
			isa = XCConfigurationList;
			buildConfigurations = (
				D7FA4A632D2E6D5400D35981 /* Debug */,
				D7FA4A642D2E6D5400D35981 /* Release */,
			);
			defaultConfigurationIsVisible = 0;
			defaultConfigurationName = Release;
		};
		D7FA4A652D2E6D5400D35981 /* Build configuration list for PBXNativeTarget "GlobalNewsView" */ = {
			isa = XCConfigurationList;
			buildConfigurations = (
				D7FA4A662D2E6D5400D35981 /* Debug */,
				D7FA4A672D2E6D5400D35981 /* Release */,
			);
			defaultConfigurationIsVisible = 0;
			defaultConfigurationName = Release;
		};
/* End XCConfigurationList section */
	};
	rootObject = D7FA4A492D2E6D5300D35981 /* Project object */;
}
