// !$*UTF8*$!
{
	archiveVersion = 1;
	classes = {
	};
	objectVersion = 56;
	objects = {

/* Begin PBXBuildFile section */
		364564F8706C4984BA9AA5FB /* Pods_OpenAIChatDemo.framework in Frameworks */ = {isa = PBXBuildFile; fileRef = DD541DC895D44DFC8E646FD4 /* Pods_OpenAIChatDemo.framework */; };
		D71714D92D0FE417000DCD1F /* AppDelegate.swift in Sources */ = {isa = PBXBuildFile; fileRef = D71714D82D0FE417000DCD1F /* AppDelegate.swift */; };
		D71714DB2D0FE417000DCD1F /* SceneDelegate.swift in Sources */ = {isa = PBXBuildFile; fileRef = D71714DA2D0FE417000DCD1F /* SceneDelegate.swift */; };
		D71714DD2D0FE417000DCD1F /* ViewController.swift in Sources */ = {isa = PBXBuildFile; fileRef = D71714DC2D0FE417000DCD1F /* ViewController.swift */; };
		D71714E02D0FE417000DCD1F /* Base in Resources */ = {isa = PBXBuildFile; fileRef = D71714DF2D0FE417000DCD1F /* Base */; };
		D71714E22D0FE419000DCD1F /* Assets.xcassets in Resources */ = {isa = PBXBuildFile; fileRef = D71714E12D0FE419000DCD1F /* Assets.xcassets */; };
		D71714E52D0FE419000DCD1F /* Base in Resources */ = {isa = PBXBuildFile; fileRef = D71714E42D0FE419000DCD1F /* Base */; };
		D71714F12D12698D000DCD1F /* OpenAICaller.swift in Sources */ = {isa = PBXBuildFile; fileRef = D71714F02D12698D000DCD1F /* OpenAICaller.swift */; };
		D71714F42D126DF0000DCD1F /* DynamicLabelCell.swift in Sources */ = {isa = PBXBuildFile; fileRef = D71714F32D126DF0000DCD1F /* DynamicLabelCell.swift */; };
		D71714F72D12BA97000DCD1F /* Tiktoken in Frameworks */ = {isa = PBXBuildFile; productRef = D71714F62D12BA97000DCD1F /* Tiktoken */; };
		D71714FB2D13D294000DCD1F /* TestMessage.swift in Sources */ = {isa = PBXBuildFile; fileRef = D71714FA2D13D294000DCD1F /* TestMessage.swift */; };
/* End PBXBuildFile section */

/* Begin PBXFileReference section */
		D71714D52D0FE417000DCD1F /* OpenAIChatDemo.app */ = {isa = PBXFileReference; explicitFileType = wrapper.application; includeInIndex = 0; path = OpenAIChatDemo.app; sourceTree = BUILT_PRODUCTS_DIR; };
		D71714D82D0FE417000DCD1F /* AppDelegate.swift */ = {isa = PBXFileReference; lastKnownFileType = sourcecode.swift; path = AppDelegate.swift; sourceTree = "<group>"; };
		D71714DA2D0FE417000DCD1F /* SceneDelegate.swift */ = {isa = PBXFileReference; lastKnownFileType = sourcecode.swift; path = SceneDelegate.swift; sourceTree = "<group>"; };
		D71714DC2D0FE417000DCD1F /* ViewController.swift */ = {isa = PBXFileReference; lastKnownFileType = sourcecode.swift; path = ViewController.swift; sourceTree = "<group>"; };
		D71714DF2D0FE417000DCD1F /* Base */ = {isa = PBXFileReference; lastKnownFileType = file.storyboard; name = Base; path = Base.lproj/Main.storyboard; sourceTree = "<group>"; };
		D71714E12D0FE419000DCD1F /* Assets.xcassets */ = {isa = PBXFileReference; lastKnownFileType = folder.assetcatalog; path = Assets.xcassets; sourceTree = "<group>"; };
		D71714E42D0FE419000DCD1F /* Base */ = {isa = PBXFileReference; lastKnownFileType = file.storyboard; name = Base; path = Base.lproj/LaunchScreen.storyboard; sourceTree = "<group>"; };
		D71714E62D0FE419000DCD1F /* Info.plist */ = {isa = PBXFileReference; lastKnownFileType = text.plist.xml; path = Info.plist; sourceTree = "<group>"; };
		D71714F02D12698D000DCD1F /* OpenAICaller.swift */ = {isa = PBXFileReference; lastKnownFileType = sourcecode.swift; path = OpenAICaller.swift; sourceTree = "<group>"; };
		D71714F32D126DF0000DCD1F /* DynamicLabelCell.swift */ = {isa = PBXFileReference; lastKnownFileType = sourcecode.swift; path = DynamicLabelCell.swift; sourceTree = "<group>"; };
		D71714FA2D13D294000DCD1F /* TestMessage.swift */ = {isa = PBXFileReference; lastKnownFileType = sourcecode.swift; path = TestMessage.swift; sourceTree = "<group>"; };
		DD541DC895D44DFC8E646FD4 /* Pods_OpenAIChatDemo.framework */ = {isa = PBXFileReference; explicitFileType = wrapper.framework; includeInIndex = 0; path = Pods_OpenAIChatDemo.framework; sourceTree = BUILT_PRODUCTS_DIR; };
		F722587885AE84D4B123EC4C /* Pods-OpenAIChatDemo.release.xcconfig */ = {isa = PBXFileReference; includeInIndex = 1; lastKnownFileType = text.xcconfig; name = "Pods-OpenAIChatDemo.release.xcconfig"; path = "Target Support Files/Pods-OpenAIChatDemo/Pods-OpenAIChatDemo.release.xcconfig"; sourceTree = "<group>"; };
		F9E47922589F6E83F0D1DB84 /* Pods-OpenAIChatDemo.debug.xcconfig */ = {isa = PBXFileReference; includeInIndex = 1; lastKnownFileType = text.xcconfig; name = "Pods-OpenAIChatDemo.debug.xcconfig"; path = "Target Support Files/Pods-OpenAIChatDemo/Pods-OpenAIChatDemo.debug.xcconfig"; sourceTree = "<group>"; };
/* End PBXFileReference section */

/* Begin PBXFrameworksBuildPhase section */
		D71714D22D0FE417000DCD1F /* Frameworks */ = {
			isa = PBXFrameworksBuildPhase;
			buildActionMask = 2147483647;
			files = (
				364564F8706C4984BA9AA5FB /* Pods_OpenAIChatDemo.framework in Frameworks */,
				D71714F72D12BA97000DCD1F /* Tiktoken in Frameworks */,
			);
			runOnlyForDeploymentPostprocessing = 0;
		};
/* End PBXFrameworksBuildPhase section */

/* Begin PBXGroup section */
		29CE5AAC7AEC0F001DB5195C /* Frameworks */ = {
			isa = PBXGroup;
			children = (
				DD541DC895D44DFC8E646FD4 /* Pods_OpenAIChatDemo.framework */,
			);
			name = Frameworks;
			sourceTree = "<group>";
		};
		D71714CC2D0FE417000DCD1F = {
			isa = PBXGroup;
			children = (
				D71714D72D0FE417000DCD1F /* OpenAIChatDemo */,
				D71714D62D0FE417000DCD1F /* Products */,
				ED2327EB67510BA1456CED53 /* Pods */,
				29CE5AAC7AEC0F001DB5195C /* Frameworks */,
			);
			sourceTree = "<group>";
		};
		D71714D62D0FE417000DCD1F /* Products */ = {
			isa = PBXGroup;
			children = (
				D71714D52D0FE417000DCD1F /* OpenAIChatDemo.app */,
			);
			name = Products;
			sourceTree = "<group>";
		};
		D71714D72D0FE417000DCD1F /* OpenAIChatDemo */ = {
			isa = PBXGroup;
			children = (
				D71714D82D0FE417000DCD1F /* AppDelegate.swift */,
				D71714DA2D0FE417000DCD1F /* SceneDelegate.swift */,
				D71714DC2D0FE417000DCD1F /* ViewController.swift */,
				D71714F22D126DCB000DCD1F /* View */,
				D71714EF2D12697D000DCD1F /* ViewModel */,
				D71714DE2D0FE417000DCD1F /* Main.storyboard */,
				D71714E12D0FE419000DCD1F /* Assets.xcassets */,
				D71714E32D0FE419000DCD1F /* LaunchScreen.storyboard */,
				D71714E62D0FE419000DCD1F /* Info.plist */,
			);
			path = OpenAIChatDemo;
			sourceTree = "<group>";
		};
		D71714EF2D12697D000DCD1F /* ViewModel */ = {
			isa = PBXGroup;
			children = (
				D71714F02D12698D000DCD1F /* OpenAICaller.swift */,
				D71714FA2D13D294000DCD1F /* TestMessage.swift */,
			);
			path = ViewModel;
			sourceTree = "<group>";
		};
		D71714F22D126DCB000DCD1F /* View */ = {
			isa = PBXGroup;
			children = (
				D71714F32D126DF0000DCD1F /* DynamicLabelCell.swift */,
			);
			path = View;
			sourceTree = "<group>";
		};
		ED2327EB67510BA1456CED53 /* Pods */ = {
			isa = PBXGroup;
			children = (
				F9E47922589F6E83F0D1DB84 /* Pods-OpenAIChatDemo.debug.xcconfig */,
				F722587885AE84D4B123EC4C /* Pods-OpenAIChatDemo.release.xcconfig */,
			);
			path = Pods;
			sourceTree = "<group>";
		};
/* End PBXGroup section */

/* Begin PBXNativeTarget section */
		D71714D42D0FE417000DCD1F /* OpenAIChatDemo */ = {
			isa = PBXNativeTarget;
			buildConfigurationList = D71714E92D0FE419000DCD1F /* Build configuration list for PBXNativeTarget "OpenAIChatDemo" */;
			buildPhases = (
				3FB45F7DFA64BBD048EAD429 /* [CP] Check Pods Manifest.lock */,
				D71714D12D0FE417000DCD1F /* Sources */,
				D71714D22D0FE417000DCD1F /* Frameworks */,
				D71714D32D0FE417000DCD1F /* Resources */,
				AB7BC64CB45C6C7A07FDCC25 /* [CP] Embed Pods Frameworks */,
			);
			buildRules = (
			);
			dependencies = (
			);
			name = OpenAIChatDemo;
			packageProductDependencies = (
				D71714F62D12BA97000DCD1F /* Tiktoken */,
			);
			productName = OpenAIChatDemo;
			productReference = D71714D52D0FE417000DCD1F /* OpenAIChatDemo.app */;
			productType = "com.apple.product-type.application";
		};
/* End PBXNativeTarget section */

/* Begin PBXProject section */
		D71714CD2D0FE417000DCD1F /* Project object */ = {
			isa = PBXProject;
			attributes = {
				BuildIndependentTargetsInParallel = 1;
				LastSwiftUpdateCheck = 1540;
				LastUpgradeCheck = 1540;
				TargetAttributes = {
					D71714D42D0FE417000DCD1F = {
						CreatedOnToolsVersion = 15.4;
					};
				};
			};
			buildConfigurationList = D71714D02D0FE417000DCD1F /* Build configuration list for PBXProject "OpenAIChatDemo" */;
			compatibilityVersion = "Xcode 14.0";
			developmentRegion = en;
			hasScannedForEncodings = 0;
			knownRegions = (
				en,
				Base,
			);
			mainGroup = D71714CC2D0FE417000DCD1F;
			packageReferences = (
				D71714F52D12BA97000DCD1F /* XCRemoteSwiftPackageReference "Tiktoken" */,
			);
			productRefGroup = D71714D62D0FE417000DCD1F /* Products */;
			projectDirPath = "";
			projectRoot = "";
			targets = (
				D71714D42D0FE417000DCD1F /* OpenAIChatDemo */,
			);
		};
/* End PBXProject section */

/* Begin PBXResourcesBuildPhase section */
		D71714D32D0FE417000DCD1F /* Resources */ = {
			isa = PBXResourcesBuildPhase;
			buildActionMask = 2147483647;
			files = (
				D71714E22D0FE419000DCD1F /* Assets.xcassets in Resources */,
				D71714E52D0FE419000DCD1F /* Base in Resources */,
				D71714E02D0FE417000DCD1F /* Base in Resources */,
			);
			runOnlyForDeploymentPostprocessing = 0;
		};
/* End PBXResourcesBuildPhase section */

/* Begin PBXShellScriptBuildPhase section */
		3FB45F7DFA64BBD048EAD429 /* [CP] Check Pods Manifest.lock */ = {
			isa = PBXShellScriptBuildPhase;
			buildActionMask = 2147483647;
			files = (
			);
			inputFileListPaths = (
			);
			inputPaths = (
				"${PODS_PODFILE_DIR_PATH}/Podfile.lock",
				"${PODS_ROOT}/Manifest.lock",
			);
			name = "[CP] Check Pods Manifest.lock";
			outputFileListPaths = (
			);
			outputPaths = (
				"$(DERIVED_FILE_DIR)/Pods-OpenAIChatDemo-checkManifestLockResult.txt",
			);
			runOnlyForDeploymentPostprocessing = 0;
			shellPath = /bin/sh;
			shellScript = "diff \"${PODS_PODFILE_DIR_PATH}/Podfile.lock\" \"${PODS_ROOT}/Manifest.lock\" > /dev/null\nif [ $? != 0 ] ; then\n    # print error to STDERR\n    echo \"error: The sandbox is not in sync with the Podfile.lock. Run 'pod install' or update your CocoaPods installation.\" >&2\n    exit 1\nfi\n# This output is used by Xcode 'outputs' to avoid re-running this script phase.\necho \"SUCCESS\" > \"${SCRIPT_OUTPUT_FILE_0}\"\n";
			showEnvVarsInLog = 0;
		};
		AB7BC64CB45C6C7A07FDCC25 /* [CP] Embed Pods Frameworks */ = {
			isa = PBXShellScriptBuildPhase;
			buildActionMask = 2147483647;
			files = (
			);
			inputFileListPaths = (
				"${PODS_ROOT}/Target Support Files/Pods-OpenAIChatDemo/Pods-OpenAIChatDemo-frameworks-${CONFIGURATION}-input-files.xcfilelist",
			);
			name = "[CP] Embed Pods Frameworks";
			outputFileListPaths = (
				"${PODS_ROOT}/Target Support Files/Pods-OpenAIChatDemo/Pods-OpenAIChatDemo-frameworks-${CONFIGURATION}-output-files.xcfilelist",
			);
			runOnlyForDeploymentPostprocessing = 0;
			shellPath = /bin/sh;
			shellScript = "\"${PODS_ROOT}/Target Support Files/Pods-OpenAIChatDemo/Pods-OpenAIChatDemo-frameworks.sh\"\n";
			showEnvVarsInLog = 0;
		};
/* End PBXShellScriptBuildPhase section */

/* Begin PBXSourcesBuildPhase section */
		D71714D12D0FE417000DCD1F /* Sources */ = {
			isa = PBXSourcesBuildPhase;
			buildActionMask = 2147483647;
			files = (
				D71714F12D12698D000DCD1F /* OpenAICaller.swift in Sources */,
				D71714FB2D13D294000DCD1F /* TestMessage.swift in Sources */,
				D71714F42D126DF0000DCD1F /* DynamicLabelCell.swift in Sources */,
				D71714DD2D0FE417000DCD1F /* ViewController.swift in Sources */,
				D71714D92D0FE417000DCD1F /* AppDelegate.swift in Sources */,
				D71714DB2D0FE417000DCD1F /* SceneDelegate.swift in Sources */,
			);
			runOnlyForDeploymentPostprocessing = 0;
		};
/* End PBXSourcesBuildPhase section */

/* Begin PBXVariantGroup section */
		D71714DE2D0FE417000DCD1F /* Main.storyboard */ = {
			isa = PBXVariantGroup;
			children = (
				D71714DF2D0FE417000DCD1F /* Base */,
			);
			name = Main.storyboard;
			sourceTree = "<group>";
		};
		D71714E32D0FE419000DCD1F /* LaunchScreen.storyboard */ = {
			isa = PBXVariantGroup;
			children = (
				D71714E42D0FE419000DCD1F /* Base */,
			);
			name = LaunchScreen.storyboard;
			sourceTree = "<group>";
		};
/* End PBXVariantGroup section */

/* Begin XCBuildConfiguration section */
		D71714E72D0FE419000DCD1F /* Debug */ = {
			isa = XCBuildConfiguration;
			buildSettings = {
				ALWAYS_SEARCH_USER_PATHS = NO;
				ASSETCATALOG_COMPILER_GENERATE_SWIFT_ASSET_SYMBOL_EXTENSIONS = YES;
				CLANG_ANALYZER_NONNULL = YES;
				CLANG_ANALYZER_NUMBER_OBJECT_CONVERSION = YES_AGGRESSIVE;
				CLANG_CXX_LANGUAGE_STANDARD = "gnu++20";
				CLANG_ENABLE_MODULES = YES;
				CLANG_ENABLE_OBJC_ARC = YES;
				CLANG_ENABLE_OBJC_WEAK = YES;
				CLANG_WARN_BLOCK_CAPTURE_AUTORELEASING = YES;
				CLANG_WARN_BOOL_CONVERSION = YES;
				CLANG_WARN_COMMA = YES;
				CLANG_WARN_CONSTANT_CONVERSION = YES;
				CLANG_WARN_DEPRECATED_OBJC_IMPLEMENTATIONS = YES;
				CLANG_WARN_DIRECT_OBJC_ISA_USAGE = YES_ERROR;
				CLANG_WARN_DOCUMENTATION_COMMENTS = YES;
				CLANG_WARN_EMPTY_BODY = YES;
				CLANG_WARN_ENUM_CONVERSION = YES;
				CLANG_WARN_INFINITE_RECURSION = YES;
				CLANG_WARN_INT_CONVERSION = YES;
				CLANG_WARN_NON_LITERAL_NULL_CONVERSION = YES;
				CLANG_WARN_OBJC_IMPLICIT_RETAIN_SELF = YES;
				CLANG_WARN_OBJC_LITERAL_CONVERSION = YES;
				CLANG_WARN_OBJC_ROOT_CLASS = YES_ERROR;
				CLANG_WARN_QUOTED_INCLUDE_IN_FRAMEWORK_HEADER = YES;
				CLANG_WARN_RANGE_LOOP_ANALYSIS = YES;
				CLANG_WARN_STRICT_PROTOTYPES = YES;
				CLANG_WARN_SUSPICIOUS_MOVE = YES;
				CLANG_WARN_UNGUARDED_AVAILABILITY = YES_AGGRESSIVE;
				CLANG_WARN_UNREACHABLE_CODE = YES;
				CLANG_WARN__DUPLICATE_METHOD_MATCH = YES;
				COPY_PHASE_STRIP = NO;
				DEBUG_INFORMATION_FORMAT = dwarf;
				ENABLE_STRICT_OBJC_MSGSEND = YES;
				ENABLE_TESTABILITY = YES;
				ENABLE_USER_SCRIPT_SANDBOXING = YES;
				GCC_C_LANGUAGE_STANDARD = gnu17;
				GCC_DYNAMIC_NO_PIC = NO;
				GCC_NO_COMMON_BLOCKS = YES;
				GCC_OPTIMIZATION_LEVEL = 0;
				GCC_PREPROCESSOR_DEFINITIONS = (
					"DEBUG=1",
					"$(inherited)",
				);
				GCC_WARN_64_TO_32_BIT_CONVERSION = YES;
				GCC_WARN_ABOUT_RETURN_TYPE = YES_ERROR;
				GCC_WARN_UNDECLARED_SELECTOR = YES;
				GCC_WARN_UNINITIALIZED_AUTOS = YES_AGGRESSIVE;
				GCC_WARN_UNUSED_FUNCTION = YES;
				GCC_WARN_UNUSED_VARIABLE = YES;
				IPHONEOS_DEPLOYMENT_TARGET = 17.5;
				LOCALIZATION_PREFERS_STRING_CATALOGS = YES;
				MTL_ENABLE_DEBUG_INFO = INCLUDE_SOURCE;
				MTL_FAST_MATH = YES;
				ONLY_ACTIVE_ARCH = YES;
				SDKROOT = iphoneos;
				SWIFT_ACTIVE_COMPILATION_CONDITIONS = "DEBUG $(inherited)";
				SWIFT_OPTIMIZATION_LEVEL = "-Onone";
			};
			name = Debug;
		};
		D71714E82D0FE419000DCD1F /* Release */ = {
			isa = XCBuildConfiguration;
			buildSettings = {
				ALWAYS_SEARCH_USER_PATHS = NO;
				ASSETCATALOG_COMPILER_GENERATE_SWIFT_ASSET_SYMBOL_EXTENSIONS = YES;
				CLANG_ANALYZER_NONNULL = YES;
				CLANG_ANALYZER_NUMBER_OBJECT_CONVERSION = YES_AGGRESSIVE;
				CLANG_CXX_LANGUAGE_STANDARD = "gnu++20";
				CLANG_ENABLE_MODULES = YES;
				CLANG_ENABLE_OBJC_ARC = YES;
				CLANG_ENABLE_OBJC_WEAK = YES;
				CLANG_WARN_BLOCK_CAPTURE_AUTORELEASING = YES;
				CLANG_WARN_BOOL_CONVERSION = YES;
				CLANG_WARN_COMMA = YES;
				CLANG_WARN_CONSTANT_CONVERSION = YES;
				CLANG_WARN_DEPRECATED_OBJC_IMPLEMENTATIONS = YES;
				CLANG_WARN_DIRECT_OBJC_ISA_USAGE = YES_ERROR;
				CLANG_WARN_DOCUMENTATION_COMMENTS = YES;
				CLANG_WARN_EMPTY_BODY = YES;
				CLANG_WARN_ENUM_CONVERSION = YES;
				CLANG_WARN_INFINITE_RECURSION = YES;
				CLANG_WARN_INT_CONVERSION = YES;
				CLANG_WARN_NON_LITERAL_NULL_CONVERSION = YES;
				CLANG_WARN_OBJC_IMPLICIT_RETAIN_SELF = YES;
				CLANG_WARN_OBJC_LITERAL_CONVERSION = YES;
				CLANG_WARN_OBJC_ROOT_CLASS = YES_ERROR;
				CLANG_WARN_QUOTED_INCLUDE_IN_FRAMEWORK_HEADER = YES;
				CLANG_WARN_RANGE_LOOP_ANALYSIS = YES;
				CLANG_WARN_STRICT_PROTOTYPES = YES;
				CLANG_WARN_SUSPICIOUS_MOVE = YES;
				CLANG_WARN_UNGUARDED_AVAILABILITY = YES_AGGRESSIVE;
				CLANG_WARN_UNREACHABLE_CODE = YES;
				CLANG_WARN__DUPLICATE_METHOD_MATCH = YES;
				COPY_PHASE_STRIP = NO;
				DEBUG_INFORMATION_FORMAT = "dwarf-with-dsym";
				ENABLE_NS_ASSERTIONS = NO;
				ENABLE_STRICT_OBJC_MSGSEND = YES;
				ENABLE_USER_SCRIPT_SANDBOXING = YES;
				GCC_C_LANGUAGE_STANDARD = gnu17;
				GCC_NO_COMMON_BLOCKS = YES;
				GCC_WARN_64_TO_32_BIT_CONVERSION = YES;
				GCC_WARN_ABOUT_RETURN_TYPE = YES_ERROR;
				GCC_WARN_UNDECLARED_SELECTOR = YES;
				GCC_WARN_UNINITIALIZED_AUTOS = YES_AGGRESSIVE;
				GCC_WARN_UNUSED_FUNCTION = YES;
				GCC_WARN_UNUSED_VARIABLE = YES;
				IPHONEOS_DEPLOYMENT_TARGET = 17.5;
				LOCALIZATION_PREFERS_STRING_CATALOGS = YES;
				MTL_ENABLE_DEBUG_INFO = NO;
				MTL_FAST_MATH = YES;
				SDKROOT = iphoneos;
				SWIFT_COMPILATION_MODE = wholemodule;
				VALIDATE_PRODUCT = YES;
			};
			name = Release;
		};
		D71714EA2D0FE419000DCD1F /* Debug */ = {
			isa = XCBuildConfiguration;
			baseConfigurationReference = F9E47922589F6E83F0D1DB84 /* Pods-OpenAIChatDemo.debug.xcconfig */;
			buildSettings = {
				ASSETCATALOG_COMPILER_APPICON_NAME = AppIcon;
				ASSETCATALOG_COMPILER_GLOBAL_ACCENT_COLOR_NAME = AccentColor;
				CODE_SIGN_STYLE = Automatic;
				CURRENT_PROJECT_VERSION = 1;
				GENERATE_INFOPLIST_FILE = YES;
				INFOPLIST_FILE = OpenAIChatDemo/Info.plist;
				INFOPLIST_KEY_UIApplicationSupportsIndirectInputEvents = YES;
				INFOPLIST_KEY_UILaunchStoryboardName = LaunchScreen;
				INFOPLIST_KEY_UIMainStoryboardFile = Main;
				INFOPLIST_KEY_UISupportedInterfaceOrientations_iPad = "UIInterfaceOrientationPortrait UIInterfaceOrientationPortraitUpsideDown UIInterfaceOrientationLandscapeLeft UIInterfaceOrientationLandscapeRight";
				INFOPLIST_KEY_UISupportedInterfaceOrientations_iPhone = "UIInterfaceOrientationPortrait UIInterfaceOrientationLandscapeLeft UIInterfaceOrientationLandscapeRight";
				IPHONEOS_DEPLOYMENT_TARGET = 13.0;
				LD_RUNPATH_SEARCH_PATHS = (
					"$(inherited)",
					"@executable_path/Frameworks",
				);
				MARKETING_VERSION = 1.0;
				PRODUCT_BUNDLE_IDENTIFIER = CallmeOni.OpenAIChatDemo;
				PRODUCT_NAME = "$(TARGET_NAME)";
				SWIFT_EMIT_LOC_STRINGS = YES;
				SWIFT_VERSION = 5.0;
				TARGETED_DEVICE_FAMILY = "1,2";
			};
			name = Debug;
		};
		D71714EB2D0FE419000DCD1F /* Release */ = {
			isa = XCBuildConfiguration;
			baseConfigurationReference = F722587885AE84D4B123EC4C /* Pods-OpenAIChatDemo.release.xcconfig */;
			buildSettings = {
				ASSETCATALOG_COMPILER_APPICON_NAME = AppIcon;
				ASSETCATALOG_COMPILER_GLOBAL_ACCENT_COLOR_NAME = AccentColor;
				CODE_SIGN_STYLE = Automatic;
				CURRENT_PROJECT_VERSION = 1;
				GENERATE_INFOPLIST_FILE = YES;
				INFOPLIST_FILE = OpenAIChatDemo/Info.plist;
				INFOPLIST_KEY_UIApplicationSupportsIndirectInputEvents = YES;
				INFOPLIST_KEY_UILaunchStoryboardName = LaunchScreen;
				INFOPLIST_KEY_UIMainStoryboardFile = Main;
				INFOPLIST_KEY_UISupportedInterfaceOrientations_iPad = "UIInterfaceOrientationPortrait UIInterfaceOrientationPortraitUpsideDown UIInterfaceOrientationLandscapeLeft UIInterfaceOrientationLandscapeRight";
				INFOPLIST_KEY_UISupportedInterfaceOrientations_iPhone = "UIInterfaceOrientationPortrait UIInterfaceOrientationLandscapeLeft UIInterfaceOrientationLandscapeRight";
				IPHONEOS_DEPLOYMENT_TARGET = 13.0;
				LD_RUNPATH_SEARCH_PATHS = (
					"$(inherited)",
					"@executable_path/Frameworks",
				);
				MARKETING_VERSION = 1.0;
				PRODUCT_BUNDLE_IDENTIFIER = CallmeOni.OpenAIChatDemo;
				PRODUCT_NAME = "$(TARGET_NAME)";
				SWIFT_EMIT_LOC_STRINGS = YES;
				SWIFT_VERSION = 5.0;
				TARGETED_DEVICE_FAMILY = "1,2";
			};
			name = Release;
		};
/* End XCBuildConfiguration section */

/* Begin XCConfigurationList section */
		D71714D02D0FE417000DCD1F /* Build configuration list for PBXProject "OpenAIChatDemo" */ = {
			isa = XCConfigurationList;
			buildConfigurations = (
				D71714E72D0FE419000DCD1F /* Debug */,
				D71714E82D0FE419000DCD1F /* Release */,
			);
			defaultConfigurationIsVisible = 0;
			defaultConfigurationName = Release;
		};
		D71714E92D0FE419000DCD1F /* Build configuration list for PBXNativeTarget "OpenAIChatDemo" */ = {
			isa = XCConfigurationList;
			buildConfigurations = (
				D71714EA2D0FE419000DCD1F /* Debug */,
				D71714EB2D0FE419000DCD1F /* Release */,
			);
			defaultConfigurationIsVisible = 0;
			defaultConfigurationName = Release;
		};
/* End XCConfigurationList section */

/* Begin XCRemoteSwiftPackageReference section */
		D71714F52D12BA97000DCD1F /* XCRemoteSwiftPackageReference "Tiktoken" */ = {
			isa = XCRemoteSwiftPackageReference;
			repositoryURL = "https://github.com/aespinilla/Tiktoken.git";
			requirement = {
				branch = main;
				kind = branch;
			};
		};
/* End XCRemoteSwiftPackageReference section */

/* Begin XCSwiftPackageProductDependency section */
		D71714F62D12BA97000DCD1F /* Tiktoken */ = {
			isa = XCSwiftPackageProductDependency;
			package = D71714F52D12BA97000DCD1F /* XCRemoteSwiftPackageReference "Tiktoken" */;
			productName = Tiktoken;
		};
/* End XCSwiftPackageProductDependency section */
	};
	rootObject = D71714CD2D0FE417000DCD1F /* Project object */;
}
