// !$*UTF8*$!
{
	archiveVersion = 1;
	classes = {
	};
	objectVersion = 56;
	objects = {

/* Begin PBXBuildFile section */
		4295F112D935ABBC5AD49CC7 /* Pods_AdmobBannerBestPractice.framework in Frameworks */ = {isa = PBXBuildFile; fileRef = AAFEF4723471FE94F2113E0A /* Pods_AdmobBannerBestPractice.framework */; };
		D7FDBA2A2D2650F90008EBDE /* AppDelegate.swift in Sources */ = {isa = PBXBuildFile; fileRef = D7FDBA292D2650F90008EBDE /* AppDelegate.swift */; };
		D7FDBA2C2D2650F90008EBDE /* SceneDelegate.swift in Sources */ = {isa = PBXBuildFile; fileRef = D7FDBA2B2D2650F90008EBDE /* SceneDelegate.swift */; };
		D7FDBA2E2D2650F90008EBDE /* ViewController.swift in Sources */ = {isa = PBXBuildFile; fileRef = D7FDBA2D2D2650F90008EBDE /* ViewController.swift */; };
		D7FDBA312D2650F90008EBDE /* Base in Resources */ = {isa = PBXBuildFile; fileRef = D7FDBA302D2650F90008EBDE /* Base */; };
		D7FDBA332D2650FA0008EBDE /* Assets.xcassets in Resources */ = {isa = PBXBuildFile; fileRef = D7FDBA322D2650FA0008EBDE /* Assets.xcassets */; };
		D7FDBA362D2650FA0008EBDE /* Base in Resources */ = {isa = PBXBuildFile; fileRef = D7FDBA352D2650FA0008EBDE /* Base */; };
		D7FDBA3E2D2651040008EBDE /* BannerAdViewModel.swift in Sources */ = {isa = PBXBuildFile; fileRef = D7FDBA3D2D2651040008EBDE /* BannerAdViewModel.swift */; };
/* End PBXBuildFile section */

/* Begin PBXFileReference section */
		8A803B770AEAD10E81F219F1 /* Pods-AdmobBannerBestPractice.debug.xcconfig */ = {isa = PBXFileReference; includeInIndex = 1; lastKnownFileType = text.xcconfig; name = "Pods-AdmobBannerBestPractice.debug.xcconfig"; path = "Target Support Files/Pods-AdmobBannerBestPractice/Pods-AdmobBannerBestPractice.debug.xcconfig"; sourceTree = "<group>"; };
		AAFEF4723471FE94F2113E0A /* Pods_AdmobBannerBestPractice.framework */ = {isa = PBXFileReference; explicitFileType = wrapper.framework; includeInIndex = 0; path = Pods_AdmobBannerBestPractice.framework; sourceTree = BUILT_PRODUCTS_DIR; };
		D7FDBA262D2650F90008EBDE /* AdmobBannerBestPractice.app */ = {isa = PBXFileReference; explicitFileType = wrapper.application; includeInIndex = 0; path = AdmobBannerBestPractice.app; sourceTree = BUILT_PRODUCTS_DIR; };
		D7FDBA292D2650F90008EBDE /* AppDelegate.swift */ = {isa = PBXFileReference; lastKnownFileType = sourcecode.swift; path = AppDelegate.swift; sourceTree = "<group>"; };
		D7FDBA2B2D2650F90008EBDE /* SceneDelegate.swift */ = {isa = PBXFileReference; lastKnownFileType = sourcecode.swift; path = SceneDelegate.swift; sourceTree = "<group>"; };
		D7FDBA2D2D2650F90008EBDE /* ViewController.swift */ = {isa = PBXFileReference; lastKnownFileType = sourcecode.swift; path = ViewController.swift; sourceTree = "<group>"; };
		D7FDBA302D2650F90008EBDE /* Base */ = {isa = PBXFileReference; lastKnownFileType = file.storyboard; name = Base; path = Base.lproj/Main.storyboard; sourceTree = "<group>"; };
		D7FDBA322D2650FA0008EBDE /* Assets.xcassets */ = {isa = PBXFileReference; lastKnownFileType = folder.assetcatalog; path = Assets.xcassets; sourceTree = "<group>"; };
		D7FDBA352D2650FA0008EBDE /* Base */ = {isa = PBXFileReference; lastKnownFileType = file.storyboard; name = Base; path = Base.lproj/LaunchScreen.storyboard; sourceTree = "<group>"; };
		D7FDBA372D2650FA0008EBDE /* Info.plist */ = {isa = PBXFileReference; lastKnownFileType = text.plist.xml; path = Info.plist; sourceTree = "<group>"; };
		D7FDBA3D2D2651040008EBDE /* BannerAdViewModel.swift */ = {isa = PBXFileReference; lastKnownFileType = sourcecode.swift; path = BannerAdViewModel.swift; sourceTree = "<group>"; };
		E1C4012EC35E24360C0B01A4 /* Pods-AdmobBannerBestPractice.release.xcconfig */ = {isa = PBXFileReference; includeInIndex = 1; lastKnownFileType = text.xcconfig; name = "Pods-AdmobBannerBestPractice.release.xcconfig"; path = "Target Support Files/Pods-AdmobBannerBestPractice/Pods-AdmobBannerBestPractice.release.xcconfig"; sourceTree = "<group>"; };
/* End PBXFileReference section */

/* Begin PBXFrameworksBuildPhase section */
		D7FDBA232D2650F90008EBDE /* Frameworks */ = {
			isa = PBXFrameworksBuildPhase;
			buildActionMask = 2147483647;
			files = (
				4295F112D935ABBC5AD49CC7 /* Pods_AdmobBannerBestPractice.framework in Frameworks */,
			);
			runOnlyForDeploymentPostprocessing = 0;
		};
/* End PBXFrameworksBuildPhase section */

/* Begin PBXGroup section */
		05D36B991A5F9C9B926EC9C9 /* Frameworks */ = {
			isa = PBXGroup;
			children = (
				AAFEF4723471FE94F2113E0A /* Pods_AdmobBannerBestPractice.framework */,
			);
			name = Frameworks;
			sourceTree = "<group>";
		};
		72FD3787372ED34232A89883 /* Pods */ = {
			isa = PBXGroup;
			children = (
				8A803B770AEAD10E81F219F1 /* Pods-AdmobBannerBestPractice.debug.xcconfig */,
				E1C4012EC35E24360C0B01A4 /* Pods-AdmobBannerBestPractice.release.xcconfig */,
			);
			path = Pods;
			sourceTree = "<group>";
		};
		D7FDBA1D2D2650F90008EBDE = {
			isa = PBXGroup;
			children = (
				D7FDBA282D2650F90008EBDE /* AdmobBannerBestPractice */,
				D7FDBA272D2650F90008EBDE /* Products */,
				72FD3787372ED34232A89883 /* Pods */,
				05D36B991A5F9C9B926EC9C9 /* Frameworks */,
			);
			sourceTree = "<group>";
		};
		D7FDBA272D2650F90008EBDE /* Products */ = {
			isa = PBXGroup;
			children = (
				D7FDBA262D2650F90008EBDE /* AdmobBannerBestPractice.app */,
			);
			name = Products;
			sourceTree = "<group>";
		};
		D7FDBA282D2650F90008EBDE /* AdmobBannerBestPractice */ = {
			isa = PBXGroup;
			children = (
				D7FDBA292D2650F90008EBDE /* AppDelegate.swift */,
				D7FDBA2B2D2650F90008EBDE /* SceneDelegate.swift */,
				D7FDBA2D2D2650F90008EBDE /* ViewController.swift */,
				D7FDBA3D2D2651040008EBDE /* BannerAdViewModel.swift */,
				D7FDBA2F2D2650F90008EBDE /* Main.storyboard */,
				D7FDBA322D2650FA0008EBDE /* Assets.xcassets */,
				D7FDBA342D2650FA0008EBDE /* LaunchScreen.storyboard */,
				D7FDBA372D2650FA0008EBDE /* Info.plist */,
			);
			path = AdmobBannerBestPractice;
			sourceTree = "<group>";
		};
/* End PBXGroup section */

/* Begin PBXNativeTarget section */
		D7FDBA252D2650F90008EBDE /* AdmobBannerBestPractice */ = {
			isa = PBXNativeTarget;
			buildConfigurationList = D7FDBA3A2D2650FA0008EBDE /* Build configuration list for PBXNativeTarget "AdmobBannerBestPractice" */;
			buildPhases = (
				85D730D06A7F97016173F076 /* [CP] Check Pods Manifest.lock */,
				D7FDBA222D2650F90008EBDE /* Sources */,
				D7FDBA232D2650F90008EBDE /* Frameworks */,
				D7FDBA242D2650F90008EBDE /* Resources */,
				F45D5838305396D47153F6A3 /* [CP] Embed Pods Frameworks */,
				6CE36E5E5CBAEE6825D0F762 /* [CP] Copy Pods Resources */,
			);
			buildRules = (
			);
			dependencies = (
			);
			name = AdmobBannerBestPractice;
			productName = AdmobBannerBestPractice;
			productReference = D7FDBA262D2650F90008EBDE /* AdmobBannerBestPractice.app */;
			productType = "com.apple.product-type.application";
		};
/* End PBXNativeTarget section */

/* Begin PBXProject section */
		D7FDBA1E2D2650F90008EBDE /* Project object */ = {
			isa = PBXProject;
			attributes = {
				BuildIndependentTargetsInParallel = 1;
				LastSwiftUpdateCheck = 1540;
				LastUpgradeCheck = 1540;
				TargetAttributes = {
					D7FDBA252D2650F90008EBDE = {
						CreatedOnToolsVersion = 15.4;
					};
				};
			};
			buildConfigurationList = D7FDBA212D2650F90008EBDE /* Build configuration list for PBXProject "AdmobBannerBestPractice" */;
			compatibilityVersion = "Xcode 14.0";
			developmentRegion = en;
			hasScannedForEncodings = 0;
			knownRegions = (
				en,
				Base,
			);
			mainGroup = D7FDBA1D2D2650F90008EBDE;
			productRefGroup = D7FDBA272D2650F90008EBDE /* Products */;
			projectDirPath = "";
			projectRoot = "";
			targets = (
				D7FDBA252D2650F90008EBDE /* AdmobBannerBestPractice */,
			);
		};
/* End PBXProject section */

/* Begin PBXResourcesBuildPhase section */
		D7FDBA242D2650F90008EBDE /* Resources */ = {
			isa = PBXResourcesBuildPhase;
			buildActionMask = 2147483647;
			files = (
				D7FDBA332D2650FA0008EBDE /* Assets.xcassets in Resources */,
				D7FDBA362D2650FA0008EBDE /* Base in Resources */,
				D7FDBA312D2650F90008EBDE /* Base in Resources */,
			);
			runOnlyForDeploymentPostprocessing = 0;
		};
/* End PBXResourcesBuildPhase section */

/* Begin PBXShellScriptBuildPhase section */
		6CE36E5E5CBAEE6825D0F762 /* [CP] Copy Pods Resources */ = {
			isa = PBXShellScriptBuildPhase;
			buildActionMask = 2147483647;
			files = (
			);
			inputFileListPaths = (
				"${PODS_ROOT}/Target Support Files/Pods-AdmobBannerBestPractice/Pods-AdmobBannerBestPractice-resources-${CONFIGURATION}-input-files.xcfilelist",
			);
			name = "[CP] Copy Pods Resources";
			outputFileListPaths = (
				"${PODS_ROOT}/Target Support Files/Pods-AdmobBannerBestPractice/Pods-AdmobBannerBestPractice-resources-${CONFIGURATION}-output-files.xcfilelist",
			);
			runOnlyForDeploymentPostprocessing = 0;
			shellPath = /bin/sh;
			shellScript = "\"${PODS_ROOT}/Target Support Files/Pods-AdmobBannerBestPractice/Pods-AdmobBannerBestPractice-resources.sh\"\n";
			showEnvVarsInLog = 0;
		};
		85D730D06A7F97016173F076 /* [CP] Check Pods Manifest.lock */ = {
			isa = PBXShellScriptBuildPhase;
			buildActionMask = 2147483647;
			files = (
			);
			inputFileListPaths = (
			);
			inputPaths = (
				"${PODS_PODFILE_DIR_PATH}/Podfile.lock",
				"${PODS_ROOT}/Manifest.lock",
			);
			name = "[CP] Check Pods Manifest.lock";
			outputFileListPaths = (
			);
			outputPaths = (
				"$(DERIVED_FILE_DIR)/Pods-AdmobBannerBestPractice-checkManifestLockResult.txt",
			);
			runOnlyForDeploymentPostprocessing = 0;
			shellPath = /bin/sh;
			shellScript = "diff \"${PODS_PODFILE_DIR_PATH}/Podfile.lock\" \"${PODS_ROOT}/Manifest.lock\" > /dev/null\nif [ $? != 0 ] ; then\n    # print error to STDERR\n    echo \"error: The sandbox is not in sync with the Podfile.lock. Run 'pod install' or update your CocoaPods installation.\" >&2\n    exit 1\nfi\n# This output is used by Xcode 'outputs' to avoid re-running this script phase.\necho \"SUCCESS\" > \"${SCRIPT_OUTPUT_FILE_0}\"\n";
			showEnvVarsInLog = 0;
		};
		F45D5838305396D47153F6A3 /* [CP] Embed Pods Frameworks */ = {
			isa = PBXShellScriptBuildPhase;
			buildActionMask = 2147483647;
			files = (
			);
			inputFileListPaths = (
				"${PODS_ROOT}/Target Support Files/Pods-AdmobBannerBestPractice/Pods-AdmobBannerBestPractice-frameworks-${CONFIGURATION}-input-files.xcfilelist",
			);
			name = "[CP] Embed Pods Frameworks";
			outputFileListPaths = (
				"${PODS_ROOT}/Target Support Files/Pods-AdmobBannerBestPractice/Pods-AdmobBannerBestPractice-frameworks-${CONFIGURATION}-output-files.xcfilelist",
			);
			runOnlyForDeploymentPostprocessing = 0;
			shellPath = /bin/sh;
			shellScript = "\"${PODS_ROOT}/Target Support Files/Pods-AdmobBannerBestPractice/Pods-AdmobBannerBestPractice-frameworks.sh\"\n";
			showEnvVarsInLog = 0;
		};
/* End PBXShellScriptBuildPhase section */

/* Begin PBXSourcesBuildPhase section */
		D7FDBA222D2650F90008EBDE /* Sources */ = {
			isa = PBXSourcesBuildPhase;
			buildActionMask = 2147483647;
			files = (
				D7FDBA2E2D2650F90008EBDE /* ViewController.swift in Sources */,
				D7FDBA3E2D2651040008EBDE /* BannerAdViewModel.swift in Sources */,
				D7FDBA2A2D2650F90008EBDE /* AppDelegate.swift in Sources */,
				D7FDBA2C2D2650F90008EBDE /* SceneDelegate.swift in Sources */,
			);
			runOnlyForDeploymentPostprocessing = 0;
		};
/* End PBXSourcesBuildPhase section */

/* Begin PBXVariantGroup section */
		D7FDBA2F2D2650F90008EBDE /* Main.storyboard */ = {
			isa = PBXVariantGroup;
			children = (
				D7FDBA302D2650F90008EBDE /* Base */,
			);
			name = Main.storyboard;
			sourceTree = "<group>";
		};
		D7FDBA342D2650FA0008EBDE /* LaunchScreen.storyboard */ = {
			isa = PBXVariantGroup;
			children = (
				D7FDBA352D2650FA0008EBDE /* Base */,
			);
			name = LaunchScreen.storyboard;
			sourceTree = "<group>";
		};
/* End PBXVariantGroup section */

/* Begin XCBuildConfiguration section */
		D7FDBA382D2650FA0008EBDE /* Debug */ = {
			isa = XCBuildConfiguration;
			buildSettings = {
				ALWAYS_SEARCH_USER_PATHS = NO;
				ASSETCATALOG_COMPILER_GENERATE_SWIFT_ASSET_SYMBOL_EXTENSIONS = YES;
				CLANG_ANALYZER_NONNULL = YES;
				CLANG_ANALYZER_NUMBER_OBJECT_CONVERSION = YES_AGGRESSIVE;
				CLANG_CXX_LANGUAGE_STANDARD = "gnu++20";
				CLANG_ENABLE_MODULES = YES;
				CLANG_ENABLE_OBJC_ARC = YES;
				CLANG_ENABLE_OBJC_WEAK = YES;
				CLANG_WARN_BLOCK_CAPTURE_AUTORELEASING = YES;
				CLANG_WARN_BOOL_CONVERSION = YES;
				CLANG_WARN_COMMA = YES;
				CLANG_WARN_CONSTANT_CONVERSION = YES;
				CLANG_WARN_DEPRECATED_OBJC_IMPLEMENTATIONS = YES;
				CLANG_WARN_DIRECT_OBJC_ISA_USAGE = YES_ERROR;
				CLANG_WARN_DOCUMENTATION_COMMENTS = YES;
				CLANG_WARN_EMPTY_BODY = YES;
				CLANG_WARN_ENUM_CONVERSION = YES;
				CLANG_WARN_INFINITE_RECURSION = YES;
				CLANG_WARN_INT_CONVERSION = YES;
				CLANG_WARN_NON_LITERAL_NULL_CONVERSION = YES;
				CLANG_WARN_OBJC_IMPLICIT_RETAIN_SELF = YES;
				CLANG_WARN_OBJC_LITERAL_CONVERSION = YES;
				CLANG_WARN_OBJC_ROOT_CLASS = YES_ERROR;
				CLANG_WARN_QUOTED_INCLUDE_IN_FRAMEWORK_HEADER = YES;
				CLANG_WARN_RANGE_LOOP_ANALYSIS = YES;
				CLANG_WARN_STRICT_PROTOTYPES = YES;
				CLANG_WARN_SUSPICIOUS_MOVE = YES;
				CLANG_WARN_UNGUARDED_AVAILABILITY = YES_AGGRESSIVE;
				CLANG_WARN_UNREACHABLE_CODE = YES;
				CLANG_WARN__DUPLICATE_METHOD_MATCH = YES;
				COPY_PHASE_STRIP = NO;
				DEBUG_INFORMATION_FORMAT = dwarf;
				ENABLE_STRICT_OBJC_MSGSEND = YES;
				ENABLE_TESTABILITY = YES;
				ENABLE_USER_SCRIPT_SANDBOXING = YES;
				GCC_C_LANGUAGE_STANDARD = gnu17;
				GCC_DYNAMIC_NO_PIC = NO;
				GCC_NO_COMMON_BLOCKS = YES;
				GCC_OPTIMIZATION_LEVEL = 0;
				GCC_PREPROCESSOR_DEFINITIONS = (
					"DEBUG=1",
					"$(inherited)",
				);
				GCC_WARN_64_TO_32_BIT_CONVERSION = YES;
				GCC_WARN_ABOUT_RETURN_TYPE = YES_ERROR;
				GCC_WARN_UNDECLARED_SELECTOR = YES;
				GCC_WARN_UNINITIALIZED_AUTOS = YES_AGGRESSIVE;
				GCC_WARN_UNUSED_FUNCTION = YES;
				GCC_WARN_UNUSED_VARIABLE = YES;
				IPHONEOS_DEPLOYMENT_TARGET = 17.5;
				LOCALIZATION_PREFERS_STRING_CATALOGS = YES;
				MTL_ENABLE_DEBUG_INFO = INCLUDE_SOURCE;
				MTL_FAST_MATH = YES;
				ONLY_ACTIVE_ARCH = YES;
				SDKROOT = iphoneos;
				SWIFT_ACTIVE_COMPILATION_CONDITIONS = "DEBUG $(inherited)";
				SWIFT_OPTIMIZATION_LEVEL = "-Onone";
			};
			name = Debug;
		};
		D7FDBA392D2650FA0008EBDE /* Release */ = {
			isa = XCBuildConfiguration;
			buildSettings = {
				ALWAYS_SEARCH_USER_PATHS = NO;
				ASSETCATALOG_COMPILER_GENERATE_SWIFT_ASSET_SYMBOL_EXTENSIONS = YES;
				CLANG_ANALYZER_NONNULL = YES;
				CLANG_ANALYZER_NUMBER_OBJECT_CONVERSION = YES_AGGRESSIVE;
				CLANG_CXX_LANGUAGE_STANDARD = "gnu++20";
				CLANG_ENABLE_MODULES = YES;
				CLANG_ENABLE_OBJC_ARC = YES;
				CLANG_ENABLE_OBJC_WEAK = YES;
				CLANG_WARN_BLOCK_CAPTURE_AUTORELEASING = YES;
				CLANG_WARN_BOOL_CONVERSION = YES;
				CLANG_WARN_COMMA = YES;
				CLANG_WARN_CONSTANT_CONVERSION = YES;
				CLANG_WARN_DEPRECATED_OBJC_IMPLEMENTATIONS = YES;
				CLANG_WARN_DIRECT_OBJC_ISA_USAGE = YES_ERROR;
				CLANG_WARN_DOCUMENTATION_COMMENTS = YES;
				CLANG_WARN_EMPTY_BODY = YES;
				CLANG_WARN_ENUM_CONVERSION = YES;
				CLANG_WARN_INFINITE_RECURSION = YES;
				CLANG_WARN_INT_CONVERSION = YES;
				CLANG_WARN_NON_LITERAL_NULL_CONVERSION = YES;
				CLANG_WARN_OBJC_IMPLICIT_RETAIN_SELF = YES;
				CLANG_WARN_OBJC_LITERAL_CONVERSION = YES;
				CLANG_WARN_OBJC_ROOT_CLASS = YES_ERROR;
				CLANG_WARN_QUOTED_INCLUDE_IN_FRAMEWORK_HEADER = YES;
				CLANG_WARN_RANGE_LOOP_ANALYSIS = YES;
				CLANG_WARN_STRICT_PROTOTYPES = YES;
				CLANG_WARN_SUSPICIOUS_MOVE = YES;
				CLANG_WARN_UNGUARDED_AVAILABILITY = YES_AGGRESSIVE;
				CLANG_WARN_UNREACHABLE_CODE = YES;
				CLANG_WARN__DUPLICATE_METHOD_MATCH = YES;
				COPY_PHASE_STRIP = NO;
				DEBUG_INFORMATION_FORMAT = "dwarf-with-dsym";
				ENABLE_NS_ASSERTIONS = NO;
				ENABLE_STRICT_OBJC_MSGSEND = YES;
				ENABLE_USER_SCRIPT_SANDBOXING = YES;
				GCC_C_LANGUAGE_STANDARD = gnu17;
				GCC_NO_COMMON_BLOCKS = YES;
				GCC_WARN_64_TO_32_BIT_CONVERSION = YES;
				GCC_WARN_ABOUT_RETURN_TYPE = YES_ERROR;
				GCC_WARN_UNDECLARED_SELECTOR = YES;
				GCC_WARN_UNINITIALIZED_AUTOS = YES_AGGRESSIVE;
				GCC_WARN_UNUSED_FUNCTION = YES;
				GCC_WARN_UNUSED_VARIABLE = YES;
				IPHONEOS_DEPLOYMENT_TARGET = 17.5;
				LOCALIZATION_PREFERS_STRING_CATALOGS = YES;
				MTL_ENABLE_DEBUG_INFO = NO;
				MTL_FAST_MATH = YES;
				SDKROOT = iphoneos;
				SWIFT_COMPILATION_MODE = wholemodule;
				VALIDATE_PRODUCT = YES;
			};
			name = Release;
		};
		D7FDBA3B2D2650FA0008EBDE /* Debug */ = {
			isa = XCBuildConfiguration;
			baseConfigurationReference = 8A803B770AEAD10E81F219F1 /* Pods-AdmobBannerBestPractice.debug.xcconfig */;
			buildSettings = {
				ASSETCATALOG_COMPILER_APPICON_NAME = AppIcon;
				ASSETCATALOG_COMPILER_GLOBAL_ACCENT_COLOR_NAME = AccentColor;
				CODE_SIGN_STYLE = Automatic;
				CURRENT_PROJECT_VERSION = 1;
				ENABLE_USER_SCRIPT_SANDBOXING = NO;
				GENERATE_INFOPLIST_FILE = YES;
				INFOPLIST_FILE = AdmobBannerBestPractice/Info.plist;
				INFOPLIST_KEY_UIApplicationSupportsIndirectInputEvents = YES;
				INFOPLIST_KEY_UILaunchStoryboardName = LaunchScreen;
				INFOPLIST_KEY_UIMainStoryboardFile = Main;
				INFOPLIST_KEY_UISupportedInterfaceOrientations_iPad = "UIInterfaceOrientationPortrait UIInterfaceOrientationPortraitUpsideDown UIInterfaceOrientationLandscapeLeft UIInterfaceOrientationLandscapeRight";
				INFOPLIST_KEY_UISupportedInterfaceOrientations_iPhone = "UIInterfaceOrientationPortrait UIInterfaceOrientationLandscapeLeft UIInterfaceOrientationLandscapeRight";
				IPHONEOS_DEPLOYMENT_TARGET = 13.0;
				LD_RUNPATH_SEARCH_PATHS = (
					"$(inherited)",
					"@executable_path/Frameworks",
				);
				MARKETING_VERSION = 1.0;
				PRODUCT_BUNDLE_IDENTIFIER = CallmeOni.AdmobBannerBestPractice;
				PRODUCT_NAME = "$(TARGET_NAME)";
				SWIFT_EMIT_LOC_STRINGS = YES;
				SWIFT_VERSION = 5.0;
				TARGETED_DEVICE_FAMILY = "1,2";
			};
			name = Debug;
		};
		D7FDBA3C2D2650FA0008EBDE /* Release */ = {
			isa = XCBuildConfiguration;
			baseConfigurationReference = E1C4012EC35E24360C0B01A4 /* Pods-AdmobBannerBestPractice.release.xcconfig */;
			buildSettings = {
				ASSETCATALOG_COMPILER_APPICON_NAME = AppIcon;
				ASSETCATALOG_COMPILER_GLOBAL_ACCENT_COLOR_NAME = AccentColor;
				CODE_SIGN_STYLE = Automatic;
				CURRENT_PROJECT_VERSION = 1;
				ENABLE_USER_SCRIPT_SANDBOXING = NO;
				GENERATE_INFOPLIST_FILE = YES;
				INFOPLIST_FILE = AdmobBannerBestPractice/Info.plist;
				INFOPLIST_KEY_UIApplicationSupportsIndirectInputEvents = YES;
				INFOPLIST_KEY_UILaunchStoryboardName = LaunchScreen;
				INFOPLIST_KEY_UIMainStoryboardFile = Main;
				INFOPLIST_KEY_UISupportedInterfaceOrientations_iPad = "UIInterfaceOrientationPortrait UIInterfaceOrientationPortraitUpsideDown UIInterfaceOrientationLandscapeLeft UIInterfaceOrientationLandscapeRight";
				INFOPLIST_KEY_UISupportedInterfaceOrientations_iPhone = "UIInterfaceOrientationPortrait UIInterfaceOrientationLandscapeLeft UIInterfaceOrientationLandscapeRight";
				IPHONEOS_DEPLOYMENT_TARGET = 13.0;
				LD_RUNPATH_SEARCH_PATHS = (
					"$(inherited)",
					"@executable_path/Frameworks",
				);
				MARKETING_VERSION = 1.0;
				PRODUCT_BUNDLE_IDENTIFIER = CallmeOni.AdmobBannerBestPractice;
				PRODUCT_NAME = "$(TARGET_NAME)";
				SWIFT_EMIT_LOC_STRINGS = YES;
				SWIFT_VERSION = 5.0;
				TARGETED_DEVICE_FAMILY = "1,2";
			};
			name = Release;
		};
/* End XCBuildConfiguration section */

/* Begin XCConfigurationList section */
		D7FDBA212D2650F90008EBDE /* Build configuration list for PBXProject "AdmobBannerBestPractice" */ = {
			isa = XCConfigurationList;
			buildConfigurations = (
				D7FDBA382D2650FA0008EBDE /* Debug */,
				D7FDBA392D2650FA0008EBDE /* Release */,
			);
			defaultConfigurationIsVisible = 0;
			defaultConfigurationName = Release;
		};
		D7FDBA3A2D2650FA0008EBDE /* Build configuration list for PBXNativeTarget "AdmobBannerBestPractice" */ = {
			isa = XCConfigurationList;
			buildConfigurations = (
				D7FDBA3B2D2650FA0008EBDE /* Debug */,
				D7FDBA3C2D2650FA0008EBDE /* Release */,
			);
			defaultConfigurationIsVisible = 0;
			defaultConfigurationName = Release;
		};
/* End XCConfigurationList section */
	};
	rootObject = D7FDBA1E2D2650F90008EBDE /* Project object */;
}
