// !$*UTF8*$!
{
	archiveVersion = 1;
	classes = {
	};
	objectVersion = 56;
	objects = {

/* Begin PBXBuildFile section */
		80AF9B202BA9FE1000582C24 /* AppDelegate.swift in Sources */ = {isa = PBXBuildFile; fileRef = 80AF9B1F2BA9FE1000582C24 /* AppDelegate.swift */; };
		80AF9B222BA9FE1000582C24 /* SceneDelegate.swift in Sources */ = {isa = PBXBuildFile; fileRef = 80AF9B212BA9FE1000582C24 /* SceneDelegate.swift */; };
		80AF9B242BA9FE1000582C24 /* ViewController.swift in Sources */ = {isa = PBXBuildFile; fileRef = 80AF9B232BA9FE1000582C24 /* ViewController.swift */; };
		80AF9B272BA9FE1000582C24 /* Base in Resources */ = {isa = PBXBuildFile; fileRef = 80AF9B262BA9FE1000582C24 /* Base */; };
		80AF9B292BA9FE1100582C24 /* Assets.xcassets in Resources */ = {isa = PBXBuildFile; fileRef = 80AF9B282BA9FE1100582C24 /* Assets.xcassets */; };
		80AF9B2C2BA9FE1100582C24 /* Base in Resources */ = {isa = PBXBuildFile; fileRef = 80AF9B2B2BA9FE1100582C24 /* Base */; };
		80AF9B542BA9FE6900582C24 /* TestCreateSDK.framework in Frameworks */ = {isa = PBXBuildFile; fileRef = 80AF9B502BA9FE4600582C24 /* TestCreateSDK.framework */; };
/* End PBXBuildFile section */

/* Begin PBXContainerItemProxy section */
		80AF9B4F2BA9FE4600582C24 /* PBXContainerItemProxy */ = {
			isa = PBXContainerItemProxy;
			containerPortal = 80AF9B4A2BA9FE4600582C24 /* TestCreateSDK.xcodeproj */;
			proxyType = 2;
			remoteGlobalIDString = 80AF9A8E2BA9F9CC00582C24;
			remoteInfo = TestCreateSDK;
		};
		80AF9B512BA9FE4600582C24 /* PBXContainerItemProxy */ = {
			isa = PBXContainerItemProxy;
			containerPortal = 80AF9B4A2BA9FE4600582C24 /* TestCreateSDK.xcodeproj */;
			proxyType = 2;
			remoteGlobalIDString = 80AF9A982BA9F9CC00582C24;
			remoteInfo = TestCreateSDKTests;
		};
/* End PBXContainerItemProxy section */

/* Begin PBXFileReference section */
		80AF9B1C2BA9FE1000582C24 /* TestUseSDK.app */ = {isa = PBXFileReference; explicitFileType = wrapper.application; includeInIndex = 0; path = TestUseSDK.app; sourceTree = BUILT_PRODUCTS_DIR; };
		80AF9B1F2BA9FE1000582C24 /* AppDelegate.swift */ = {isa = PBXFileReference; lastKnownFileType = sourcecode.swift; path = AppDelegate.swift; sourceTree = "<group>"; };
		80AF9B212BA9FE1000582C24 /* SceneDelegate.swift */ = {isa = PBXFileReference; lastKnownFileType = sourcecode.swift; path = SceneDelegate.swift; sourceTree = "<group>"; };
		80AF9B232BA9FE1000582C24 /* ViewController.swift */ = {isa = PBXFileReference; lastKnownFileType = sourcecode.swift; path = ViewController.swift; sourceTree = "<group>"; };
		80AF9B262BA9FE1000582C24 /* Base */ = {isa = PBXFileReference; lastKnownFileType = file.storyboard; name = Base; path = Base.lproj/Main.storyboard; sourceTree = "<group>"; };
		80AF9B282BA9FE1100582C24 /* Assets.xcassets */ = {isa = PBXFileReference; lastKnownFileType = folder.assetcatalog; path = Assets.xcassets; sourceTree = "<group>"; };
		80AF9B2B2BA9FE1100582C24 /* Base */ = {isa = PBXFileReference; lastKnownFileType = file.storyboard; name = Base; path = Base.lproj/LaunchScreen.storyboard; sourceTree = "<group>"; };
		80AF9B2D2BA9FE1100582C24 /* Info.plist */ = {isa = PBXFileReference; lastKnownFileType = text.plist.xml; path = Info.plist; sourceTree = "<group>"; };
		80AF9B4A2BA9FE4600582C24 /* TestCreateSDK.xcodeproj */ = {isa = PBXFileReference; lastKnownFileType = "wrapper.pb-project"; name = TestCreateSDK.xcodeproj; path = ../TestCreateSDK/TestCreateSDK.xcodeproj; sourceTree = "<group>"; };
/* End PBXFileReference section */

/* Begin PBXFrameworksBuildPhase section */
		80AF9B192BA9FE1000582C24 /* Frameworks */ = {
			isa = PBXFrameworksBuildPhase;
			buildActionMask = 2147483647;
			files = (
				80AF9B542BA9FE6900582C24 /* TestCreateSDK.framework in Frameworks */,
			);
			runOnlyForDeploymentPostprocessing = 0;
		};
/* End PBXFrameworksBuildPhase section */

/* Begin PBXGroup section */
		80AF9B132BA9FE1000582C24 = {
			isa = PBXGroup;
			children = (
				80AF9B4A2BA9FE4600582C24 /* TestCreateSDK.xcodeproj */,
				80AF9B1E2BA9FE1000582C24 /* TestUseSDK */,
				80AF9B1D2BA9FE1000582C24 /* Products */,
				80AF9B532BA9FE6900582C24 /* Frameworks */,
			);
			sourceTree = "<group>";
		};
		80AF9B1D2BA9FE1000582C24 /* Products */ = {
			isa = PBXGroup;
			children = (
				80AF9B1C2BA9FE1000582C24 /* TestUseSDK.app */,
			);
			name = Products;
			sourceTree = "<group>";
		};
		80AF9B1E2BA9FE1000582C24 /* TestUseSDK */ = {
			isa = PBXGroup;
			children = (
				80AF9B1F2BA9FE1000582C24 /* AppDelegate.swift */,
				80AF9B212BA9FE1000582C24 /* SceneDelegate.swift */,
				80AF9B232BA9FE1000582C24 /* ViewController.swift */,
				80AF9B252BA9FE1000582C24 /* Main.storyboard */,
				80AF9B282BA9FE1100582C24 /* Assets.xcassets */,
				80AF9B2A2BA9FE1100582C24 /* LaunchScreen.storyboard */,
				80AF9B2D2BA9FE1100582C24 /* Info.plist */,
			);
			path = TestUseSDK;
			sourceTree = "<group>";
		};
		80AF9B4B2BA9FE4600582C24 /* Products */ = {
			isa = PBXGroup;
			children = (
				80AF9B502BA9FE4600582C24 /* TestCreateSDK.framework */,
				80AF9B522BA9FE4600582C24 /* TestCreateSDKTests.xctest */,
			);
			name = Products;
			sourceTree = "<group>";
		};
		80AF9B532BA9FE6900582C24 /* Frameworks */ = {
			isa = PBXGroup;
			children = (
			);
			name = Frameworks;
			sourceTree = "<group>";
		};
/* End PBXGroup section */

/* Begin PBXNativeTarget section */
		80AF9B1B2BA9FE1000582C24 /* TestUseSDK */ = {
			isa = PBXNativeTarget;
			buildConfigurationList = 80AF9B302BA9FE1100582C24 /* Build configuration list for PBXNativeTarget "TestUseSDK" */;
			buildPhases = (
				80AF9B182BA9FE1000582C24 /* Sources */,
				80AF9B192BA9FE1000582C24 /* Frameworks */,
				80AF9B1A2BA9FE1000582C24 /* Resources */,
			);
			buildRules = (
			);
			dependencies = (
			);
			name = TestUseSDK;
			productName = TestUseSDK;
			productReference = 80AF9B1C2BA9FE1000582C24 /* TestUseSDK.app */;
			productType = "com.apple.product-type.application";
		};
/* End PBXNativeTarget section */

/* Begin PBXProject section */
		80AF9B142BA9FE1000582C24 /* Project object */ = {
			isa = PBXProject;
			attributes = {
				BuildIndependentTargetsInParallel = 1;
				LastSwiftUpdateCheck = 1530;
				LastUpgradeCheck = 1530;
				TargetAttributes = {
					80AF9B1B2BA9FE1000582C24 = {
						CreatedOnToolsVersion = 15.3;
					};
				};
			};
			buildConfigurationList = 80AF9B172BA9FE1000582C24 /* Build configuration list for PBXProject "TestUseSDK" */;
			compatibilityVersion = "Xcode 14.0";
			developmentRegion = en;
			hasScannedForEncodings = 0;
			knownRegions = (
				en,
				Base,
			);
			mainGroup = 80AF9B132BA9FE1000582C24;
			productRefGroup = 80AF9B1D2BA9FE1000582C24 /* Products */;
			projectDirPath = "";
			projectReferences = (
				{
					ProductGroup = 80AF9B4B2BA9FE4600582C24 /* Products */;
					ProjectRef = 80AF9B4A2BA9FE4600582C24 /* TestCreateSDK.xcodeproj */;
				},
			);
			projectRoot = "";
			targets = (
				80AF9B1B2BA9FE1000582C24 /* TestUseSDK */,
			);
		};
/* End PBXProject section */

/* Begin PBXReferenceProxy section */
		80AF9B502BA9FE4600582C24 /* TestCreateSDK.framework */ = {
			isa = PBXReferenceProxy;
			fileType = wrapper.framework;
			path = TestCreateSDK.framework;
			remoteRef = 80AF9B4F2BA9FE4600582C24 /* PBXContainerItemProxy */;
			sourceTree = BUILT_PRODUCTS_DIR;
		};
		80AF9B522BA9FE4600582C24 /* TestCreateSDKTests.xctest */ = {
			isa = PBXReferenceProxy;
			fileType = wrapper.cfbundle;
			path = TestCreateSDKTests.xctest;
			remoteRef = 80AF9B512BA9FE4600582C24 /* PBXContainerItemProxy */;
			sourceTree = BUILT_PRODUCTS_DIR;
		};
/* End PBXReferenceProxy section */

/* Begin PBXResourcesBuildPhase section */
		80AF9B1A2BA9FE1000582C24 /* Resources */ = {
			isa = PBXResourcesBuildPhase;
			buildActionMask = 2147483647;
			files = (
				80AF9B292BA9FE1100582C24 /* Assets.xcassets in Resources */,
				80AF9B2C2BA9FE1100582C24 /* Base in Resources */,
				80AF9B272BA9FE1000582C24 /* Base in Resources */,
			);
			runOnlyForDeploymentPostprocessing = 0;
		};
/* End PBXResourcesBuildPhase section */

/* Begin PBXSourcesBuildPhase section */
		80AF9B182BA9FE1000582C24 /* Sources */ = {
			isa = PBXSourcesBuildPhase;
			buildActionMask = 2147483647;
			files = (
				80AF9B242BA9FE1000582C24 /* ViewController.swift in Sources */,
				80AF9B202BA9FE1000582C24 /* AppDelegate.swift in Sources */,
				80AF9B222BA9FE1000582C24 /* SceneDelegate.swift in Sources */,
			);
			runOnlyForDeploymentPostprocessing = 0;
		};
/* End PBXSourcesBuildPhase section */

/* Begin PBXVariantGroup section */
		80AF9B252BA9FE1000582C24 /* Main.storyboard */ = {
			isa = PBXVariantGroup;
			children = (
				80AF9B262BA9FE1000582C24 /* Base */,
			);
			name = Main.storyboard;
			sourceTree = "<group>";
		};
		80AF9B2A2BA9FE1100582C24 /* LaunchScreen.storyboard */ = {
			isa = PBXVariantGroup;
			children = (
				80AF9B2B2BA9FE1100582C24 /* Base */,
			);
			name = LaunchScreen.storyboard;
			sourceTree = "<group>";
		};
/* End PBXVariantGroup section */

/* Begin XCBuildConfiguration section */
		80AF9B2E2BA9FE1100582C24 /* Debug */ = {
			isa = XCBuildConfiguration;
			buildSettings = {
				ALWAYS_SEARCH_USER_PATHS = NO;
				ASSETCATALOG_COMPILER_GENERATE_SWIFT_ASSET_SYMBOL_EXTENSIONS = YES;
				CLANG_ANALYZER_NONNULL = YES;
				CLANG_ANALYZER_NUMBER_OBJECT_CONVERSION = YES_AGGRESSIVE;
				CLANG_CXX_LANGUAGE_STANDARD = "gnu++20";
				CLANG_ENABLE_MODULES = YES;
				CLANG_ENABLE_OBJC_ARC = YES;
				CLANG_ENABLE_OBJC_WEAK = YES;
				CLANG_WARN_BLOCK_CAPTURE_AUTORELEASING = YES;
				CLANG_WARN_BOOL_CONVERSION = YES;
				CLANG_WARN_COMMA = YES;
				CLANG_WARN_CONSTANT_CONVERSION = YES;
				CLANG_WARN_DEPRECATED_OBJC_IMPLEMENTATIONS = YES;
				CLANG_WARN_DIRECT_OBJC_ISA_USAGE = YES_ERROR;
				CLANG_WARN_DOCUMENTATION_COMMENTS = YES;
				CLANG_WARN_EMPTY_BODY = YES;
				CLANG_WARN_ENUM_CONVERSION = YES;
				CLANG_WARN_INFINITE_RECURSION = YES;
				CLANG_WARN_INT_CONVERSION = YES;
				CLANG_WARN_NON_LITERAL_NULL_CONVERSION = YES;
				CLANG_WARN_OBJC_IMPLICIT_RETAIN_SELF = YES;
				CLANG_WARN_OBJC_LITERAL_CONVERSION = YES;
				CLANG_WARN_OBJC_ROOT_CLASS = YES_ERROR;
				CLANG_WARN_QUOTED_INCLUDE_IN_FRAMEWORK_HEADER = YES;
				CLANG_WARN_RANGE_LOOP_ANALYSIS = YES;
				CLANG_WARN_STRICT_PROTOTYPES = YES;
				CLANG_WARN_SUSPICIOUS_MOVE = YES;
				CLANG_WARN_UNGUARDED_AVAILABILITY = YES_AGGRESSIVE;
				CLANG_WARN_UNREACHABLE_CODE = YES;
				CLANG_WARN__DUPLICATE_METHOD_MATCH = YES;
				COPY_PHASE_STRIP = NO;
				DEBUG_INFORMATION_FORMAT = dwarf;
				ENABLE_STRICT_OBJC_MSGSEND = YES;
				ENABLE_TESTABILITY = YES;
				ENABLE_USER_SCRIPT_SANDBOXING = YES;
				GCC_C_LANGUAGE_STANDARD = gnu17;
				GCC_DYNAMIC_NO_PIC = NO;
				GCC_NO_COMMON_BLOCKS = YES;
				GCC_OPTIMIZATION_LEVEL = 0;
				GCC_PREPROCESSOR_DEFINITIONS = (
					"DEBUG=1",
					"$(inherited)",
				);
				GCC_WARN_64_TO_32_BIT_CONVERSION = YES;
				GCC_WARN_ABOUT_RETURN_TYPE = YES_ERROR;
				GCC_WARN_UNDECLARED_SELECTOR = YES;
				GCC_WARN_UNINITIALIZED_AUTOS = YES_AGGRESSIVE;
				GCC_WARN_UNUSED_FUNCTION = YES;
				GCC_WARN_UNUSED_VARIABLE = YES;
				IPHONEOS_DEPLOYMENT_TARGET = 17.4;
				LOCALIZATION_PREFERS_STRING_CATALOGS = YES;
				MTL_ENABLE_DEBUG_INFO = INCLUDE_SOURCE;
				MTL_FAST_MATH = YES;
				ONLY_ACTIVE_ARCH = YES;
				SDKROOT = iphoneos;
				SWIFT_ACTIVE_COMPILATION_CONDITIONS = "DEBUG $(inherited)";
				SWIFT_OPTIMIZATION_LEVEL = "-Onone";
			};
			name = Debug;
		};
		80AF9B2F2BA9FE1100582C24 /* Release */ = {
			isa = XCBuildConfiguration;
			buildSettings = {
				ALWAYS_SEARCH_USER_PATHS = NO;
				ASSETCATALOG_COMPILER_GENERATE_SWIFT_ASSET_SYMBOL_EXTENSIONS = YES;
				CLANG_ANALYZER_NONNULL = YES;
				CLANG_ANALYZER_NUMBER_OBJECT_CONVERSION = YES_AGGRESSIVE;
				CLANG_CXX_LANGUAGE_STANDARD = "gnu++20";
				CLANG_ENABLE_MODULES = YES;
				CLANG_ENABLE_OBJC_ARC = YES;
				CLANG_ENABLE_OBJC_WEAK = YES;
				CLANG_WARN_BLOCK_CAPTURE_AUTORELEASING = YES;
				CLANG_WARN_BOOL_CONVERSION = YES;
				CLANG_WARN_COMMA = YES;
				CLANG_WARN_CONSTANT_CONVERSION = YES;
				CLANG_WARN_DEPRECATED_OBJC_IMPLEMENTATIONS = YES;
				CLANG_WARN_DIRECT_OBJC_ISA_USAGE = YES_ERROR;
				CLANG_WARN_DOCUMENTATION_COMMENTS = YES;
				CLANG_WARN_EMPTY_BODY = YES;
				CLANG_WARN_ENUM_CONVERSION = YES;
				CLANG_WARN_INFINITE_RECURSION = YES;
				CLANG_WARN_INT_CONVERSION = YES;
				CLANG_WARN_NON_LITERAL_NULL_CONVERSION = YES;
				CLANG_WARN_OBJC_IMPLICIT_RETAIN_SELF = YES;
				CLANG_WARN_OBJC_LITERAL_CONVERSION = YES;
				CLANG_WARN_OBJC_ROOT_CLASS = YES_ERROR;
				CLANG_WARN_QUOTED_INCLUDE_IN_FRAMEWORK_HEADER = YES;
				CLANG_WARN_RANGE_LOOP_ANALYSIS = YES;
				CLANG_WARN_STRICT_PROTOTYPES = YES;
				CLANG_WARN_SUSPICIOUS_MOVE = YES;
				CLANG_WARN_UNGUARDED_AVAILABILITY = YES_AGGRESSIVE;
				CLANG_WARN_UNREACHABLE_CODE = YES;
				CLANG_WARN__DUPLICATE_METHOD_MATCH = YES;
				COPY_PHASE_STRIP = NO;
				DEBUG_INFORMATION_FORMAT = "dwarf-with-dsym";
				ENABLE_NS_ASSERTIONS = NO;
				ENABLE_STRICT_OBJC_MSGSEND = YES;
				ENABLE_USER_SCRIPT_SANDBOXING = YES;
				GCC_C_LANGUAGE_STANDARD = gnu17;
				GCC_NO_COMMON_BLOCKS = YES;
				GCC_WARN_64_TO_32_BIT_CONVERSION = YES;
				GCC_WARN_ABOUT_RETURN_TYPE = YES_ERROR;
				GCC_WARN_UNDECLARED_SELECTOR = YES;
				GCC_WARN_UNINITIALIZED_AUTOS = YES_AGGRESSIVE;
				GCC_WARN_UNUSED_FUNCTION = YES;
				GCC_WARN_UNUSED_VARIABLE = YES;
				IPHONEOS_DEPLOYMENT_TARGET = 17.4;
				LOCALIZATION_PREFERS_STRING_CATALOGS = YES;
				MTL_ENABLE_DEBUG_INFO = NO;
				MTL_FAST_MATH = YES;
				SDKROOT = iphoneos;
				SWIFT_COMPILATION_MODE = wholemodule;
				VALIDATE_PRODUCT = YES;
			};
			name = Release;
		};
		80AF9B312BA9FE1100582C24 /* Debug */ = {
			isa = XCBuildConfiguration;
			buildSettings = {
				ASSETCATALOG_COMPILER_APPICON_NAME = AppIcon;
				ASSETCATALOG_COMPILER_GLOBAL_ACCENT_COLOR_NAME = AccentColor;
				CODE_SIGN_STYLE = Automatic;
				CURRENT_PROJECT_VERSION = 1;
				GENERATE_INFOPLIST_FILE = YES;
				INFOPLIST_FILE = TestUseSDK/Info.plist;
				INFOPLIST_KEY_UIApplicationSupportsIndirectInputEvents = YES;
				INFOPLIST_KEY_UILaunchStoryboardName = LaunchScreen;
				INFOPLIST_KEY_UIMainStoryboardFile = Main;
				INFOPLIST_KEY_UISupportedInterfaceOrientations_iPad = "UIInterfaceOrientationPortrait UIInterfaceOrientationPortraitUpsideDown UIInterfaceOrientationLandscapeLeft UIInterfaceOrientationLandscapeRight";
				INFOPLIST_KEY_UISupportedInterfaceOrientations_iPhone = "UIInterfaceOrientationPortrait UIInterfaceOrientationLandscapeLeft UIInterfaceOrientationLandscapeRight";
				IPHONEOS_DEPLOYMENT_TARGET = 17.0;
				LD_RUNPATH_SEARCH_PATHS = (
					"$(inherited)",
					"@executable_path/Frameworks",
				);
				MARKETING_VERSION = 1.0;
				PRODUCT_BUNDLE_IDENTIFIER = callmeOni.TestUseSDK;
				PRODUCT_NAME = "$(TARGET_NAME)";
				SUPPORTED_PLATFORMS = "iphoneos iphonesimulator";
				SUPPORTS_MACCATALYST = NO;
				SUPPORTS_MAC_DESIGNED_FOR_IPHONE_IPAD = NO;
				SUPPORTS_XR_DESIGNED_FOR_IPHONE_IPAD = NO;
				SWIFT_EMIT_LOC_STRINGS = YES;
				SWIFT_VERSION = 5.0;
				TARGETED_DEVICE_FAMILY = 1;
			};
			name = Debug;
		};
		80AF9B322BA9FE1100582C24 /* Release */ = {
			isa = XCBuildConfiguration;
			buildSettings = {
				ASSETCATALOG_COMPILER_APPICON_NAME = AppIcon;
				ASSETCATALOG_COMPILER_GLOBAL_ACCENT_COLOR_NAME = AccentColor;
				CODE_SIGN_STYLE = Automatic;
				CURRENT_PROJECT_VERSION = 1;
				GENERATE_INFOPLIST_FILE = YES;
				INFOPLIST_FILE = TestUseSDK/Info.plist;
				INFOPLIST_KEY_UIApplicationSupportsIndirectInputEvents = YES;
				INFOPLIST_KEY_UILaunchStoryboardName = LaunchScreen;
				INFOPLIST_KEY_UIMainStoryboardFile = Main;
				INFOPLIST_KEY_UISupportedInterfaceOrientations_iPad = "UIInterfaceOrientationPortrait UIInterfaceOrientationPortraitUpsideDown UIInterfaceOrientationLandscapeLeft UIInterfaceOrientationLandscapeRight";
				INFOPLIST_KEY_UISupportedInterfaceOrientations_iPhone = "UIInterfaceOrientationPortrait UIInterfaceOrientationLandscapeLeft UIInterfaceOrientationLandscapeRight";
				IPHONEOS_DEPLOYMENT_TARGET = 17.0;
				LD_RUNPATH_SEARCH_PATHS = (
					"$(inherited)",
					"@executable_path/Frameworks",
				);
				MARKETING_VERSION = 1.0;
				PRODUCT_BUNDLE_IDENTIFIER = callmeOni.TestUseSDK;
				PRODUCT_NAME = "$(TARGET_NAME)";
				SUPPORTED_PLATFORMS = "iphoneos iphonesimulator";
				SUPPORTS_MACCATALYST = NO;
				SUPPORTS_MAC_DESIGNED_FOR_IPHONE_IPAD = NO;
				SUPPORTS_XR_DESIGNED_FOR_IPHONE_IPAD = NO;
				SWIFT_EMIT_LOC_STRINGS = YES;
				SWIFT_VERSION = 5.0;
				TARGETED_DEVICE_FAMILY = 1;
			};
			name = Release;
		};
/* End XCBuildConfiguration section */

/* Begin XCConfigurationList section */
		80AF9B172BA9FE1000582C24 /* Build configuration list for PBXProject "TestUseSDK" */ = {
			isa = XCConfigurationList;
			buildConfigurations = (
				80AF9B2E2BA9FE1100582C24 /* Debug */,
				80AF9B2F2BA9FE1100582C24 /* Release */,
			);
			defaultConfigurationIsVisible = 0;
			defaultConfigurationName = Release;
		};
		80AF9B302BA9FE1100582C24 /* Build configuration list for PBXNativeTarget "TestUseSDK" */ = {
			isa = XCConfigurationList;
			buildConfigurations = (
				80AF9B312BA9FE1100582C24 /* Debug */,
				80AF9B322BA9FE1100582C24 /* Release */,
			);
			defaultConfigurationIsVisible = 0;
			defaultConfigurationName = Release;
		};
/* End XCConfigurationList section */
	};
	rootObject = 80AF9B142BA9FE1000582C24 /* Project object */;
}
