PODS:
  - Alamofire (5.10.2)
  - SnapKit (5.7.1)

DEPENDENCIES:
  - Alamofire
  - SnapKit

SPEC REPOS:
  trunk:
    - Alamofire
    - SnapKit

SPEC CHECKSUMS:
  Alamofire: 7193b3b92c74a07f85569e1a6c4f4237291e7496
  SnapKit: d612e99e678a2d3b95bf60b0705ed0a35c03484a

PODFILE CHECKSUM: 948fd7bf4fb9f02acfa04e232068413d13c8092c

COCOAPODS: 1.15.2
