// !$*UTF8*$!
{
	archiveVersion = 1;
	classes = {
	};
	objectVersion = 56;
	objects = {

/* Begin PBXBuildFile section */
		D7AFD4982BB5631C006B7E95 /* AppDelegate.swift in Sources */ = {isa = PBXBuildFile; fileRef = D7AFD4972BB5631C006B7E95 /* AppDelegate.swift */; };
		D7AFD49A2BB5631C006B7E95 /* SceneDelegate.swift in Sources */ = {isa = PBXBuildFile; fileRef = D7AFD4992BB5631C006B7E95 /* SceneDelegate.swift */; };
		D7AFD49C2BB5631C006B7E95 /* UserViewController.swift in Sources */ = {isa = PBXBuildFile; fileRef = D7AFD49B2BB5631C006B7E95 /* UserViewController.swift */; };
		D7AFD49F2BB5631C006B7E95 /* Main.storyboard in Resources */ = {isa = PBXBuildFile; fileRef = D7AFD49D2BB5631C006B7E95 /* Main.storyboard */; };
		D7AFD4A12BB5631E006B7E95 /* Assets.xcassets in Resources */ = {isa = PBXBuildFile; fileRef = D7AFD4A02BB5631E006B7E95 /* Assets.xcassets */; };
		D7AFD4A42BB5631E006B7E95 /* LaunchScreen.storyboard in Resources */ = {isa = PBXBuildFile; fileRef = D7AFD4A22BB5631E006B7E95 /* LaunchScreen.storyboard */; };
		D7AFD4AC2BB5636C006B7E95 /* UserModel.swift in Sources */ = {isa = PBXBuildFile; fileRef = D7AFD4AB2BB5636C006B7E95 /* UserModel.swift */; };
		D7AFD4AE2BB56382006B7E95 /* UserService.swift in Sources */ = {isa = PBXBuildFile; fileRef = D7AFD4AD2BB56382006B7E95 /* UserService.swift */; };
		D7AFD4B02BB5639A006B7E95 /* UserViewModel.swift in Sources */ = {isa = PBXBuildFile; fileRef = D7AFD4AF2BB5639A006B7E95 /* UserViewModel.swift */; };
		D7AFD4B22BB56770006B7E95 /* LoginViewController.swift in Sources */ = {isa = PBXBuildFile; fileRef = D7AFD4B12BB56770006B7E95 /* LoginViewController.swift */; };
		D7AFD4B52BB56824006B7E95 /* LoginViewModel.swift in Sources */ = {isa = PBXBuildFile; fileRef = D7AFD4B42BB56824006B7E95 /* LoginViewModel.swift */; };
		EFB1C1F3E9D076DDF4851EDB /* Pods_Basic_RxSwift_and_Alamofire.framework in Frameworks */ = {isa = PBXBuildFile; fileRef = 28F8AC08500148EEAF6FC7FF /* Pods_Basic_RxSwift_and_Alamofire.framework */; };
/* End PBXBuildFile section */

/* Begin PBXFileReference section */
		00B1B332FB6BF24D596B03FE /* Pods-Basic RxSwift and Alamofire.release.xcconfig */ = {isa = PBXFileReference; includeInIndex = 1; lastKnownFileType = text.xcconfig; name = "Pods-Basic RxSwift and Alamofire.release.xcconfig"; path = "Target Support Files/Pods-Basic RxSwift and Alamofire/Pods-Basic RxSwift and Alamofire.release.xcconfig"; sourceTree = "<group>"; };
		28F8AC08500148EEAF6FC7FF /* Pods_Basic_RxSwift_and_Alamofire.framework */ = {isa = PBXFileReference; explicitFileType = wrapper.framework; includeInIndex = 0; path = Pods_Basic_RxSwift_and_Alamofire.framework; sourceTree = BUILT_PRODUCTS_DIR; };
		A39E84CC79DD6ACB6720EE41 /* Pods-Basic RxSwift and Alamofire.debug.xcconfig */ = {isa = PBXFileReference; includeInIndex = 1; lastKnownFileType = text.xcconfig; name = "Pods-Basic RxSwift and Alamofire.debug.xcconfig"; path = "Target Support Files/Pods-Basic RxSwift and Alamofire/Pods-Basic RxSwift and Alamofire.debug.xcconfig"; sourceTree = "<group>"; };
		D7AFD4942BB5631C006B7E95 /* Basic RxSwift and Alamofire.app */ = {isa = PBXFileReference; explicitFileType = wrapper.application; includeInIndex = 0; path = "Basic RxSwift and Alamofire.app"; sourceTree = BUILT_PRODUCTS_DIR; };
		D7AFD4972BB5631C006B7E95 /* AppDelegate.swift */ = {isa = PBXFileReference; lastKnownFileType = sourcecode.swift; path = AppDelegate.swift; sourceTree = "<group>"; };
		D7AFD4992BB5631C006B7E95 /* SceneDelegate.swift */ = {isa = PBXFileReference; lastKnownFileType = sourcecode.swift; path = SceneDelegate.swift; sourceTree = "<group>"; };
		D7AFD49B2BB5631C006B7E95 /* UserViewController.swift */ = {isa = PBXFileReference; lastKnownFileType = sourcecode.swift; path = UserViewController.swift; sourceTree = "<group>"; };
		D7AFD49E2BB5631C006B7E95 /* Base */ = {isa = PBXFileReference; lastKnownFileType = file.storyboard; name = Base; path = Base.lproj/Main.storyboard; sourceTree = "<group>"; };
		D7AFD4A02BB5631E006B7E95 /* Assets.xcassets */ = {isa = PBXFileReference; lastKnownFileType = folder.assetcatalog; path = Assets.xcassets; sourceTree = "<group>"; };
		D7AFD4A32BB5631E006B7E95 /* Base */ = {isa = PBXFileReference; lastKnownFileType = file.storyboard; name = Base; path = Base.lproj/LaunchScreen.storyboard; sourceTree = "<group>"; };
		D7AFD4A52BB5631E006B7E95 /* Info.plist */ = {isa = PBXFileReference; lastKnownFileType = text.plist.xml; path = Info.plist; sourceTree = "<group>"; };
		D7AFD4AB2BB5636C006B7E95 /* UserModel.swift */ = {isa = PBXFileReference; lastKnownFileType = sourcecode.swift; path = UserModel.swift; sourceTree = "<group>"; };
		D7AFD4AD2BB56382006B7E95 /* UserService.swift */ = {isa = PBXFileReference; lastKnownFileType = sourcecode.swift; path = UserService.swift; sourceTree = "<group>"; };
		D7AFD4AF2BB5639A006B7E95 /* UserViewModel.swift */ = {isa = PBXFileReference; lastKnownFileType = sourcecode.swift; path = UserViewModel.swift; sourceTree = "<group>"; };
		D7AFD4B12BB56770006B7E95 /* LoginViewController.swift */ = {isa = PBXFileReference; lastKnownFileType = sourcecode.swift; path = LoginViewController.swift; sourceTree = "<group>"; };
		D7AFD4B42BB56824006B7E95 /* LoginViewModel.swift */ = {isa = PBXFileReference; lastKnownFileType = sourcecode.swift; path = LoginViewModel.swift; sourceTree = "<group>"; };
/* End PBXFileReference section */

/* Begin PBXFrameworksBuildPhase section */
		D7AFD4912BB5631C006B7E95 /* Frameworks */ = {
			isa = PBXFrameworksBuildPhase;
			buildActionMask = 2147483647;
			files = (
				EFB1C1F3E9D076DDF4851EDB /* Pods_Basic_RxSwift_and_Alamofire.framework in Frameworks */,
			);
			runOnlyForDeploymentPostprocessing = 0;
		};
/* End PBXFrameworksBuildPhase section */

/* Begin PBXGroup section */
		0C250AE7D212D6A2877FA288 /* Frameworks */ = {
			isa = PBXGroup;
			children = (
				28F8AC08500148EEAF6FC7FF /* Pods_Basic_RxSwift_and_Alamofire.framework */,
			);
			name = Frameworks;
			sourceTree = "<group>";
		};
		453BDE35C7C6E1941AD934F4 /* Pods */ = {
			isa = PBXGroup;
			children = (
				A39E84CC79DD6ACB6720EE41 /* Pods-Basic RxSwift and Alamofire.debug.xcconfig */,
				00B1B332FB6BF24D596B03FE /* Pods-Basic RxSwift and Alamofire.release.xcconfig */,
			);
			path = Pods;
			sourceTree = "<group>";
		};
		D7AFD48B2BB5631C006B7E95 = {
			isa = PBXGroup;
			children = (
				D7AFD4962BB5631C006B7E95 /* Basic RxSwift and Alamofire */,
				D7AFD4952BB5631C006B7E95 /* Products */,
				453BDE35C7C6E1941AD934F4 /* Pods */,
				0C250AE7D212D6A2877FA288 /* Frameworks */,
			);
			sourceTree = "<group>";
		};
		D7AFD4952BB5631C006B7E95 /* Products */ = {
			isa = PBXGroup;
			children = (
				D7AFD4942BB5631C006B7E95 /* Basic RxSwift and Alamofire.app */,
			);
			name = Products;
			sourceTree = "<group>";
		};
		D7AFD4962BB5631C006B7E95 /* Basic RxSwift and Alamofire */ = {
			isa = PBXGroup;
			children = (
				D7AFD4972BB5631C006B7E95 /* AppDelegate.swift */,
				D7AFD4992BB5631C006B7E95 /* SceneDelegate.swift */,
				D7AFD49B2BB5631C006B7E95 /* UserViewController.swift */,
				D7AFD4AF2BB5639A006B7E95 /* UserViewModel.swift */,
				D7AFD4AD2BB56382006B7E95 /* UserService.swift */,
				D7AFD4AB2BB5636C006B7E95 /* UserModel.swift */,
				D7AFD4B32BB56817006B7E95 /* Login */,
				D7AFD49D2BB5631C006B7E95 /* Main.storyboard */,
				D7AFD4A02BB5631E006B7E95 /* Assets.xcassets */,
				D7AFD4A22BB5631E006B7E95 /* LaunchScreen.storyboard */,
				D7AFD4A52BB5631E006B7E95 /* Info.plist */,
			);
			path = "Basic RxSwift and Alamofire";
			sourceTree = "<group>";
		};
		D7AFD4B32BB56817006B7E95 /* Login */ = {
			isa = PBXGroup;
			children = (
				D7AFD4B12BB56770006B7E95 /* LoginViewController.swift */,
				D7AFD4B42BB56824006B7E95 /* LoginViewModel.swift */,
			);
			path = Login;
			sourceTree = "<group>";
		};
/* End PBXGroup section */

/* Begin PBXNativeTarget section */
		D7AFD4932BB5631C006B7E95 /* Basic RxSwift and Alamofire */ = {
			isa = PBXNativeTarget;
			buildConfigurationList = D7AFD4A82BB5631E006B7E95 /* Build configuration list for PBXNativeTarget "Basic RxSwift and Alamofire" */;
			buildPhases = (
				BE0967048D4A313F5E09BADE /* [CP] Check Pods Manifest.lock */,
				D7AFD4902BB5631C006B7E95 /* Sources */,
				D7AFD4912BB5631C006B7E95 /* Frameworks */,
				D7AFD4922BB5631C006B7E95 /* Resources */,
				376873AD4F0FC0BAC31EC75C /* [CP] Embed Pods Frameworks */,
			);
			buildRules = (
			);
			dependencies = (
			);
			name = "Basic RxSwift and Alamofire";
			productName = "Basic RxSwift and Alamofire";
			productReference = D7AFD4942BB5631C006B7E95 /* Basic RxSwift and Alamofire.app */;
			productType = "com.apple.product-type.application";
		};
/* End PBXNativeTarget section */

/* Begin PBXProject section */
		D7AFD48C2BB5631C006B7E95 /* Project object */ = {
			isa = PBXProject;
			attributes = {
				BuildIndependentTargetsInParallel = 1;
				LastSwiftUpdateCheck = 1500;
				LastUpgradeCheck = 1500;
				TargetAttributes = {
					D7AFD4932BB5631C006B7E95 = {
						CreatedOnToolsVersion = 15.0;
					};
				};
			};
			buildConfigurationList = D7AFD48F2BB5631C006B7E95 /* Build configuration list for PBXProject "Basic RxSwift and Alamofire" */;
			compatibilityVersion = "Xcode 14.0";
			developmentRegion = en;
			hasScannedForEncodings = 0;
			knownRegions = (
				en,
				Base,
			);
			mainGroup = D7AFD48B2BB5631C006B7E95;
			productRefGroup = D7AFD4952BB5631C006B7E95 /* Products */;
			projectDirPath = "";
			projectRoot = "";
			targets = (
				D7AFD4932BB5631C006B7E95 /* Basic RxSwift and Alamofire */,
			);
		};
/* End PBXProject section */

/* Begin PBXResourcesBuildPhase section */
		D7AFD4922BB5631C006B7E95 /* Resources */ = {
			isa = PBXResourcesBuildPhase;
			buildActionMask = 2147483647;
			files = (
				D7AFD4A42BB5631E006B7E95 /* LaunchScreen.storyboard in Resources */,
				D7AFD4A12BB5631E006B7E95 /* Assets.xcassets in Resources */,
				D7AFD49F2BB5631C006B7E95 /* Main.storyboard in Resources */,
			);
			runOnlyForDeploymentPostprocessing = 0;
		};
/* End PBXResourcesBuildPhase section */

/* Begin PBXShellScriptBuildPhase section */
		376873AD4F0FC0BAC31EC75C /* [CP] Embed Pods Frameworks */ = {
			isa = PBXShellScriptBuildPhase;
			buildActionMask = 2147483647;
			files = (
			);
			inputFileListPaths = (
				"${PODS_ROOT}/Target Support Files/Pods-Basic RxSwift and Alamofire/Pods-Basic RxSwift and Alamofire-frameworks-${CONFIGURATION}-input-files.xcfilelist",
			);
			name = "[CP] Embed Pods Frameworks";
			outputFileListPaths = (
				"${PODS_ROOT}/Target Support Files/Pods-Basic RxSwift and Alamofire/Pods-Basic RxSwift and Alamofire-frameworks-${CONFIGURATION}-output-files.xcfilelist",
			);
			runOnlyForDeploymentPostprocessing = 0;
			shellPath = /bin/sh;
			shellScript = "\"${PODS_ROOT}/Target Support Files/Pods-Basic RxSwift and Alamofire/Pods-Basic RxSwift and Alamofire-frameworks.sh\"\n";
			showEnvVarsInLog = 0;
		};
		BE0967048D4A313F5E09BADE /* [CP] Check Pods Manifest.lock */ = {
			isa = PBXShellScriptBuildPhase;
			buildActionMask = 2147483647;
			files = (
			);
			inputFileListPaths = (
			);
			inputPaths = (
				"${PODS_PODFILE_DIR_PATH}/Podfile.lock",
				"${PODS_ROOT}/Manifest.lock",
			);
			name = "[CP] Check Pods Manifest.lock";
			outputFileListPaths = (
			);
			outputPaths = (
				"$(DERIVED_FILE_DIR)/Pods-Basic RxSwift and Alamofire-checkManifestLockResult.txt",
			);
			runOnlyForDeploymentPostprocessing = 0;
			shellPath = /bin/sh;
			shellScript = "diff \"${PODS_PODFILE_DIR_PATH}/Podfile.lock\" \"${PODS_ROOT}/Manifest.lock\" > /dev/null\nif [ $? != 0 ] ; then\n    # print error to STDERR\n    echo \"error: The sandbox is not in sync with the Podfile.lock. Run 'pod install' or update your CocoaPods installation.\" >&2\n    exit 1\nfi\n# This output is used by Xcode 'outputs' to avoid re-running this script phase.\necho \"SUCCESS\" > \"${SCRIPT_OUTPUT_FILE_0}\"\n";
			showEnvVarsInLog = 0;
		};
/* End PBXShellScriptBuildPhase section */

/* Begin PBXSourcesBuildPhase section */
		D7AFD4902BB5631C006B7E95 /* Sources */ = {
			isa = PBXSourcesBuildPhase;
			buildActionMask = 2147483647;
			files = (
				D7AFD49C2BB5631C006B7E95 /* UserViewController.swift in Sources */,
				D7AFD4B02BB5639A006B7E95 /* UserViewModel.swift in Sources */,
				D7AFD4B22BB56770006B7E95 /* LoginViewController.swift in Sources */,
				D7AFD4982BB5631C006B7E95 /* AppDelegate.swift in Sources */,
				D7AFD4AE2BB56382006B7E95 /* UserService.swift in Sources */,
				D7AFD49A2BB5631C006B7E95 /* SceneDelegate.swift in Sources */,
				D7AFD4AC2BB5636C006B7E95 /* UserModel.swift in Sources */,
				D7AFD4B52BB56824006B7E95 /* LoginViewModel.swift in Sources */,
			);
			runOnlyForDeploymentPostprocessing = 0;
		};
/* End PBXSourcesBuildPhase section */

/* Begin PBXVariantGroup section */
		D7AFD49D2BB5631C006B7E95 /* Main.storyboard */ = {
			isa = PBXVariantGroup;
			children = (
				D7AFD49E2BB5631C006B7E95 /* Base */,
			);
			name = Main.storyboard;
			sourceTree = "<group>";
		};
		D7AFD4A22BB5631E006B7E95 /* LaunchScreen.storyboard */ = {
			isa = PBXVariantGroup;
			children = (
				D7AFD4A32BB5631E006B7E95 /* Base */,
			);
			name = LaunchScreen.storyboard;
			sourceTree = "<group>";
		};
/* End PBXVariantGroup section */

/* Begin XCBuildConfiguration section */
		D7AFD4A62BB5631E006B7E95 /* Debug */ = {
			isa = XCBuildConfiguration;
			buildSettings = {
				ALWAYS_SEARCH_USER_PATHS = NO;
				ASSETCATALOG_COMPILER_GENERATE_SWIFT_ASSET_SYMBOL_EXTENSIONS = YES;
				CLANG_ANALYZER_NONNULL = YES;
				CLANG_ANALYZER_NUMBER_OBJECT_CONVERSION = YES_AGGRESSIVE;
				CLANG_CXX_LANGUAGE_STANDARD = "gnu++20";
				CLANG_ENABLE_MODULES = YES;
				CLANG_ENABLE_OBJC_ARC = YES;
				CLANG_ENABLE_OBJC_WEAK = YES;
				CLANG_WARN_BLOCK_CAPTURE_AUTORELEASING = YES;
				CLANG_WARN_BOOL_CONVERSION = YES;
				CLANG_WARN_COMMA = YES;
				CLANG_WARN_CONSTANT_CONVERSION = YES;
				CLANG_WARN_DEPRECATED_OBJC_IMPLEMENTATIONS = YES;
				CLANG_WARN_DIRECT_OBJC_ISA_USAGE = YES_ERROR;
				CLANG_WARN_DOCUMENTATION_COMMENTS = YES;
				CLANG_WARN_EMPTY_BODY = YES;
				CLANG_WARN_ENUM_CONVERSION = YES;
				CLANG_WARN_INFINITE_RECURSION = YES;
				CLANG_WARN_INT_CONVERSION = YES;
				CLANG_WARN_NON_LITERAL_NULL_CONVERSION = YES;
				CLANG_WARN_OBJC_IMPLICIT_RETAIN_SELF = YES;
				CLANG_WARN_OBJC_LITERAL_CONVERSION = YES;
				CLANG_WARN_OBJC_ROOT_CLASS = YES_ERROR;
				CLANG_WARN_QUOTED_INCLUDE_IN_FRAMEWORK_HEADER = YES;
				CLANG_WARN_RANGE_LOOP_ANALYSIS = YES;
				CLANG_WARN_STRICT_PROTOTYPES = YES;
				CLANG_WARN_SUSPICIOUS_MOVE = YES;
				CLANG_WARN_UNGUARDED_AVAILABILITY = YES_AGGRESSIVE;
				CLANG_WARN_UNREACHABLE_CODE = YES;
				CLANG_WARN__DUPLICATE_METHOD_MATCH = YES;
				COPY_PHASE_STRIP = NO;
				DEBUG_INFORMATION_FORMAT = dwarf;
				ENABLE_STRICT_OBJC_MSGSEND = YES;
				ENABLE_TESTABILITY = YES;
				ENABLE_USER_SCRIPT_SANDBOXING = NO;
				GCC_C_LANGUAGE_STANDARD = gnu17;
				GCC_DYNAMIC_NO_PIC = NO;
				GCC_NO_COMMON_BLOCKS = YES;
				GCC_OPTIMIZATION_LEVEL = 0;
				GCC_PREPROCESSOR_DEFINITIONS = (
					"DEBUG=1",
					"$(inherited)",
				);
				GCC_WARN_64_TO_32_BIT_CONVERSION = YES;
				GCC_WARN_ABOUT_RETURN_TYPE = YES_ERROR;
				GCC_WARN_UNDECLARED_SELECTOR = YES;
				GCC_WARN_UNINITIALIZED_AUTOS = YES_AGGRESSIVE;
				GCC_WARN_UNUSED_FUNCTION = YES;
				GCC_WARN_UNUSED_VARIABLE = YES;
				IPHONEOS_DEPLOYMENT_TARGET = 17.0;
				LOCALIZATION_PREFERS_STRING_CATALOGS = YES;
				MTL_ENABLE_DEBUG_INFO = INCLUDE_SOURCE;
				MTL_FAST_MATH = YES;
				ONLY_ACTIVE_ARCH = YES;
				SDKROOT = iphoneos;
				SWIFT_ACTIVE_COMPILATION_CONDITIONS = "DEBUG $(inherited)";
				SWIFT_OPTIMIZATION_LEVEL = "-Onone";
			};
			name = Debug;
		};
		D7AFD4A72BB5631E006B7E95 /* Release */ = {
			isa = XCBuildConfiguration;
			buildSettings = {
				ALWAYS_SEARCH_USER_PATHS = NO;
				ASSETCATALOG_COMPILER_GENERATE_SWIFT_ASSET_SYMBOL_EXTENSIONS = YES;
				CLANG_ANALYZER_NONNULL = YES;
				CLANG_ANALYZER_NUMBER_OBJECT_CONVERSION = YES_AGGRESSIVE;
				CLANG_CXX_LANGUAGE_STANDARD = "gnu++20";
				CLANG_ENABLE_MODULES = YES;
				CLANG_ENABLE_OBJC_ARC = YES;
				CLANG_ENABLE_OBJC_WEAK = YES;
				CLANG_WARN_BLOCK_CAPTURE_AUTORELEASING = YES;
				CLANG_WARN_BOOL_CONVERSION = YES;
				CLANG_WARN_COMMA = YES;
				CLANG_WARN_CONSTANT_CONVERSION = YES;
				CLANG_WARN_DEPRECATED_OBJC_IMPLEMENTATIONS = YES;
				CLANG_WARN_DIRECT_OBJC_ISA_USAGE = YES_ERROR;
				CLANG_WARN_DOCUMENTATION_COMMENTS = YES;
				CLANG_WARN_EMPTY_BODY = YES;
				CLANG_WARN_ENUM_CONVERSION = YES;
				CLANG_WARN_INFINITE_RECURSION = YES;
				CLANG_WARN_INT_CONVERSION = YES;
				CLANG_WARN_NON_LITERAL_NULL_CONVERSION = YES;
				CLANG_WARN_OBJC_IMPLICIT_RETAIN_SELF = YES;
				CLANG_WARN_OBJC_LITERAL_CONVERSION = YES;
				CLANG_WARN_OBJC_ROOT_CLASS = YES_ERROR;
				CLANG_WARN_QUOTED_INCLUDE_IN_FRAMEWORK_HEADER = YES;
				CLANG_WARN_RANGE_LOOP_ANALYSIS = YES;
				CLANG_WARN_STRICT_PROTOTYPES = YES;
				CLANG_WARN_SUSPICIOUS_MOVE = YES;
				CLANG_WARN_UNGUARDED_AVAILABILITY = YES_AGGRESSIVE;
				CLANG_WARN_UNREACHABLE_CODE = YES;
				CLANG_WARN__DUPLICATE_METHOD_MATCH = YES;
				COPY_PHASE_STRIP = NO;
				DEBUG_INFORMATION_FORMAT = "dwarf-with-dsym";
				ENABLE_NS_ASSERTIONS = NO;
				ENABLE_STRICT_OBJC_MSGSEND = YES;
				ENABLE_USER_SCRIPT_SANDBOXING = NO;
				GCC_C_LANGUAGE_STANDARD = gnu17;
				GCC_NO_COMMON_BLOCKS = YES;
				GCC_WARN_64_TO_32_BIT_CONVERSION = YES;
				GCC_WARN_ABOUT_RETURN_TYPE = YES_ERROR;
				GCC_WARN_UNDECLARED_SELECTOR = YES;
				GCC_WARN_UNINITIALIZED_AUTOS = YES_AGGRESSIVE;
				GCC_WARN_UNUSED_FUNCTION = YES;
				GCC_WARN_UNUSED_VARIABLE = YES;
				IPHONEOS_DEPLOYMENT_TARGET = 17.0;
				LOCALIZATION_PREFERS_STRING_CATALOGS = YES;
				MTL_ENABLE_DEBUG_INFO = NO;
				MTL_FAST_MATH = YES;
				SDKROOT = iphoneos;
				SWIFT_COMPILATION_MODE = wholemodule;
				VALIDATE_PRODUCT = YES;
			};
			name = Release;
		};
		D7AFD4A92BB5631E006B7E95 /* Debug */ = {
			isa = XCBuildConfiguration;
			baseConfigurationReference = A39E84CC79DD6ACB6720EE41 /* Pods-Basic RxSwift and Alamofire.debug.xcconfig */;
			buildSettings = {
				ASSETCATALOG_COMPILER_APPICON_NAME = AppIcon;
				ASSETCATALOG_COMPILER_GLOBAL_ACCENT_COLOR_NAME = AccentColor;
				CODE_SIGN_STYLE = Automatic;
				CURRENT_PROJECT_VERSION = 1;
				GENERATE_INFOPLIST_FILE = YES;
				INFOPLIST_FILE = "Basic RxSwift and Alamofire/Info.plist";
				INFOPLIST_KEY_UIApplicationSupportsIndirectInputEvents = YES;
				INFOPLIST_KEY_UILaunchStoryboardName = LaunchScreen;
				INFOPLIST_KEY_UIMainStoryboardFile = Main;
				INFOPLIST_KEY_UISupportedInterfaceOrientations_iPad = "UIInterfaceOrientationPortrait UIInterfaceOrientationPortraitUpsideDown UIInterfaceOrientationLandscapeLeft UIInterfaceOrientationLandscapeRight";
				INFOPLIST_KEY_UISupportedInterfaceOrientations_iPhone = "UIInterfaceOrientationPortrait UIInterfaceOrientationLandscapeLeft UIInterfaceOrientationLandscapeRight";
				LD_RUNPATH_SEARCH_PATHS = (
					"$(inherited)",
					"@executable_path/Frameworks",
				);
				MARKETING_VERSION = 1.0;
				PRODUCT_BUNDLE_IDENTIFIER = "CallmeOni.Basic-RxSwift-and-Alamofire";
				PRODUCT_NAME = "$(TARGET_NAME)";
				SWIFT_EMIT_LOC_STRINGS = YES;
				SWIFT_VERSION = 5.0;
				TARGETED_DEVICE_FAMILY = "1,2";
			};
			name = Debug;
		};
		D7AFD4AA2BB5631E006B7E95 /* Release */ = {
			isa = XCBuildConfiguration;
			baseConfigurationReference = 00B1B332FB6BF24D596B03FE /* Pods-Basic RxSwift and Alamofire.release.xcconfig */;
			buildSettings = {
				ASSETCATALOG_COMPILER_APPICON_NAME = AppIcon;
				ASSETCATALOG_COMPILER_GLOBAL_ACCENT_COLOR_NAME = AccentColor;
				CODE_SIGN_STYLE = Automatic;
				CURRENT_PROJECT_VERSION = 1;
				GENERATE_INFOPLIST_FILE = YES;
				INFOPLIST_FILE = "Basic RxSwift and Alamofire/Info.plist";
				INFOPLIST_KEY_UIApplicationSupportsIndirectInputEvents = YES;
				INFOPLIST_KEY_UILaunchStoryboardName = LaunchScreen;
				INFOPLIST_KEY_UIMainStoryboardFile = Main;
				INFOPLIST_KEY_UISupportedInterfaceOrientations_iPad = "UIInterfaceOrientationPortrait UIInterfaceOrientationPortraitUpsideDown UIInterfaceOrientationLandscapeLeft UIInterfaceOrientationLandscapeRight";
				INFOPLIST_KEY_UISupportedInterfaceOrientations_iPhone = "UIInterfaceOrientationPortrait UIInterfaceOrientationLandscapeLeft UIInterfaceOrientationLandscapeRight";
				LD_RUNPATH_SEARCH_PATHS = (
					"$(inherited)",
					"@executable_path/Frameworks",
				);
				MARKETING_VERSION = 1.0;
				PRODUCT_BUNDLE_IDENTIFIER = "CallmeOni.Basic-RxSwift-and-Alamofire";
				PRODUCT_NAME = "$(TARGET_NAME)";
				SWIFT_EMIT_LOC_STRINGS = YES;
				SWIFT_VERSION = 5.0;
				TARGETED_DEVICE_FAMILY = "1,2";
			};
			name = Release;
		};
/* End XCBuildConfiguration section */

/* Begin XCConfigurationList section */
		D7AFD48F2BB5631C006B7E95 /* Build configuration list for PBXProject "Basic RxSwift and Alamofire" */ = {
			isa = XCConfigurationList;
			buildConfigurations = (
				D7AFD4A62BB5631E006B7E95 /* Debug */,
				D7AFD4A72BB5631E006B7E95 /* Release */,
			);
			defaultConfigurationIsVisible = 0;
			defaultConfigurationName = Release;
		};
		D7AFD4A82BB5631E006B7E95 /* Build configuration list for PBXNativeTarget "Basic RxSwift and Alamofire" */ = {
			isa = XCConfigurationList;
			buildConfigurations = (
				D7AFD4A92BB5631E006B7E95 /* Debug */,
				D7AFD4AA2BB5631E006B7E95 /* Release */,
			);
			defaultConfigurationIsVisible = 0;
			defaultConfigurationName = Release;
		};
/* End XCConfigurationList section */
	};
	rootObject = D7AFD48C2BB5631C006B7E95 /* Project object */;
}
